
Microsoft Visual Studio Solution File, Format Version 12.00
# Visual Studio 15
VisualStudioVersion = 15.0.26124.0
MinimumVisualStudioVersion = 15.0.26124.0
Project("{FAE04EC0-301F-11D3-BF4B-00C04F79EFBC}") = "Penguin.Cms.Modules.Forms.Local", "Penguin.Cms.Modules.Forms.Local.csproj", "{1C5000CB-1002-4E60-9820-4392A59E391A}"
EndProject
Project("{FAE04EC0-301F-11D3-BF4B-00C04F79EFBC}") = "Penguin.Cms.Email.Abstractions.Local", "..\Penguin.Cms.Email.Abstractions\Penguin.Cms.Email.Abstractions.Local.csproj", "{6F55224E-8D7A-46DC-B68C-6754F2F6B9D6}"
EndProject
Project("{FAE04EC0-301F-11D3-BF4B-00C04F79EFBC}") = "Penguin.Email.Abstractions.Local", "..\Penguin.Email.Abstractions\Penguin.Email.Abstractions.Local.csproj", "{1729F08C-4F8B-457A-A05E-62283CD25201}"
EndProject
Project("{FAE04EC0-301F-11D3-BF4B-00C04F79EFBC}") = "Penguin.Files.Abstractions.Local", "..\Penguin.Files.Abstractions\Penguin.Files.Abstractions.Local.csproj", "{9BAB1985-6126-4F71-8693-03994421F4E3}"
EndProject
Project("{FAE04EC0-301F-11D3-BF4B-00C04F79EFBC}") = "Penguin.Cms.Forms.Repositories.Local", "..\Penguin.Cms.Forms.Repositories\Penguin.Cms.Forms.Repositories.Local.csproj", "{22176EE6-39E0-43D9-A076-D865CFE7C0A8}"
EndProject
Project("{FAE04EC0-301F-11D3-BF4B-00C04F79EFBC}") = "Penguin.Cms.Forms.Local", "..\Penguin.Cms.Forms\Penguin.Cms.Forms.Local.csproj", "{189C9FEF-6694-4F95-ADE6-78B8AA98B872}"
EndProject
Project("{FAE04EC0-301F-11D3-BF4B-00C04F79EFBC}") = "Penguin.Cms.Abstractions.Local", "..\Penguin.Cms.Abstractions\Penguin.Cms.Abstractions.Local.csproj", "{68016688-4179-44EA-BABC-BD0DF9CFB51F}"
EndProject
Project("{FAE04EC0-301F-11D3-BF4B-00C04F79EFBC}") = "Penguin.DependencyInjection.Abstractions.Local", "..\Penguin.DependencyInjection.Abstractions\Penguin.DependencyInjection.Abstractions.Local.csproj", "{92DE074C-0FE3-48FD-AA8A-0ED18D536054}"
EndProject
Project("{FAE04EC0-301F-11D3-BF4B-00C04F79EFBC}") = "Penguin.Persistence.Abstractions.Local", "..\Penguin.Persistence.Abstractions\Penguin.Persistence.Abstractions.Local.csproj", "{4E5EDE42-0561-4A7B-83BF-8B554BAC8626}"
EndProject
Project("{FAE04EC0-301F-11D3-BF4B-00C04F79EFBC}") = "Penguin.Entities.Abstractions.Local", "..\Penguin.Entities.Abstractions\Penguin.Entities.Abstractions.Local.csproj", "{36F1FD3A-8ECC-4A61-962D-09D6616EECC9}"
EndProject
Project("{FAE04EC0-301F-11D3-BF4B-00C04F79EFBC}") = "Penguin.Reflection.Extensions.Local", "..\Penguin.Reflection.Extensions\Penguin.Reflection.Extensions.Local.csproj", "{449004C9-8B60-4E31-83A1-5BB7B8831684}"
EndProject
Project("{FAE04EC0-301F-11D3-BF4B-00C04F79EFBC}") = "Penguin.Extensions.String.Local", "..\Penguin.Extensions.String\Penguin.Extensions.String.Local.csproj", "{7868495D-2491-44BA-B356-BF8516CFAB48}"
EndProject
Project("{FAE04EC0-301F-11D3-BF4B-00C04F79EFBC}") = "Penguin.Reflection.Abstractions.Local", "..\Penguin.Reflection.Abstractions\Penguin.Reflection.Abstractions.Local.csproj", "{DCDC2121-7972-4D6F-A2BC-CF2D13DBA8A8}"
EndProject
Project("{FAE04EC0-301F-11D3-BF4B-00C04F79EFBC}") = "Penguin.Cms.Entities.Local", "..\Penguin.Cms.Entities\Penguin.Cms.Entities.Local.csproj", "{101E1152-5E80-4971-9035-25E7032F46D0}"
EndProject
Project("{FAE04EC0-301F-11D3-BF4B-00C04F79EFBC}") = "Penguin.Forms.Abstractions.Local", "..\Penguin.Forms.Abstractions\Penguin.Forms.Abstractions.Local.csproj", "{96EC9830-5B03-4EF7-83EF-35C1267B3B70}"
EndProject
Project("{FAE04EC0-301F-11D3-BF4B-00C04F79EFBC}") = "Penguin.Cms.Repositories.Local", "..\Penguin.Cms.Repositories\Penguin.Cms.Repositories.Local.csproj", "{1CE21205-6F10-4E69-AE35-FDD4D3D633E2}"
EndProject
Project("{FAE04EC0-301F-11D3-BF4B-00C04F79EFBC}") = "Penguin.Messaging.Core.Local", "..\Penguin.Messaging.Core\Penguin.Messaging.Core.Local.csproj", "{846ACF47-5D9A-4849-AB84-A1DB0B82CDB8}"
EndProject
Project("{FAE04EC0-301F-11D3-BF4B-00C04F79EFBC}") = "Penguin.Debugging.Local", "..\Penguin.Debugging\Penguin.Debugging.Local.csproj", "{D4845740-AAD4-409C-8F03-4E2BCA893B9F}"
EndProject
Project("{FAE04EC0-301F-11D3-BF4B-00C04F79EFBC}") = "Penguin.Extensions.Exceptions.Local", "..\Penguin.Extensions.Exceptions\Penguin.Extensions.Exceptions.Local.csproj", "{716C58E6-7288-429C-A599-3B6311C29982}"
EndProject
Project("{FAE04EC0-301F-11D3-BF4B-00C04F79EFBC}") = "Penguin.Messaging.Abstractions.Local", "..\Penguin.Messaging.Abstractions\Penguin.Messaging.Abstractions.Local.csproj", "{113A6060-8AE4-4E17-AA16-1B1B8E872B7C}"
EndProject
Project("{FAE04EC0-301F-11D3-BF4B-00C04F79EFBC}") = "Penguin.Persistence.Repositories.Local", "..\Penguin.Persistence.Repositories\Penguin.Persistence.Repositories.Local.csproj", "{77EEC93C-6BDC-41B4-80F2-5818201FA1CF}"
EndProject
Project("{FAE04EC0-301F-11D3-BF4B-00C04F79EFBC}") = "Penguin.Messaging.Persistence.Local", "..\Penguin.Messaging.Persistence\Penguin.Messaging.Persistence.Local.csproj", "{546A23F1-B129-4CBE-A9D3-57F67F6CDA6D}"
EndProject
Project("{FAE04EC0-301F-11D3-BF4B-00C04F79EFBC}") = "Penguin.Reflection.Local", "..\Penguin.Reflection\Penguin.Reflection.Local.csproj", "{E2EE5A7B-43D6-4C80-BF3E-79D7C1607B88}"
EndProject
Project("{FAE04EC0-301F-11D3-BF4B-00C04F79EFBC}") = "Penguin.Security.Abstractions.Local", "..\Penguin.Security.Abstractions\Penguin.Security.Abstractions.Local.csproj", "{D2819072-D899-4E97-9503-246D0EA17122}"
EndProject
Project("{FAE04EC0-301F-11D3-BF4B-00C04F79EFBC}") = "Penguin.Cms.Modules.Dynamic.Local", "..\Penguin.Cms.Modules.Dynamic\Penguin.Cms.Modules.Dynamic.Local.csproj", "{068C816E-51A4-4A47-AE8B-52BA81BD0647}"
EndProject
Project("{FAE04EC0-301F-11D3-BF4B-00C04F79EFBC}") = "Penguin.Cms.Errors.Local", "..\Penguin.Cms.Errors\Penguin.Cms.Errors.Local.csproj", "{04007126-566A-4D73-A20D-0F1FA23503AE}"
EndProject
Project("{FAE04EC0-301F-11D3-BF4B-00C04F79EFBC}") = "Penguin.Auditing.Abstractions.Local", "..\Penguin.Auditing.Abstractions\Penguin.Auditing.Abstractions.Local.csproj", "{3C868B73-120B-4D3F-B1BC-1D2AC85A3A5C}"
EndProject
Project("{FAE04EC0-301F-11D3-BF4B-00C04F79EFBC}") = "Penguin.Cms.Modules.Admin.Local", "..\Penguin.Cms.Modules.Admin\Penguin.Cms.Modules.Admin.Local.csproj", "{7200E234-BA2E-4A19-99E2-9F6762E14946}"
EndProject
Project("{FAE04EC0-301F-11D3-BF4B-00C04F79EFBC}") = "Penguin.Cms.Modules.Core.Local", "..\Penguin.Cms.Modules.Core\Penguin.Cms.Modules.Core.Local.csproj", "{06E9B1B2-6410-463A-B5EC-1DF8FAA1E7EF}"
EndProject
Project("{FAE04EC0-301F-11D3-BF4B-00C04F79EFBC}") = "Penguin.Cms.Core.Local", "..\Penguin.Cms.Core\Penguin.Cms.Core.Local.csproj", "{14610656-7CBA-4185-B207-613E8E14E4E6}"
EndProject
Project("{FAE04EC0-301F-11D3-BF4B-00C04F79EFBC}") = "Penguin.Cms.Web.Local", "..\Penguin.Cms.Web\Penguin.Cms.Web.Local.csproj", "{A2B138DA-D47E-4FC6-AF01-CBD1DD0260DA}"
EndProject
Project("{FAE04EC0-301F-11D3-BF4B-00C04F79EFBC}") = "Penguin.Configuration.Local", "..\Penguin.Configuration\Penguin.Configuration.Local.csproj", "{DE82BD8C-BC6C-45A6-98DF-AC6F67B76324}"
EndProject
Project("{FAE04EC0-301F-11D3-BF4B-00C04F79EFBC}") = "Penguin.Configuration.Abstractions.Local", "..\Penguin.Configuration.Abstractions\Penguin.Configuration.Abstractions.Local.csproj", "{AB3C0411-21BF-4109-B33D-CC7D330E55F6}"
EndProject
Project("{FAE04EC0-301F-11D3-BF4B-00C04F79EFBC}") = "Penguin.DependencyInjection.Local", "..\Penguin.DependencyInjection\Penguin.DependencyInjection.Local.csproj", "{BD2C3F15-B83C-4906-ABE7-7404FA1CE5FF}"
EndProject
Project("{FAE04EC0-301F-11D3-BF4B-00C04F79EFBC}") = "Penguin.Extensions.Collections.Local", "..\Penguin.Extensions.Collections\Penguin.Extensions.Collections.Local.csproj", "{E4739323-B4BD-4CA7-BC17-62E57CE690C7}"
EndProject
Project("{FAE04EC0-301F-11D3-BF4B-00C04F79EFBC}") = "Penguin.Files.Local", "..\Penguin.Files\Penguin.Files.Local.csproj", "{0D029B4E-83BC-4C6D-989A-A35707A19A8A}"
EndProject
Project("{FAE04EC0-301F-11D3-BF4B-00C04F79EFBC}") = "Penguin.Messaging.Application.Local", "..\Penguin.Messaging.Application\Penguin.Messaging.Application.Local.csproj", "{1D3AD04D-1AD4-427A-83DE-E6374F818E22}"
EndProject
Project("{FAE04EC0-301F-11D3-BF4B-00C04F79EFBC}") = "Penguin.Persistence.Database.Local", "..\Penguin.Persistence.Database\Penguin.Persistence.Database.Local.csproj", "{28B6CD2B-7057-4E7F-8BE6-400B8731CA2A}"
EndProject
Project("{FAE04EC0-301F-11D3-BF4B-00C04F79EFBC}") = "Penguin.Threading.BackgroundWorker.Local", "..\Penguin.Threading.BackgroundWorker\Penguin.Threading.BackgroundWorker.Local.csproj", "{E0D0AB3C-607C-43E8-B80A-23FBB34BD899}"
EndProject
Project("{FAE04EC0-301F-11D3-BF4B-00C04F79EFBC}") = "Penguin.Reflection.Serialization.Local", "..\Penguin.Reflection.Serialization\Penguin.Reflection.Serialization.Local.csproj", "{537F8731-80E5-4C48-A7E2-50554B901A82}"
EndProject
Project("{FAE04EC0-301F-11D3-BF4B-00C04F79EFBC}") = "Penguin.Reflection.Serialization.Abstractions.Local", "..\Penguin.Reflection.Serialization.Abstractions\Penguin.Reflection.Serialization.Abstractions.Local.csproj", "{A0062664-D215-4E9B-8DDB-1A0B901C1236}"
EndProject
Project("{FAE04EC0-301F-11D3-BF4B-00C04F79EFBC}") = "Penguin.Reflection.Serialization.Extensions.Local", "..\Penguin.Reflection.Serialization.Extensions\Penguin.Reflection.Serialization.Extensions.Local.csproj", "{8CD2D8D6-ED6A-4C9C-823A-E395ADE9F6C5}"
EndProject
Project("{FAE04EC0-301F-11D3-BF4B-00C04F79EFBC}") = "Penguin.Templating.Abstractions.Local", "..\Penguin.Templating.Abstractions\Penguin.Templating.Abstractions.Local.csproj", "{2A97CF84-BF1F-4BF5-93E7-22F5C57599C0}"
EndProject
Project("{FAE04EC0-301F-11D3-BF4B-00C04F79EFBC}") = "Penguin.Testing.Local", "..\Penguin.Testing\Penguin.Testing.Local.csproj", "{828FCDC9-8832-4E82-A9C6-31C964DCCBBA}"
EndProject
Project("{FAE04EC0-301F-11D3-BF4B-00C04F79EFBC}") = "Penguin.Web.Abstractions.Local", "..\Penguin.Web.Abstractions\Penguin.Web.Abstractions.Local.csproj", "{256D839F-369B-4D8B-9B8C-6AC5D57A417A}"
EndProject
Project("{FAE04EC0-301F-11D3-BF4B-00C04F79EFBC}") = "Penguin.Web.DependencyInjection.Local", "..\Penguin.Web.DependencyInjection\Penguin.Web.DependencyInjection.Local.csproj", "{4E0E8966-CB3C-4316-B095-487885367140}"
EndProject
Project("{FAE04EC0-301F-11D3-BF4B-00C04F79EFBC}") = "Penguin.Web.Testing.Local", "..\Penguin.Web.Testing\Penguin.Web.Testing.Local.csproj", "{8F152E8C-F4D3-4D55-A751-03D997491473}"
EndProject
Project("{FAE04EC0-301F-11D3-BF4B-00C04F79EFBC}") = "Penguin.Web.Errors.Local", "..\Penguin.Web.Errors\Penguin.Web.Errors.Local.csproj", "{72C139F6-1F33-4E8F-949F-061B7772A643}"
EndProject
Project("{FAE04EC0-301F-11D3-BF4B-00C04F79EFBC}") = "Penguin.Web.Mvc.Local", "..\Penguin.Web.Mvc\Penguin.Web.Mvc.Local.csproj", "{B6A4907C-B3C4-4C69-BDB0-DA4157E411E1}"
EndProject
Project("{FAE04EC0-301F-11D3-BF4B-00C04F79EFBC}") = "Penguin.Web.Mvc.Abstractions.Local", "..\Penguin.Web.Mvc.Abstractions\Penguin.Web.Mvc.Abstractions.Local.csproj", "{C6071E05-8D58-4DF6-B9A2-717581319473}"
EndProject
Project("{FAE04EC0-301F-11D3-BF4B-00C04F79EFBC}") = "Penguin.Navigation.Abstractions.Local", "..\Penguin.Navigation.Abstractions\Penguin.Navigation.Abstractions.Local.csproj", "{AC209E52-D84C-486C-B0A9-810B4CBFFD42}"
EndProject
Project("{FAE04EC0-301F-11D3-BF4B-00C04F79EFBC}") = "Penguin.Web.Security.Local", "..\Penguin.Web.Security\Penguin.Web.Security.Local.csproj", "{62ED57CF-0750-4022-8357-48A66BFA8F4E}"
EndProject
Project("{FAE04EC0-301F-11D3-BF4B-00C04F79EFBC}") = "Penguin.Shared.Objects.Local", "..\Penguin.Shared.Objects\Penguin.Shared.Objects.Local.csproj", "{21BBE00A-6E75-41CA-8006-4353AF70D735}"
EndProject
Project("{FAE04EC0-301F-11D3-BF4B-00C04F79EFBC}") = "Penguin.Web.Dynamic.Local", "..\Penguin.Web.Dynamic\Penguin.Web.Dynamic.Local.csproj", "{DAC848CE-6CC3-49AA-9F6C-F0861008FE17}"
EndProject
Project("{FAE04EC0-301F-11D3-BF4B-00C04F79EFBC}") = "Penguin.Email.Templating.Abstractions.Local", "..\Penguin.Email.Templating.Abstractions\Penguin.Email.Templating.Abstractions.Local.csproj", "{A6DC467B-805B-42C4-BD63-B7F889D6965F}"
EndProject
Global
	GlobalSection(SolutionConfigurationPlatforms) = preSolution
		Debug|Any CPU = Debug|Any CPU
		Debug|x64 = Debug|x64
		Debug|x86 = Debug|x86
		Release|Any CPU = Release|Any CPU
		Release|x64 = Release|x64
		Release|x86 = Release|x86
	EndGlobalSection
	GlobalSection(SolutionProperties) = preSolution
		HideSolutionNode = FALSE
	EndGlobalSection
	GlobalSection(ProjectConfigurationPlatforms) = postSolution
		{1C5000CB-1002-4E60-9820-4392A59E391A}.Debug|Any CPU.ActiveCfg = Debug|Any CPU
		{1C5000CB-1002-4E60-9820-4392A59E391A}.Debug|Any CPU.Build.0 = Debug|Any CPU
		{1C5000CB-1002-4E60-9820-4392A59E391A}.Debug|x64.ActiveCfg = Debug|Any CPU
		{1C5000CB-1002-4E60-9820-4392A59E391A}.Debug|x64.Build.0 = Debug|Any CPU
		{1C5000CB-1002-4E60-9820-4392A59E391A}.Debug|x86.ActiveCfg = Debug|Any CPU
		{1C5000CB-1002-4E60-9820-4392A59E391A}.Debug|x86.Build.0 = Debug|Any CPU
		{1C5000CB-1002-4E60-9820-4392A59E391A}.Release|Any CPU.ActiveCfg = Release|Any CPU
		{1C5000CB-1002-4E60-9820-4392A59E391A}.Release|Any CPU.Build.0 = Release|Any CPU
		{1C5000CB-1002-4E60-9820-4392A59E391A}.Release|x64.ActiveCfg = Release|Any CPU
		{1C5000CB-1002-4E60-9820-4392A59E391A}.Release|x64.Build.0 = Release|Any CPU
		{1C5000CB-1002-4E60-9820-4392A59E391A}.Release|x86.ActiveCfg = Release|Any CPU
		{1C5000CB-1002-4E60-9820-4392A59E391A}.Release|x86.Build.0 = Release|Any CPU
		{6F55224E-8D7A-46DC-B68C-6754F2F6B9D6}.Debug|Any CPU.ActiveCfg = Debug|Any CPU
		{6F55224E-8D7A-46DC-B68C-6754F2F6B9D6}.Debug|Any CPU.Build.0 = Debug|Any CPU
		{6F55224E-8D7A-46DC-B68C-6754F2F6B9D6}.Debug|x64.ActiveCfg = Debug|Any CPU
		{6F55224E-8D7A-46DC-B68C-6754F2F6B9D6}.Debug|x64.Build.0 = Debug|Any CPU
		{6F55224E-8D7A-46DC-B68C-6754F2F6B9D6}.Debug|x86.ActiveCfg = Debug|Any CPU
		{6F55224E-8D7A-46DC-B68C-6754F2F6B9D6}.Debug|x86.Build.0 = Debug|Any CPU
		{6F55224E-8D7A-46DC-B68C-6754F2F6B9D6}.Release|Any CPU.ActiveCfg = Release|Any CPU
		{6F55224E-8D7A-46DC-B68C-6754F2F6B9D6}.Release|Any CPU.Build.0 = Release|Any CPU
		{6F55224E-8D7A-46DC-B68C-6754F2F6B9D6}.Release|x64.ActiveCfg = Release|Any CPU
		{6F55224E-8D7A-46DC-B68C-6754F2F6B9D6}.Release|x64.Build.0 = Release|Any CPU
		{6F55224E-8D7A-46DC-B68C-6754F2F6B9D6}.Release|x86.ActiveCfg = Release|Any CPU
		{6F55224E-8D7A-46DC-B68C-6754F2F6B9D6}.Release|x86.Build.0 = Release|Any CPU
		{1729F08C-4F8B-457A-A05E-62283CD25201}.Debug|Any CPU.ActiveCfg = Debug|Any CPU
		{1729F08C-4F8B-457A-A05E-62283CD25201}.Debug|Any CPU.Build.0 = Debug|Any CPU
		{1729F08C-4F8B-457A-A05E-62283CD25201}.Debug|x64.ActiveCfg = Debug|Any CPU
		{1729F08C-4F8B-457A-A05E-62283CD25201}.Debug|x64.Build.0 = Debug|Any CPU
		{1729F08C-4F8B-457A-A05E-62283CD25201}.Debug|x86.ActiveCfg = Debug|Any CPU
		{1729F08C-4F8B-457A-A05E-62283CD25201}.Debug|x86.Build.0 = Debug|Any CPU
		{1729F08C-4F8B-457A-A05E-62283CD25201}.Release|Any CPU.ActiveCfg = Release|Any CPU
		{1729F08C-4F8B-457A-A05E-62283CD25201}.Release|Any CPU.Build.0 = Release|Any CPU
		{1729F08C-4F8B-457A-A05E-62283CD25201}.Release|x64.ActiveCfg = Release|Any CPU
		{1729F08C-4F8B-457A-A05E-62283CD25201}.Release|x64.Build.0 = Release|Any CPU
		{1729F08C-4F8B-457A-A05E-62283CD25201}.Release|x86.ActiveCfg = Release|Any CPU
		{1729F08C-4F8B-457A-A05E-62283CD25201}.Release|x86.Build.0 = Release|Any CPU
		{9BAB1985-6126-4F71-8693-03994421F4E3}.Debug|Any CPU.ActiveCfg = Debug|Any CPU
		{9BAB1985-6126-4F71-8693-03994421F4E3}.Debug|Any CPU.Build.0 = Debug|Any CPU
		{9BAB1985-6126-4F71-8693-03994421F4E3}.Debug|x64.ActiveCfg = Debug|Any CPU
		{9BAB1985-6126-4F71-8693-03994421F4E3}.Debug|x64.Build.0 = Debug|Any CPU
		{9BAB1985-6126-4F71-8693-03994421F4E3}.Debug|x86.ActiveCfg = Debug|Any CPU
		{9BAB1985-6126-4F71-8693-03994421F4E3}.Debug|x86.Build.0 = Debug|Any CPU
		{9BAB1985-6126-4F71-8693-03994421F4E3}.Release|Any CPU.ActiveCfg = Release|Any CPU
		{9BAB1985-6126-4F71-8693-03994421F4E3}.Release|Any CPU.Build.0 = Release|Any CPU
		{9BAB1985-6126-4F71-8693-03994421F4E3}.Release|x64.ActiveCfg = Release|Any CPU
		{9BAB1985-6126-4F71-8693-03994421F4E3}.Release|x64.Build.0 = Release|Any CPU
		{9BAB1985-6126-4F71-8693-03994421F4E3}.Release|x86.ActiveCfg = Release|Any CPU
		{9BAB1985-6126-4F71-8693-03994421F4E3}.Release|x86.Build.0 = Release|Any CPU
		{22176EE6-39E0-43D9-A076-D865CFE7C0A8}.Debug|Any CPU.ActiveCfg = Debug|Any CPU
		{22176EE6-39E0-43D9-A076-D865CFE7C0A8}.Debug|Any CPU.Build.0 = Debug|Any CPU
		{22176EE6-39E0-43D9-A076-D865CFE7C0A8}.Debug|x64.ActiveCfg = Debug|Any CPU
		{22176EE6-39E0-43D9-A076-D865CFE7C0A8}.Debug|x64.Build.0 = Debug|Any CPU
		{22176EE6-39E0-43D9-A076-D865CFE7C0A8}.Debug|x86.ActiveCfg = Debug|Any CPU
		{22176EE6-39E0-43D9-A076-D865CFE7C0A8}.Debug|x86.Build.0 = Debug|Any CPU
		{22176EE6-39E0-43D9-A076-D865CFE7C0A8}.Release|Any CPU.ActiveCfg = Release|Any CPU
		{22176EE6-39E0-43D9-A076-D865CFE7C0A8}.Release|Any CPU.Build.0 = Release|Any CPU
		{22176EE6-39E0-43D9-A076-D865CFE7C0A8}.Release|x64.ActiveCfg = Release|Any CPU
		{22176EE6-39E0-43D9-A076-D865CFE7C0A8}.Release|x64.Build.0 = Release|Any CPU
		{22176EE6-39E0-43D9-A076-D865CFE7C0A8}.Release|x86.ActiveCfg = Release|Any CPU
		{22176EE6-39E0-43D9-A076-D865CFE7C0A8}.Release|x86.Build.0 = Release|Any CPU
		{189C9FEF-6694-4F95-ADE6-78B8AA98B872}.Debug|Any CPU.ActiveCfg = Debug|Any CPU
		{189C9FEF-6694-4F95-ADE6-78B8AA98B872}.Debug|Any CPU.Build.0 = Debug|Any CPU
		{189C9FEF-6694-4F95-ADE6-78B8AA98B872}.Debug|x64.ActiveCfg = Debug|Any CPU
		{189C9FEF-6694-4F95-ADE6-78B8AA98B872}.Debug|x64.Build.0 = Debug|Any CPU
		{189C9FEF-6694-4F95-ADE6-78B8AA98B872}.Debug|x86.ActiveCfg = Debug|Any CPU
		{189C9FEF-6694-4F95-ADE6-78B8AA98B872}.Debug|x86.Build.0 = Debug|Any CPU
		{189C9FEF-6694-4F95-ADE6-78B8AA98B872}.Release|Any CPU.ActiveCfg = Release|Any CPU
		{189C9FEF-6694-4F95-ADE6-78B8AA98B872}.Release|Any CPU.Build.0 = Release|Any CPU
		{189C9FEF-6694-4F95-ADE6-78B8AA98B872}.Release|x64.ActiveCfg = Release|Any CPU
		{189C9FEF-6694-4F95-ADE6-78B8AA98B872}.Release|x64.Build.0 = Release|Any CPU
		{189C9FEF-6694-4F95-ADE6-78B8AA98B872}.Release|x86.ActiveCfg = Release|Any CPU
		{189C9FEF-6694-4F95-ADE6-78B8AA98B872}.Release|x86.Build.0 = Release|Any CPU
		{68016688-4179-44EA-BABC-BD0DF9CFB51F}.Debug|Any CPU.ActiveCfg = Debug|Any CPU
		{68016688-4179-44EA-BABC-BD0DF9CFB51F}.Debug|Any CPU.Build.0 = Debug|Any CPU
		{68016688-4179-44EA-BABC-BD0DF9CFB51F}.Debug|x64.ActiveCfg = Debug|Any CPU
		{68016688-4179-44EA-BABC-BD0DF9CFB51F}.Debug|x64.Build.0 = Debug|Any CPU
		{68016688-4179-44EA-BABC-BD0DF9CFB51F}.Debug|x86.ActiveCfg = Debug|Any CPU
		{68016688-4179-44EA-BABC-BD0DF9CFB51F}.Debug|x86.Build.0 = Debug|Any CPU
		{68016688-4179-44EA-BABC-BD0DF9CFB51F}.Release|Any CPU.ActiveCfg = Release|Any CPU
		{68016688-4179-44EA-BABC-BD0DF9CFB51F}.Release|Any CPU.Build.0 = Release|Any CPU
		{68016688-4179-44EA-BABC-BD0DF9CFB51F}.Release|x64.ActiveCfg = Release|Any CPU
		{68016688-4179-44EA-BABC-BD0DF9CFB51F}.Release|x64.Build.0 = Release|Any CPU
		{68016688-4179-44EA-BABC-BD0DF9CFB51F}.Release|x86.ActiveCfg = Release|Any CPU
		{68016688-4179-44EA-BABC-BD0DF9CFB51F}.Release|x86.Build.0 = Release|Any CPU
		{92DE074C-0FE3-48FD-AA8A-0ED18D536054}.Debug|Any CPU.ActiveCfg = Debug|Any CPU
		{92DE074C-0FE3-48FD-AA8A-0ED18D536054}.Debug|Any CPU.Build.0 = Debug|Any CPU
		{92DE074C-0FE3-48FD-AA8A-0ED18D536054}.Debug|x64.ActiveCfg = Debug|Any CPU
		{92DE074C-0FE3-48FD-AA8A-0ED18D536054}.Debug|x64.Build.0 = Debug|Any CPU
		{92DE074C-0FE3-48FD-AA8A-0ED18D536054}.Debug|x86.ActiveCfg = Debug|Any CPU
		{92DE074C-0FE3-48FD-AA8A-0ED18D536054}.Debug|x86.Build.0 = Debug|Any CPU
		{92DE074C-0FE3-48FD-AA8A-0ED18D536054}.Release|Any CPU.ActiveCfg = Release|Any CPU
		{92DE074C-0FE3-48FD-AA8A-0ED18D536054}.Release|Any CPU.Build.0 = Release|Any CPU
		{92DE074C-0FE3-48FD-AA8A-0ED18D536054}.Release|x64.ActiveCfg = Release|Any CPU
		{92DE074C-0FE3-48FD-AA8A-0ED18D536054}.Release|x64.Build.0 = Release|Any CPU
		{92DE074C-0FE3-48FD-AA8A-0ED18D536054}.Release|x86.ActiveCfg = Release|Any CPU
		{92DE074C-0FE3-48FD-AA8A-0ED18D536054}.Release|x86.Build.0 = Release|Any CPU
		{4E5EDE42-0561-4A7B-83BF-8B554BAC8626}.Debug|Any CPU.ActiveCfg = Debug|Any CPU
		{4E5EDE42-0561-4A7B-83BF-8B554BAC8626}.Debug|Any CPU.Build.0 = Debug|Any CPU
		{4E5EDE42-0561-4A7B-83BF-8B554BAC8626}.Debug|x64.ActiveCfg = Debug|Any CPU
		{4E5EDE42-0561-4A7B-83BF-8B554BAC8626}.Debug|x64.Build.0 = Debug|Any CPU
		{4E5EDE42-0561-4A7B-83BF-8B554BAC8626}.Debug|x86.ActiveCfg = Debug|Any CPU
		{4E5EDE42-0561-4A7B-83BF-8B554BAC8626}.Debug|x86.Build.0 = Debug|Any CPU
		{4E5EDE42-0561-4A7B-83BF-8B554BAC8626}.Release|Any CPU.ActiveCfg = Release|Any CPU
		{4E5EDE42-0561-4A7B-83BF-8B554BAC8626}.Release|Any CPU.Build.0 = Release|Any CPU
		{4E5EDE42-0561-4A7B-83BF-8B554BAC8626}.Release|x64.ActiveCfg = Release|Any CPU
		{4E5EDE42-0561-4A7B-83BF-8B554BAC8626}.Release|x64.Build.0 = Release|Any CPU
		{4E5EDE42-0561-4A7B-83BF-8B554BAC8626}.Release|x86.ActiveCfg = Release|Any CPU
		{4E5EDE42-0561-4A7B-83BF-8B554BAC8626}.Release|x86.Build.0 = Release|Any CPU
		{36F1FD3A-8ECC-4A61-962D-09D6616EECC9}.Debug|Any CPU.ActiveCfg = Debug|Any CPU
		{36F1FD3A-8ECC-4A61-962D-09D6616EECC9}.Debug|Any CPU.Build.0 = Debug|Any CPU
		{36F1FD3A-8ECC-4A61-962D-09D6616EECC9}.Debug|x64.ActiveCfg = Debug|Any CPU
		{36F1FD3A-8ECC-4A61-962D-09D6616EECC9}.Debug|x64.Build.0 = Debug|Any CPU
		{36F1FD3A-8ECC-4A61-962D-09D6616EECC9}.Debug|x86.ActiveCfg = Debug|Any CPU
		{36F1FD3A-8ECC-4A61-962D-09D6616EECC9}.Debug|x86.Build.0 = Debug|Any CPU
		{36F1FD3A-8ECC-4A61-962D-09D6616EECC9}.Release|Any CPU.ActiveCfg = Release|Any CPU
		{36F1FD3A-8ECC-4A61-962D-09D6616EECC9}.Release|Any CPU.Build.0 = Release|Any CPU
		{36F1FD3A-8ECC-4A61-962D-09D6616EECC9}.Release|x64.ActiveCfg = Release|Any CPU
		{36F1FD3A-8ECC-4A61-962D-09D6616EECC9}.Release|x64.Build.0 = Release|Any CPU
		{36F1FD3A-8ECC-4A61-962D-09D6616EECC9}.Release|x86.ActiveCfg = Release|Any CPU
		{36F1FD3A-8ECC-4A61-962D-09D6616EECC9}.Release|x86.Build.0 = Release|Any CPU
		{449004C9-8B60-4E31-83A1-5BB7B8831684}.Debug|Any CPU.ActiveCfg = Debug|Any CPU
		{449004C9-8B60-4E31-83A1-5BB7B8831684}.Debug|Any CPU.Build.0 = Debug|Any CPU
		{449004C9-8B60-4E31-83A1-5BB7B8831684}.Debug|x64.ActiveCfg = Debug|Any CPU
		{449004C9-8B60-4E31-83A1-5BB7B8831684}.Debug|x64.Build.0 = Debug|Any CPU
		{449004C9-8B60-4E31-83A1-5BB7B8831684}.Debug|x86.ActiveCfg = Debug|Any CPU
		{449004C9-8B60-4E31-83A1-5BB7B8831684}.Debug|x86.Build.0 = Debug|Any CPU
		{449004C9-8B60-4E31-83A1-5BB7B8831684}.Release|Any CPU.ActiveCfg = Release|Any CPU
		{449004C9-8B60-4E31-83A1-5BB7B8831684}.Release|Any CPU.Build.0 = Release|Any CPU
		{449004C9-8B60-4E31-83A1-5BB7B8831684}.Release|x64.ActiveCfg = Release|Any CPU
		{449004C9-8B60-4E31-83A1-5BB7B8831684}.Release|x64.Build.0 = Release|Any CPU
		{449004C9-8B60-4E31-83A1-5BB7B8831684}.Release|x86.ActiveCfg = Release|Any CPU
		{449004C9-8B60-4E31-83A1-5BB7B8831684}.Release|x86.Build.0 = Release|Any CPU
		{7868495D-2491-44BA-B356-BF8516CFAB48}.Debug|Any CPU.ActiveCfg = Debug|Any CPU
		{7868495D-2491-44BA-B356-BF8516CFAB48}.Debug|Any CPU.Build.0 = Debug|Any CPU
		{7868495D-2491-44BA-B356-BF8516CFAB48}.Debug|x64.ActiveCfg = Debug|Any CPU
		{7868495D-2491-44BA-B356-BF8516CFAB48}.Debug|x64.Build.0 = Debug|Any CPU
		{7868495D-2491-44BA-B356-BF8516CFAB48}.Debug|x86.ActiveCfg = Debug|Any CPU
		{7868495D-2491-44BA-B356-BF8516CFAB48}.Debug|x86.Build.0 = Debug|Any CPU
		{7868495D-2491-44BA-B356-BF8516CFAB48}.Release|Any CPU.ActiveCfg = Release|Any CPU
		{7868495D-2491-44BA-B356-BF8516CFAB48}.Release|Any CPU.Build.0 = Release|Any CPU
		{7868495D-2491-44BA-B356-BF8516CFAB48}.Release|x64.ActiveCfg = Release|Any CPU
		{7868495D-2491-44BA-B356-BF8516CFAB48}.Release|x64.Build.0 = Release|Any CPU
		{7868495D-2491-44BA-B356-BF8516CFAB48}.Release|x86.ActiveCfg = Release|Any CPU
		{7868495D-2491-44BA-B356-BF8516CFAB48}.Release|x86.Build.0 = Release|Any CPU
		{DCDC2121-7972-4D6F-A2BC-CF2D13DBA8A8}.Debug|Any CPU.ActiveCfg = Debug|Any CPU
		{DCDC2121-7972-4D6F-A2BC-CF2D13DBA8A8}.Debug|Any CPU.Build.0 = Debug|Any CPU
		{DCDC2121-7972-4D6F-A2BC-CF2D13DBA8A8}.Debug|x64.ActiveCfg = Debug|Any CPU
		{DCDC2121-7972-4D6F-A2BC-CF2D13DBA8A8}.Debug|x64.Build.0 = Debug|Any CPU
		{DCDC2121-7972-4D6F-A2BC-CF2D13DBA8A8}.Debug|x86.ActiveCfg = Debug|Any CPU
		{DCDC2121-7972-4D6F-A2BC-CF2D13DBA8A8}.Debug|x86.Build.0 = Debug|Any CPU
		{DCDC2121-7972-4D6F-A2BC-CF2D13DBA8A8}.Release|Any CPU.ActiveCfg = Release|Any CPU
		{DCDC2121-7972-4D6F-A2BC-CF2D13DBA8A8}.Release|Any CPU.Build.0 = Release|Any CPU
		{DCDC2121-7972-4D6F-A2BC-CF2D13DBA8A8}.Release|x64.ActiveCfg = Release|Any CPU
		{DCDC2121-7972-4D6F-A2BC-CF2D13DBA8A8}.Release|x64.Build.0 = Release|Any CPU
		{DCDC2121-7972-4D6F-A2BC-CF2D13DBA8A8}.Release|x86.ActiveCfg = Release|Any CPU
		{DCDC2121-7972-4D6F-A2BC-CF2D13DBA8A8}.Release|x86.Build.0 = Release|Any CPU
		{101E1152-5E80-4971-9035-25E7032F46D0}.Debug|Any CPU.ActiveCfg = Debug|Any CPU
		{101E1152-5E80-4971-9035-25E7032F46D0}.Debug|Any CPU.Build.0 = Debug|Any CPU
		{101E1152-5E80-4971-9035-25E7032F46D0}.Debug|x64.ActiveCfg = Debug|Any CPU
		{101E1152-5E80-4971-9035-25E7032F46D0}.Debug|x64.Build.0 = Debug|Any CPU
		{101E1152-5E80-4971-9035-25E7032F46D0}.Debug|x86.ActiveCfg = Debug|Any CPU
		{101E1152-5E80-4971-9035-25E7032F46D0}.Debug|x86.Build.0 = Debug|Any CPU
		{101E1152-5E80-4971-9035-25E7032F46D0}.Release|Any CPU.ActiveCfg = Release|Any CPU
		{101E1152-5E80-4971-9035-25E7032F46D0}.Release|Any CPU.Build.0 = Release|Any CPU
		{101E1152-5E80-4971-9035-25E7032F46D0}.Release|x64.ActiveCfg = Release|Any CPU
		{101E1152-5E80-4971-9035-25E7032F46D0}.Release|x64.Build.0 = Release|Any CPU
		{101E1152-5E80-4971-9035-25E7032F46D0}.Release|x86.ActiveCfg = Release|Any CPU
		{101E1152-5E80-4971-9035-25E7032F46D0}.Release|x86.Build.0 = Release|Any CPU
		{96EC9830-5B03-4EF7-83EF-35C1267B3B70}.Debug|Any CPU.ActiveCfg = Debug|Any CPU
		{96EC9830-5B03-4EF7-83EF-35C1267B3B70}.Debug|Any CPU.Build.0 = Debug|Any CPU
		{96EC9830-5B03-4EF7-83EF-35C1267B3B70}.Debug|x64.ActiveCfg = Debug|Any CPU
		{96EC9830-5B03-4EF7-83EF-35C1267B3B70}.Debug|x64.Build.0 = Debug|Any CPU
		{96EC9830-5B03-4EF7-83EF-35C1267B3B70}.Debug|x86.ActiveCfg = Debug|Any CPU
		{96EC9830-5B03-4EF7-83EF-35C1267B3B70}.Debug|x86.Build.0 = Debug|Any CPU
		{96EC9830-5B03-4EF7-83EF-35C1267B3B70}.Release|Any CPU.ActiveCfg = Release|Any CPU
		{96EC9830-5B03-4EF7-83EF-35C1267B3B70}.Release|Any CPU.Build.0 = Release|Any CPU
		{96EC9830-5B03-4EF7-83EF-35C1267B3B70}.Release|x64.ActiveCfg = Release|Any CPU
		{96EC9830-5B03-4EF7-83EF-35C1267B3B70}.Release|x64.Build.0 = Release|Any CPU
		{96EC9830-5B03-4EF7-83EF-35C1267B3B70}.Release|x86.ActiveCfg = Release|Any CPU
		{96EC9830-5B03-4EF7-83EF-35C1267B3B70}.Release|x86.Build.0 = Release|Any CPU
		{1CE21205-6F10-4E69-AE35-FDD4D3D633E2}.Debug|Any CPU.ActiveCfg = Debug|Any CPU
		{1CE21205-6F10-4E69-AE35-FDD4D3D633E2}.Debug|Any CPU.Build.0 = Debug|Any CPU
		{1CE21205-6F10-4E69-AE35-FDD4D3D633E2}.Debug|x64.ActiveCfg = Debug|Any CPU
		{1CE21205-6F10-4E69-AE35-FDD4D3D633E2}.Debug|x64.Build.0 = Debug|Any CPU
		{1CE21205-6F10-4E69-AE35-FDD4D3D633E2}.Debug|x86.ActiveCfg = Debug|Any CPU
		{1CE21205-6F10-4E69-AE35-FDD4D3D633E2}.Debug|x86.Build.0 = Debug|Any CPU
		{1CE21205-6F10-4E69-AE35-FDD4D3D633E2}.Release|Any CPU.ActiveCfg = Release|Any CPU
		{1CE21205-6F10-4E69-AE35-FDD4D3D633E2}.Release|Any CPU.Build.0 = Release|Any CPU
		{1CE21205-6F10-4E69-AE35-FDD4D3D633E2}.Release|x64.ActiveCfg = Release|Any CPU
		{1CE21205-6F10-4E69-AE35-FDD4D3D633E2}.Release|x64.Build.0 = Release|Any CPU
		{1CE21205-6F10-4E69-AE35-FDD4D3D633E2}.Release|x86.ActiveCfg = Release|Any CPU
		{1CE21205-6F10-4E69-AE35-FDD4D3D633E2}.Release|x86.Build.0 = Release|Any CPU
		{846ACF47-5D9A-4849-AB84-A1DB0B82CDB8}.Debug|Any CPU.ActiveCfg = Debug|Any CPU
		{846ACF47-5D9A-4849-AB84-A1DB0B82CDB8}.Debug|Any CPU.Build.0 = Debug|Any CPU
		{846ACF47-5D9A-4849-AB84-A1DB0B82CDB8}.Debug|x64.ActiveCfg = Debug|Any CPU
		{846ACF47-5D9A-4849-AB84-A1DB0B82CDB8}.Debug|x64.Build.0 = Debug|Any CPU
		{846ACF47-5D9A-4849-AB84-A1DB0B82CDB8}.Debug|x86.ActiveCfg = Debug|Any CPU
		{846ACF47-5D9A-4849-AB84-A1DB0B82CDB8}.Debug|x86.Build.0 = Debug|Any CPU
		{846ACF47-5D9A-4849-AB84-A1DB0B82CDB8}.Release|Any CPU.ActiveCfg = Release|Any CPU
		{846ACF47-5D9A-4849-AB84-A1DB0B82CDB8}.Release|Any CPU.Build.0 = Release|Any CPU
		{846ACF47-5D9A-4849-AB84-A1DB0B82CDB8}.Release|x64.ActiveCfg = Release|Any CPU
		{846ACF47-5D9A-4849-AB84-A1DB0B82CDB8}.Release|x64.Build.0 = Release|Any CPU
		{846ACF47-5D9A-4849-AB84-A1DB0B82CDB8}.Release|x86.ActiveCfg = Release|Any CPU
		{846ACF47-5D9A-4849-AB84-A1DB0B82CDB8}.Release|x86.Build.0 = Release|Any CPU
		{D4845740-AAD4-409C-8F03-4E2BCA893B9F}.Debug|Any CPU.ActiveCfg = Debug|Any CPU
		{D4845740-AAD4-409C-8F03-4E2BCA893B9F}.Debug|Any CPU.Build.0 = Debug|Any CPU
		{D4845740-AAD4-409C-8F03-4E2BCA893B9F}.Debug|x64.ActiveCfg = Debug|Any CPU
		{D4845740-AAD4-409C-8F03-4E2BCA893B9F}.Debug|x64.Build.0 = Debug|Any CPU
		{D4845740-AAD4-409C-8F03-4E2BCA893B9F}.Debug|x86.ActiveCfg = Debug|Any CPU
		{D4845740-AAD4-409C-8F03-4E2BCA893B9F}.Debug|x86.Build.0 = Debug|Any CPU
		{D4845740-AAD4-409C-8F03-4E2BCA893B9F}.Release|Any CPU.ActiveCfg = Release|Any CPU
		{D4845740-AAD4-409C-8F03-4E2BCA893B9F}.Release|Any CPU.Build.0 = Release|Any CPU
		{D4845740-AAD4-409C-8F03-4E2BCA893B9F}.Release|x64.ActiveCfg = Release|Any CPU
		{D4845740-AAD4-409C-8F03-4E2BCA893B9F}.Release|x64.Build.0 = Release|Any CPU
		{D4845740-AAD4-409C-8F03-4E2BCA893B9F}.Release|x86.ActiveCfg = Release|Any CPU
		{D4845740-AAD4-409C-8F03-4E2BCA893B9F}.Release|x86.Build.0 = Release|Any CPU
		{716C58E6-7288-429C-A599-3B6311C29982}.Debug|Any CPU.ActiveCfg = Debug|Any CPU
		{716C58E6-7288-429C-A599-3B6311C29982}.Debug|Any CPU.Build.0 = Debug|Any CPU
		{716C58E6-7288-429C-A599-3B6311C29982}.Debug|x64.ActiveCfg = Debug|Any CPU
		{716C58E6-7288-429C-A599-3B6311C29982}.Debug|x64.Build.0 = Debug|Any CPU
		{716C58E6-7288-429C-A599-3B6311C29982}.Debug|x86.ActiveCfg = Debug|Any CPU
		{716C58E6-7288-429C-A599-3B6311C29982}.Debug|x86.Build.0 = Debug|Any CPU
		{716C58E6-7288-429C-A599-3B6311C29982}.Release|Any CPU.ActiveCfg = Release|Any CPU
		{716C58E6-7288-429C-A599-3B6311C29982}.Release|Any CPU.Build.0 = Release|Any CPU
		{716C58E6-7288-429C-A599-3B6311C29982}.Release|x64.ActiveCfg = Release|Any CPU
		{716C58E6-7288-429C-A599-3B6311C29982}.Release|x64.Build.0 = Release|Any CPU
		{716C58E6-7288-429C-A599-3B6311C29982}.Release|x86.ActiveCfg = Release|Any CPU
		{716C58E6-7288-429C-A599-3B6311C29982}.Release|x86.Build.0 = Release|Any CPU
		{113A6060-8AE4-4E17-AA16-1B1B8E872B7C}.Debug|Any CPU.ActiveCfg = Debug|Any CPU
		{113A6060-8AE4-4E17-AA16-1B1B8E872B7C}.Debug|Any CPU.Build.0 = Debug|Any CPU
		{113A6060-8AE4-4E17-AA16-1B1B8E872B7C}.Debug|x64.ActiveCfg = Debug|Any CPU
		{113A6060-8AE4-4E17-AA16-1B1B8E872B7C}.Debug|x64.Build.0 = Debug|Any CPU
		{113A6060-8AE4-4E17-AA16-1B1B8E872B7C}.Debug|x86.ActiveCfg = Debug|Any CPU
		{113A6060-8AE4-4E17-AA16-1B1B8E872B7C}.Debug|x86.Build.0 = Debug|Any CPU
		{113A6060-8AE4-4E17-AA16-1B1B8E872B7C}.Release|Any CPU.ActiveCfg = Release|Any CPU
		{113A6060-8AE4-4E17-AA16-1B1B8E872B7C}.Release|Any CPU.Build.0 = Release|Any CPU
		{113A6060-8AE4-4E17-AA16-1B1B8E872B7C}.Release|x64.ActiveCfg = Release|Any CPU
		{113A6060-8AE4-4E17-AA16-1B1B8E872B7C}.Release|x64.Build.0 = Release|Any CPU
		{113A6060-8AE4-4E17-AA16-1B1B8E872B7C}.Release|x86.ActiveCfg = Release|Any CPU
		{113A6060-8AE4-4E17-AA16-1B1B8E872B7C}.Release|x86.Build.0 = Release|Any CPU
		{77EEC93C-6BDC-41B4-80F2-5818201FA1CF}.Debug|Any CPU.ActiveCfg = Debug|Any CPU
		{77EEC93C-6BDC-41B4-80F2-5818201FA1CF}.Debug|Any CPU.Build.0 = Debug|Any CPU
		{77EEC93C-6BDC-41B4-80F2-5818201FA1CF}.Debug|x64.ActiveCfg = Debug|Any CPU
		{77EEC93C-6BDC-41B4-80F2-5818201FA1CF}.Debug|x64.Build.0 = Debug|Any CPU
		{77EEC93C-6BDC-41B4-80F2-5818201FA1CF}.Debug|x86.ActiveCfg = Debug|Any CPU
		{77EEC93C-6BDC-41B4-80F2-5818201FA1CF}.Debug|x86.Build.0 = Debug|Any CPU
		{77EEC93C-6BDC-41B4-80F2-5818201FA1CF}.Release|Any CPU.ActiveCfg = Release|Any CPU
		{77EEC93C-6BDC-41B4-80F2-5818201FA1CF}.Release|Any CPU.Build.0 = Release|Any CPU
		{77EEC93C-6BDC-41B4-80F2-5818201FA1CF}.Release|x64.ActiveCfg = Release|Any CPU
		{77EEC93C-6BDC-41B4-80F2-5818201FA1CF}.Release|x64.Build.0 = Release|Any CPU
		{77EEC93C-6BDC-41B4-80F2-5818201FA1CF}.Release|x86.ActiveCfg = Release|Any CPU
		{77EEC93C-6BDC-41B4-80F2-5818201FA1CF}.Release|x86.Build.0 = Release|Any CPU
		{546A23F1-B129-4CBE-A9D3-57F67F6CDA6D}.Debug|Any CPU.ActiveCfg = Debug|Any CPU
		{546A23F1-B129-4CBE-A9D3-57F67F6CDA6D}.Debug|Any CPU.Build.0 = Debug|Any CPU
		{546A23F1-B129-4CBE-A9D3-57F67F6CDA6D}.Debug|x64.ActiveCfg = Debug|Any CPU
		{546A23F1-B129-4CBE-A9D3-57F67F6CDA6D}.Debug|x64.Build.0 = Debug|Any CPU
		{546A23F1-B129-4CBE-A9D3-57F67F6CDA6D}.Debug|x86.ActiveCfg = Debug|Any CPU
		{546A23F1-B129-4CBE-A9D3-57F67F6CDA6D}.Debug|x86.Build.0 = Debug|Any CPU
		{546A23F1-B129-4CBE-A9D3-57F67F6CDA6D}.Release|Any CPU.ActiveCfg = Release|Any CPU
		{546A23F1-B129-4CBE-A9D3-57F67F6CDA6D}.Release|Any CPU.Build.0 = Release|Any CPU
		{546A23F1-B129-4CBE-A9D3-57F67F6CDA6D}.Release|x64.ActiveCfg = Release|Any CPU
		{546A23F1-B129-4CBE-A9D3-57F67F6CDA6D}.Release|x64.Build.0 = Release|Any CPU
		{546A23F1-B129-4CBE-A9D3-57F67F6CDA6D}.Release|x86.ActiveCfg = Release|Any CPU
		{546A23F1-B129-4CBE-A9D3-57F67F6CDA6D}.Release|x86.Build.0 = Release|Any CPU
		{E2EE5A7B-43D6-4C80-BF3E-79D7C1607B88}.Debug|Any CPU.ActiveCfg = Debug|Any CPU
		{E2EE5A7B-43D6-4C80-BF3E-79D7C1607B88}.Debug|Any CPU.Build.0 = Debug|Any CPU
		{E2EE5A7B-43D6-4C80-BF3E-79D7C1607B88}.Debug|x64.ActiveCfg = Debug|Any CPU
		{E2EE5A7B-43D6-4C80-BF3E-79D7C1607B88}.Debug|x64.Build.0 = Debug|Any CPU
		{E2EE5A7B-43D6-4C80-BF3E-79D7C1607B88}.Debug|x86.ActiveCfg = Debug|Any CPU
		{E2EE5A7B-43D6-4C80-BF3E-79D7C1607B88}.Debug|x86.Build.0 = Debug|Any CPU
		{E2EE5A7B-43D6-4C80-BF3E-79D7C1607B88}.Release|Any CPU.ActiveCfg = Release|Any CPU
		{E2EE5A7B-43D6-4C80-BF3E-79D7C1607B88}.Release|Any CPU.Build.0 = Release|Any CPU
		{E2EE5A7B-43D6-4C80-BF3E-79D7C1607B88}.Release|x64.ActiveCfg = Release|Any CPU
		{E2EE5A7B-43D6-4C80-BF3E-79D7C1607B88}.Release|x64.Build.0 = Release|Any CPU
		{E2EE5A7B-43D6-4C80-BF3E-79D7C1607B88}.Release|x86.ActiveCfg = Release|Any CPU
		{E2EE5A7B-43D6-4C80-BF3E-79D7C1607B88}.Release|x86.Build.0 = Release|Any CPU
		{D2819072-D899-4E97-9503-246D0EA17122}.Debug|Any CPU.ActiveCfg = Debug|Any CPU
		{D2819072-D899-4E97-9503-246D0EA17122}.Debug|Any CPU.Build.0 = Debug|Any CPU
		{D2819072-D899-4E97-9503-246D0EA17122}.Debug|x64.ActiveCfg = Debug|Any CPU
		{D2819072-D899-4E97-9503-246D0EA17122}.Debug|x64.Build.0 = Debug|Any CPU
		{D2819072-D899-4E97-9503-246D0EA17122}.Debug|x86.ActiveCfg = Debug|Any CPU
		{D2819072-D899-4E97-9503-246D0EA17122}.Debug|x86.Build.0 = Debug|Any CPU
		{D2819072-D899-4E97-9503-246D0EA17122}.Release|Any CPU.ActiveCfg = Release|Any CPU
		{D2819072-D899-4E97-9503-246D0EA17122}.Release|Any CPU.Build.0 = Release|Any CPU
		{D2819072-D899-4E97-9503-246D0EA17122}.Release|x64.ActiveCfg = Release|Any CPU
		{D2819072-D899-4E97-9503-246D0EA17122}.Release|x64.Build.0 = Release|Any CPU
		{D2819072-D899-4E97-9503-246D0EA17122}.Release|x86.ActiveCfg = Release|Any CPU
		{D2819072-D899-4E97-9503-246D0EA17122}.Release|x86.Build.0 = Release|Any CPU
		{068C816E-51A4-4A47-AE8B-52BA81BD0647}.Debug|Any CPU.ActiveCfg = Debug|Any CPU
		{068C816E-51A4-4A47-AE8B-52BA81BD0647}.Debug|Any CPU.Build.0 = Debug|Any CPU
		{068C816E-51A4-4A47-AE8B-52BA81BD0647}.Debug|x64.ActiveCfg = Debug|Any CPU
		{068C816E-51A4-4A47-AE8B-52BA81BD0647}.Debug|x64.Build.0 = Debug|Any CPU
		{068C816E-51A4-4A47-AE8B-52BA81BD0647}.Debug|x86.ActiveCfg = Debug|Any CPU
		{068C816E-51A4-4A47-AE8B-52BA81BD0647}.Debug|x86.Build.0 = Debug|Any CPU
		{068C816E-51A4-4A47-AE8B-52BA81BD0647}.Release|Any CPU.ActiveCfg = Release|Any CPU
		{068C816E-51A4-4A47-AE8B-52BA81BD0647}.Release|Any CPU.Build.0 = Release|Any CPU
		{068C816E-51A4-4A47-AE8B-52BA81BD0647}.Release|x64.ActiveCfg = Release|Any CPU
		{068C816E-51A4-4A47-AE8B-52BA81BD0647}.Release|x64.Build.0 = Release|Any CPU
		{068C816E-51A4-4A47-AE8B-52BA81BD0647}.Release|x86.ActiveCfg = Release|Any CPU
		{068C816E-51A4-4A47-AE8B-52BA81BD0647}.Release|x86.Build.0 = Release|Any CPU
		{04007126-566A-4D73-A20D-0F1FA23503AE}.Debug|Any CPU.ActiveCfg = Debug|Any CPU
		{04007126-566A-4D73-A20D-0F1FA23503AE}.Debug|Any CPU.Build.0 = Debug|Any CPU
		{04007126-566A-4D73-A20D-0F1FA23503AE}.Debug|x64.ActiveCfg = Debug|Any CPU
		{04007126-566A-4D73-A20D-0F1FA23503AE}.Debug|x64.Build.0 = Debug|Any CPU
		{04007126-566A-4D73-A20D-0F1FA23503AE}.Debug|x86.ActiveCfg = Debug|Any CPU
		{04007126-566A-4D73-A20D-0F1FA23503AE}.Debug|x86.Build.0 = Debug|Any CPU
		{04007126-566A-4D73-A20D-0F1FA23503AE}.Release|Any CPU.ActiveCfg = Release|Any CPU
		{04007126-566A-4D73-A20D-0F1FA23503AE}.Release|Any CPU.Build.0 = Release|Any CPU
		{04007126-566A-4D73-A20D-0F1FA23503AE}.Release|x64.ActiveCfg = Release|Any CPU
		{04007126-566A-4D73-A20D-0F1FA23503AE}.Release|x64.Build.0 = Release|Any CPU
		{04007126-566A-4D73-A20D-0F1FA23503AE}.Release|x86.ActiveCfg = Release|Any CPU
		{04007126-566A-4D73-A20D-0F1FA23503AE}.Release|x86.Build.0 = Release|Any CPU
		{3C868B73-120B-4D3F-B1BC-1D2AC85A3A5C}.Debug|Any CPU.ActiveCfg = Debug|Any CPU
		{3C868B73-120B-4D3F-B1BC-1D2AC85A3A5C}.Debug|Any CPU.Build.0 = Debug|Any CPU
		{3C868B73-120B-4D3F-B1BC-1D2AC85A3A5C}.Debug|x64.ActiveCfg = Debug|Any CPU
		{3C868B73-120B-4D3F-B1BC-1D2AC85A3A5C}.Debug|x64.Build.0 = Debug|Any CPU
		{3C868B73-120B-4D3F-B1BC-1D2AC85A3A5C}.Debug|x86.ActiveCfg = Debug|Any CPU
		{3C868B73-120B-4D3F-B1BC-1D2AC85A3A5C}.Debug|x86.Build.0 = Debug|Any CPU
		{3C868B73-120B-4D3F-B1BC-1D2AC85A3A5C}.Release|Any CPU.ActiveCfg = Release|Any CPU
		{3C868B73-120B-4D3F-B1BC-1D2AC85A3A5C}.Release|Any CPU.Build.0 = Release|Any CPU
		{3C868B73-120B-4D3F-B1BC-1D2AC85A3A5C}.Release|x64.ActiveCfg = Release|Any CPU
		{3C868B73-120B-4D3F-B1BC-1D2AC85A3A5C}.Release|x64.Build.0 = Release|Any CPU
		{3C868B73-120B-4D3F-B1BC-1D2AC85A3A5C}.Release|x86.ActiveCfg = Release|Any CPU
		{3C868B73-120B-4D3F-B1BC-1D2AC85A3A5C}.Release|x86.Build.0 = Release|Any CPU
		{7200E234-BA2E-4A19-99E2-9F6762E14946}.Debug|Any CPU.ActiveCfg = Debug|Any CPU
		{7200E234-BA2E-4A19-99E2-9F6762E14946}.Debug|Any CPU.Build.0 = Debug|Any CPU
		{7200E234-BA2E-4A19-99E2-9F6762E14946}.Debug|x64.ActiveCfg = Debug|Any CPU
		{7200E234-BA2E-4A19-99E2-9F6762E14946}.Debug|x64.Build.0 = Debug|Any CPU
		{7200E234-BA2E-4A19-99E2-9F6762E14946}.Debug|x86.ActiveCfg = Debug|Any CPU
		{7200E234-BA2E-4A19-99E2-9F6762E14946}.Debug|x86.Build.0 = Debug|Any CPU
		{7200E234-BA2E-4A19-99E2-9F6762E14946}.Release|Any CPU.ActiveCfg = Release|Any CPU
		{7200E234-BA2E-4A19-99E2-9F6762E14946}.Release|Any CPU.Build.0 = Release|Any CPU
		{7200E234-BA2E-4A19-99E2-9F6762E14946}.Release|x64.ActiveCfg = Release|Any CPU
		{7200E234-BA2E-4A19-99E2-9F6762E14946}.Release|x64.Build.0 = Release|Any CPU
		{7200E234-BA2E-4A19-99E2-9F6762E14946}.Release|x86.ActiveCfg = Release|Any CPU
		{7200E234-BA2E-4A19-99E2-9F6762E14946}.Release|x86.Build.0 = Release|Any CPU
		{06E9B1B2-6410-463A-B5EC-1DF8FAA1E7EF}.Debug|Any CPU.ActiveCfg = Debug|Any CPU
		{06E9B1B2-6410-463A-B5EC-1DF8FAA1E7EF}.Debug|Any CPU.Build.0 = Debug|Any CPU
		{06E9B1B2-6410-463A-B5EC-1DF8FAA1E7EF}.Debug|x64.ActiveCfg = Debug|Any CPU
		{06E9B1B2-6410-463A-B5EC-1DF8FAA1E7EF}.Debug|x64.Build.0 = Debug|Any CPU
		{06E9B1B2-6410-463A-B5EC-1DF8FAA1E7EF}.Debug|x86.ActiveCfg = Debug|Any CPU
		{06E9B1B2-6410-463A-B5EC-1DF8FAA1E7EF}.Debug|x86.Build.0 = Debug|Any CPU
		{06E9B1B2-6410-463A-B5EC-1DF8FAA1E7EF}.Release|Any CPU.ActiveCfg = Release|Any CPU
		{06E9B1B2-6410-463A-B5EC-1DF8FAA1E7EF}.Release|Any CPU.Build.0 = Release|Any CPU
		{06E9B1B2-6410-463A-B5EC-1DF8FAA1E7EF}.Release|x64.ActiveCfg = Release|Any CPU
		{06E9B1B2-6410-463A-B5EC-1DF8FAA1E7EF}.Release|x64.Build.0 = Release|Any CPU
		{06E9B1B2-6410-463A-B5EC-1DF8FAA1E7EF}.Release|x86.ActiveCfg = Release|Any CPU
		{06E9B1B2-6410-463A-B5EC-1DF8FAA1E7EF}.Release|x86.Build.0 = Release|Any CPU
		{14610656-7CBA-4185-B207-613E8E14E4E6}.Debug|Any CPU.ActiveCfg = Debug|Any CPU
		{14610656-7CBA-4185-B207-613E8E14E4E6}.Debug|Any CPU.Build.0 = Debug|Any CPU
		{14610656-7CBA-4185-B207-613E8E14E4E6}.Debug|x64.ActiveCfg = Debug|Any CPU
		{14610656-7CBA-4185-B207-613E8E14E4E6}.Debug|x64.Build.0 = Debug|Any CPU
		{14610656-7CBA-4185-B207-613E8E14E4E6}.Debug|x86.ActiveCfg = Debug|Any CPU
		{14610656-7CBA-4185-B207-613E8E14E4E6}.Debug|x86.Build.0 = Debug|Any CPU
		{14610656-7CBA-4185-B207-613E8E14E4E6}.Release|Any CPU.ActiveCfg = Release|Any CPU
		{14610656-7CBA-4185-B207-613E8E14E4E6}.Release|Any CPU.Build.0 = Release|Any CPU
		{14610656-7CBA-4185-B207-613E8E14E4E6}.Release|x64.ActiveCfg = Release|Any CPU
		{14610656-7CBA-4185-B207-613E8E14E4E6}.Release|x64.Build.0 = Release|Any CPU
		{14610656-7CBA-4185-B207-613E8E14E4E6}.Release|x86.ActiveCfg = Release|Any CPU
		{14610656-7CBA-4185-B207-613E8E14E4E6}.Release|x86.Build.0 = Release|Any CPU
		{A2B138DA-D47E-4FC6-AF01-CBD1DD0260DA}.Debug|Any CPU.ActiveCfg = Debug|Any CPU
		{A2B138DA-D47E-4FC6-AF01-CBD1DD0260DA}.Debug|Any CPU.Build.0 = Debug|Any CPU
		{A2B138DA-D47E-4FC6-AF01-CBD1DD0260DA}.Debug|x64.ActiveCfg = Debug|Any CPU
		{A2B138DA-D47E-4FC6-AF01-CBD1DD0260DA}.Debug|x64.Build.0 = Debug|Any CPU
		{A2B138DA-D47E-4FC6-AF01-CBD1DD0260DA}.Debug|x86.ActiveCfg = Debug|Any CPU
		{A2B138DA-D47E-4FC6-AF01-CBD1DD0260DA}.Debug|x86.Build.0 = Debug|Any CPU
		{A2B138DA-D47E-4FC6-AF01-CBD1DD0260DA}.Release|Any CPU.ActiveCfg = Release|Any CPU
		{A2B138DA-D47E-4FC6-AF01-CBD1DD0260DA}.Release|Any CPU.Build.0 = Release|Any CPU
		{A2B138DA-D47E-4FC6-AF01-CBD1DD0260DA}.Release|x64.ActiveCfg = Release|Any CPU
		{A2B138DA-D47E-4FC6-AF01-CBD1DD0260DA}.Release|x64.Build.0 = Release|Any CPU
		{A2B138DA-D47E-4FC6-AF01-CBD1DD0260DA}.Release|x86.ActiveCfg = Release|Any CPU
		{A2B138DA-D47E-4FC6-AF01-CBD1DD0260DA}.Release|x86.Build.0 = Release|Any CPU
		{DE82BD8C-BC6C-45A6-98DF-AC6F67B76324}.Debug|Any CPU.ActiveCfg = Debug|Any CPU
		{DE82BD8C-BC6C-45A6-98DF-AC6F67B76324}.Debug|Any CPU.Build.0 = Debug|Any CPU
		{DE82BD8C-BC6C-45A6-98DF-AC6F67B76324}.Debug|x64.ActiveCfg = Debug|Any CPU
		{DE82BD8C-BC6C-45A6-98DF-AC6F67B76324}.Debug|x64.Build.0 = Debug|Any CPU
		{DE82BD8C-BC6C-45A6-98DF-AC6F67B76324}.Debug|x86.ActiveCfg = Debug|Any CPU
		{DE82BD8C-BC6C-45A6-98DF-AC6F67B76324}.Debug|x86.Build.0 = Debug|Any CPU
		{DE82BD8C-BC6C-45A6-98DF-AC6F67B76324}.Release|Any CPU.ActiveCfg = Release|Any CPU
		{DE82BD8C-BC6C-45A6-98DF-AC6F67B76324}.Release|Any CPU.Build.0 = Release|Any CPU
		{DE82BD8C-BC6C-45A6-98DF-AC6F67B76324}.Release|x64.ActiveCfg = Release|Any CPU
		{DE82BD8C-BC6C-45A6-98DF-AC6F67B76324}.Release|x64.Build.0 = Release|Any CPU
		{DE82BD8C-BC6C-45A6-98DF-AC6F67B76324}.Release|x86.ActiveCfg = Release|Any CPU
		{DE82BD8C-BC6C-45A6-98DF-AC6F67B76324}.Release|x86.Build.0 = Release|Any CPU
		{AB3C0411-21BF-4109-B33D-CC7D330E55F6}.Debug|Any CPU.ActiveCfg = Debug|Any CPU
		{AB3C0411-21BF-4109-B33D-CC7D330E55F6}.Debug|Any CPU.Build.0 = Debug|Any CPU
		{AB3C0411-21BF-4109-B33D-CC7D330E55F6}.Debug|x64.ActiveCfg = Debug|Any CPU
		{AB3C0411-21BF-4109-B33D-CC7D330E55F6}.Debug|x64.Build.0 = Debug|Any CPU
		{AB3C0411-21BF-4109-B33D-CC7D330E55F6}.Debug|x86.ActiveCfg = Debug|Any CPU
		{AB3C0411-21BF-4109-B33D-CC7D330E55F6}.Debug|x86.Build.0 = Debug|Any CPU
		{AB3C0411-21BF-4109-B33D-CC7D330E55F6}.Release|Any CPU.ActiveCfg = Release|Any CPU
		{AB3C0411-21BF-4109-B33D-CC7D330E55F6}.Release|Any CPU.Build.0 = Release|Any CPU
		{AB3C0411-21BF-4109-B33D-CC7D330E55F6}.Release|x64.ActiveCfg = Release|Any CPU
		{AB3C0411-21BF-4109-B33D-CC7D330E55F6}.Release|x64.Build.0 = Release|Any CPU
		{AB3C0411-21BF-4109-B33D-CC7D330E55F6}.Release|x86.ActiveCfg = Release|Any CPU
		{AB3C0411-21BF-4109-B33D-CC7D330E55F6}.Release|x86.Build.0 = Release|Any CPU
		{BD2C3F15-B83C-4906-ABE7-7404FA1CE5FF}.Debug|Any CPU.ActiveCfg = Debug|Any CPU
		{BD2C3F15-B83C-4906-ABE7-7404FA1CE5FF}.Debug|Any CPU.Build.0 = Debug|Any CPU
		{BD2C3F15-B83C-4906-ABE7-7404FA1CE5FF}.Debug|x64.ActiveCfg = Debug|Any CPU
		{BD2C3F15-B83C-4906-ABE7-7404FA1CE5FF}.Debug|x64.Build.0 = Debug|Any CPU
		{BD2C3F15-B83C-4906-ABE7-7404FA1CE5FF}.Debug|x86.ActiveCfg = Debug|Any CPU
		{BD2C3F15-B83C-4906-ABE7-7404FA1CE5FF}.Debug|x86.Build.0 = Debug|Any CPU
		{BD2C3F15-B83C-4906-ABE7-7404FA1CE5FF}.Release|Any CPU.ActiveCfg = Release|Any CPU
		{BD2C3F15-B83C-4906-ABE7-7404FA1CE5FF}.Release|Any CPU.Build.0 = Release|Any CPU
		{BD2C3F15-B83C-4906-ABE7-7404FA1CE5FF}.Release|x64.ActiveCfg = Release|Any CPU
		{BD2C3F15-B83C-4906-ABE7-7404FA1CE5FF}.Release|x64.Build.0 = Release|Any CPU
		{BD2C3F15-B83C-4906-ABE7-7404FA1CE5FF}.Release|x86.ActiveCfg = Release|Any CPU
		{BD2C3F15-B83C-4906-ABE7-7404FA1CE5FF}.Release|x86.Build.0 = Release|Any CPU
		{E4739323-B4BD-4CA7-BC17-62E57CE690C7}.Debug|Any CPU.ActiveCfg = Debug|Any CPU
		{E4739323-B4BD-4CA7-BC17-62E57CE690C7}.Debug|Any CPU.Build.0 = Debug|Any CPU
		{E4739323-B4BD-4CA7-BC17-62E57CE690C7}.Debug|x64.ActiveCfg = Debug|Any CPU
		{E4739323-B4BD-4CA7-BC17-62E57CE690C7}.Debug|x64.Build.0 = Debug|Any CPU
		{E4739323-B4BD-4CA7-BC17-62E57CE690C7}.Debug|x86.ActiveCfg = Debug|Any CPU
		{E4739323-B4BD-4CA7-BC17-62E57CE690C7}.Debug|x86.Build.0 = Debug|Any CPU
		{E4739323-B4BD-4CA7-BC17-62E57CE690C7}.Release|Any CPU.ActiveCfg = Release|Any CPU
		{E4739323-B4BD-4CA7-BC17-62E57CE690C7}.Release|Any CPU.Build.0 = Release|Any CPU
		{E4739323-B4BD-4CA7-BC17-62E57CE690C7}.Release|x64.ActiveCfg = Release|Any CPU
		{E4739323-B4BD-4CA7-BC17-62E57CE690C7}.Release|x64.Build.0 = Release|Any CPU
		{E4739323-B4BD-4CA7-BC17-62E57CE690C7}.Release|x86.ActiveCfg = Release|Any CPU
		{E4739323-B4BD-4CA7-BC17-62E57CE690C7}.Release|x86.Build.0 = Release|Any CPU
		{0D029B4E-83BC-4C6D-989A-A35707A19A8A}.Debug|Any CPU.ActiveCfg = Debug|Any CPU
		{0D029B4E-83BC-4C6D-989A-A35707A19A8A}.Debug|Any CPU.Build.0 = Debug|Any CPU
		{0D029B4E-83BC-4C6D-989A-A35707A19A8A}.Debug|x64.ActiveCfg = Debug|Any CPU
		{0D029B4E-83BC-4C6D-989A-A35707A19A8A}.Debug|x64.Build.0 = Debug|Any CPU
		{0D029B4E-83BC-4C6D-989A-A35707A19A8A}.Debug|x86.ActiveCfg = Debug|Any CPU
		{0D029B4E-83BC-4C6D-989A-A35707A19A8A}.Debug|x86.Build.0 = Debug|Any CPU
		{0D029B4E-83BC-4C6D-989A-A35707A19A8A}.Release|Any CPU.ActiveCfg = Release|Any CPU
		{0D029B4E-83BC-4C6D-989A-A35707A19A8A}.Release|Any CPU.Build.0 = Release|Any CPU
		{0D029B4E-83BC-4C6D-989A-A35707A19A8A}.Release|x64.ActiveCfg = Release|Any CPU
		{0D029B4E-83BC-4C6D-989A-A35707A19A8A}.Release|x64.Build.0 = Release|Any CPU
		{0D029B4E-83BC-4C6D-989A-A35707A19A8A}.Release|x86.ActiveCfg = Release|Any CPU
		{0D029B4E-83BC-4C6D-989A-A35707A19A8A}.Release|x86.Build.0 = Release|Any CPU
		{1D3AD04D-1AD4-427A-83DE-E6374F818E22}.Debug|Any CPU.ActiveCfg = Debug|Any CPU
		{1D3AD04D-1AD4-427A-83DE-E6374F818E22}.Debug|Any CPU.Build.0 = Debug|Any CPU
		{1D3AD04D-1AD4-427A-83DE-E6374F818E22}.Debug|x64.ActiveCfg = Debug|Any CPU
		{1D3AD04D-1AD4-427A-83DE-E6374F818E22}.Debug|x64.Build.0 = Debug|Any CPU
		{1D3AD04D-1AD4-427A-83DE-E6374F818E22}.Debug|x86.ActiveCfg = Debug|Any CPU
		{1D3AD04D-1AD4-427A-83DE-E6374F818E22}.Debug|x86.Build.0 = Debug|Any CPU
		{1D3AD04D-1AD4-427A-83DE-E6374F818E22}.Release|Any CPU.ActiveCfg = Release|Any CPU
		{1D3AD04D-1AD4-427A-83DE-E6374F818E22}.Release|Any CPU.Build.0 = Release|Any CPU
		{1D3AD04D-1AD4-427A-83DE-E6374F818E22}.Release|x64.ActiveCfg = Release|Any CPU
		{1D3AD04D-1AD4-427A-83DE-E6374F818E22}.Release|x64.Build.0 = Release|Any CPU
		{1D3AD04D-1AD4-427A-83DE-E6374F818E22}.Release|x86.ActiveCfg = Release|Any CPU
		{1D3AD04D-1AD4-427A-83DE-E6374F818E22}.Release|x86.Build.0 = Release|Any CPU
		{28B6CD2B-7057-4E7F-8BE6-400B8731CA2A}.Debug|Any CPU.ActiveCfg = Debug|Any CPU
		{28B6CD2B-7057-4E7F-8BE6-400B8731CA2A}.Debug|Any CPU.Build.0 = Debug|Any CPU
		{28B6CD2B-7057-4E7F-8BE6-400B8731CA2A}.Debug|x64.ActiveCfg = Debug|Any CPU
		{28B6CD2B-7057-4E7F-8BE6-400B8731CA2A}.Debug|x64.Build.0 = Debug|Any CPU
		{28B6CD2B-7057-4E7F-8BE6-400B8731CA2A}.Debug|x86.ActiveCfg = Debug|Any CPU
		{28B6CD2B-7057-4E7F-8BE6-400B8731CA2A}.Debug|x86.Build.0 = Debug|Any CPU
		{28B6CD2B-7057-4E7F-8BE6-400B8731CA2A}.Release|Any CPU.ActiveCfg = Release|Any CPU
		{28B6CD2B-7057-4E7F-8BE6-400B8731CA2A}.Release|Any CPU.Build.0 = Release|Any CPU
		{28B6CD2B-7057-4E7F-8BE6-400B8731CA2A}.Release|x64.ActiveCfg = Release|Any CPU
		{28B6CD2B-7057-4E7F-8BE6-400B8731CA2A}.Release|x64.Build.0 = Release|Any CPU
		{28B6CD2B-7057-4E7F-8BE6-400B8731CA2A}.Release|x86.ActiveCfg = Release|Any CPU
		{28B6CD2B-7057-4E7F-8BE6-400B8731CA2A}.Release|x86.Build.0 = Release|Any CPU
		{E0D0AB3C-607C-43E8-B80A-23FBB34BD899}.Debug|Any CPU.ActiveCfg = Debug|Any CPU
		{E0D0AB3C-607C-43E8-B80A-23FBB34BD899}.Debug|Any CPU.Build.0 = Debug|Any CPU
		{E0D0AB3C-607C-43E8-B80A-23FBB34BD899}.Debug|x64.ActiveCfg = Debug|Any CPU
		{E0D0AB3C-607C-43E8-B80A-23FBB34BD899}.Debug|x64.Build.0 = Debug|Any CPU
		{E0D0AB3C-607C-43E8-B80A-23FBB34BD899}.Debug|x86.ActiveCfg = Debug|Any CPU
		{E0D0AB3C-607C-43E8-B80A-23FBB34BD899}.Debug|x86.Build.0 = Debug|Any CPU
		{E0D0AB3C-607C-43E8-B80A-23FBB34BD899}.Release|Any CPU.ActiveCfg = Release|Any CPU
		{E0D0AB3C-607C-43E8-B80A-23FBB34BD899}.Release|Any CPU.Build.0 = Release|Any CPU
		{E0D0AB3C-607C-43E8-B80A-23FBB34BD899}.Release|x64.ActiveCfg = Release|Any CPU
		{E0D0AB3C-607C-43E8-B80A-23FBB34BD899}.Release|x64.Build.0 = Release|Any CPU
		{E0D0AB3C-607C-43E8-B80A-23FBB34BD899}.Release|x86.ActiveCfg = Release|Any CPU
		{E0D0AB3C-607C-43E8-B80A-23FBB34BD899}.Release|x86.Build.0 = Release|Any CPU
		{537F8731-80E5-4C48-A7E2-50554B901A82}.Debug|Any CPU.ActiveCfg = Debug|Any CPU
		{537F8731-80E5-4C48-A7E2-50554B901A82}.Debug|Any CPU.Build.0 = Debug|Any CPU
		{537F8731-80E5-4C48-A7E2-50554B901A82}.Debug|x64.ActiveCfg = Debug|Any CPU
		{537F8731-80E5-4C48-A7E2-50554B901A82}.Debug|x64.Build.0 = Debug|Any CPU
		{537F8731-80E5-4C48-A7E2-50554B901A82}.Debug|x86.ActiveCfg = Debug|Any CPU
		{537F8731-80E5-4C48-A7E2-50554B901A82}.Debug|x86.Build.0 = Debug|Any CPU
		{537F8731-80E5-4C48-A7E2-50554B901A82}.Release|Any CPU.ActiveCfg = Release|Any CPU
		{537F8731-80E5-4C48-A7E2-50554B901A82}.Release|Any CPU.Build.0 = Release|Any CPU
		{537F8731-80E5-4C48-A7E2-50554B901A82}.Release|x64.ActiveCfg = Release|Any CPU
		{537F8731-80E5-4C48-A7E2-50554B901A82}.Release|x64.Build.0 = Release|Any CPU
		{537F8731-80E5-4C48-A7E2-50554B901A82}.Release|x86.ActiveCfg = Release|Any CPU
		{537F8731-80E5-4C48-A7E2-50554B901A82}.Release|x86.Build.0 = Release|Any CPU
		{A0062664-D215-4E9B-8DDB-1A0B901C1236}.Debug|Any CPU.ActiveCfg = Debug|Any CPU
		{A0062664-D215-4E9B-8DDB-1A0B901C1236}.Debug|Any CPU.Build.0 = Debug|Any CPU
		{A0062664-D215-4E9B-8DDB-1A0B901C1236}.Debug|x64.ActiveCfg = Debug|Any CPU
		{A0062664-D215-4E9B-8DDB-1A0B901C1236}.Debug|x64.Build.0 = Debug|Any CPU
		{A0062664-D215-4E9B-8DDB-1A0B901C1236}.Debug|x86.ActiveCfg = Debug|Any CPU
		{A0062664-D215-4E9B-8DDB-1A0B901C1236}.Debug|x86.Build.0 = Debug|Any CPU
		{A0062664-D215-4E9B-8DDB-1A0B901C1236}.Release|Any CPU.ActiveCfg = Release|Any CPU
		{A0062664-D215-4E9B-8DDB-1A0B901C1236}.Release|Any CPU.Build.0 = Release|Any CPU
		{A0062664-D215-4E9B-8DDB-1A0B901C1236}.Release|x64.ActiveCfg = Release|Any CPU
		{A0062664-D215-4E9B-8DDB-1A0B901C1236}.Release|x64.Build.0 = Release|Any CPU
		{A0062664-D215-4E9B-8DDB-1A0B901C1236}.Release|x86.ActiveCfg = Release|Any CPU
		{A0062664-D215-4E9B-8DDB-1A0B901C1236}.Release|x86.Build.0 = Release|Any CPU
		{8CD2D8D6-ED6A-4C9C-823A-E395ADE9F6C5}.Debug|Any CPU.ActiveCfg = Debug|Any CPU
		{8CD2D8D6-ED6A-4C9C-823A-E395ADE9F6C5}.Debug|Any CPU.Build.0 = Debug|Any CPU
		{8CD2D8D6-ED6A-4C9C-823A-E395ADE9F6C5}.Debug|x64.ActiveCfg = Debug|Any CPU
		{8CD2D8D6-ED6A-4C9C-823A-E395ADE9F6C5}.Debug|x64.Build.0 = Debug|Any CPU
		{8CD2D8D6-ED6A-4C9C-823A-E395ADE9F6C5}.Debug|x86.ActiveCfg = Debug|Any CPU
		{8CD2D8D6-ED6A-4C9C-823A-E395ADE9F6C5}.Debug|x86.Build.0 = Debug|Any CPU
		{8CD2D8D6-ED6A-4C9C-823A-E395ADE9F6C5}.Release|Any CPU.ActiveCfg = Release|Any CPU
		{8CD2D8D6-ED6A-4C9C-823A-E395ADE9F6C5}.Release|Any CPU.Build.0 = Release|Any CPU
		{8CD2D8D6-ED6A-4C9C-823A-E395ADE9F6C5}.Release|x64.ActiveCfg = Release|Any CPU
		{8CD2D8D6-ED6A-4C9C-823A-E395ADE9F6C5}.Release|x64.Build.0 = Release|Any CPU
		{8CD2D8D6-ED6A-4C9C-823A-E395ADE9F6C5}.Release|x86.ActiveCfg = Release|Any CPU
		{8CD2D8D6-ED6A-4C9C-823A-E395ADE9F6C5}.Release|x86.Build.0 = Release|Any CPU
		{2A97CF84-BF1F-4BF5-93E7-22F5C57599C0}.Debug|Any CPU.ActiveCfg = Debug|Any CPU
		{2A97CF84-BF1F-4BF5-93E7-22F5C57599C0}.Debug|Any CPU.Build.0 = Debug|Any CPU
		{2A97CF84-BF1F-4BF5-93E7-22F5C57599C0}.Debug|x64.ActiveCfg = Debug|Any CPU
		{2A97CF84-BF1F-4BF5-93E7-22F5C57599C0}.Debug|x64.Build.0 = Debug|Any CPU
		{2A97CF84-BF1F-4BF5-93E7-22F5C57599C0}.Debug|x86.ActiveCfg = Debug|Any CPU
		{2A97CF84-BF1F-4BF5-93E7-22F5C57599C0}.Debug|x86.Build.0 = Debug|Any CPU
		{2A97CF84-BF1F-4BF5-93E7-22F5C57599C0}.Release|Any CPU.ActiveCfg = Release|Any CPU
		{2A97CF84-BF1F-4BF5-93E7-22F5C57599C0}.Release|Any CPU.Build.0 = Release|Any CPU
		{2A97CF84-BF1F-4BF5-93E7-22F5C57599C0}.Release|x64.ActiveCfg = Release|Any CPU
		{2A97CF84-BF1F-4BF5-93E7-22F5C57599C0}.Release|x64.Build.0 = Release|Any CPU
		{2A97CF84-BF1F-4BF5-93E7-22F5C57599C0}.Release|x86.ActiveCfg = Release|Any CPU
		{2A97CF84-BF1F-4BF5-93E7-22F5C57599C0}.Release|x86.Build.0 = Release|Any CPU
		{828FCDC9-8832-4E82-A9C6-31C964DCCBBA}.Debug|Any CPU.ActiveCfg = Debug|Any CPU
		{828FCDC9-8832-4E82-A9C6-31C964DCCBBA}.Debug|Any CPU.Build.0 = Debug|Any CPU
		{828FCDC9-8832-4E82-A9C6-31C964DCCBBA}.Debug|x64.ActiveCfg = Debug|Any CPU
		{828FCDC9-8832-4E82-A9C6-31C964DCCBBA}.Debug|x64.Build.0 = Debug|Any CPU
		{828FCDC9-8832-4E82-A9C6-31C964DCCBBA}.Debug|x86.ActiveCfg = Debug|Any CPU
		{828FCDC9-8832-4E82-A9C6-31C964DCCBBA}.Debug|x86.Build.0 = Debug|Any CPU
		{828FCDC9-8832-4E82-A9C6-31C964DCCBBA}.Release|Any CPU.ActiveCfg = Release|Any CPU
		{828FCDC9-8832-4E82-A9C6-31C964DCCBBA}.Release|Any CPU.Build.0 = Release|Any CPU
		{828FCDC9-8832-4E82-A9C6-31C964DCCBBA}.Release|x64.ActiveCfg = Release|Any CPU
		{828FCDC9-8832-4E82-A9C6-31C964DCCBBA}.Release|x64.Build.0 = Release|Any CPU
		{828FCDC9-8832-4E82-A9C6-31C964DCCBBA}.Release|x86.ActiveCfg = Release|Any CPU
		{828FCDC9-8832-4E82-A9C6-31C964DCCBBA}.Release|x86.Build.0 = Release|Any CPU
		{256D839F-369B-4D8B-9B8C-6AC5D57A417A}.Debug|Any CPU.ActiveCfg = Debug|Any CPU
		{256D839F-369B-4D8B-9B8C-6AC5D57A417A}.Debug|Any CPU.Build.0 = Debug|Any CPU
		{256D839F-369B-4D8B-9B8C-6AC5D57A417A}.Debug|x64.ActiveCfg = Debug|Any CPU
		{256D839F-369B-4D8B-9B8C-6AC5D57A417A}.Debug|x64.Build.0 = Debug|Any CPU
		{256D839F-369B-4D8B-9B8C-6AC5D57A417A}.Debug|x86.ActiveCfg = Debug|Any CPU
		{256D839F-369B-4D8B-9B8C-6AC5D57A417A}.Debug|x86.Build.0 = Debug|Any CPU
		{256D839F-369B-4D8B-9B8C-6AC5D57A417A}.Release|Any CPU.ActiveCfg = Release|Any CPU
		{256D839F-369B-4D8B-9B8C-6AC5D57A417A}.Release|Any CPU.Build.0 = Release|Any CPU
		{256D839F-369B-4D8B-9B8C-6AC5D57A417A}.Release|x64.ActiveCfg = Release|Any CPU
		{256D839F-369B-4D8B-9B8C-6AC5D57A417A}.Release|x64.Build.0 = Release|Any CPU
		{256D839F-369B-4D8B-9B8C-6AC5D57A417A}.Release|x86.ActiveCfg = Release|Any CPU
		{256D839F-369B-4D8B-9B8C-6AC5D57A417A}.Release|x86.Build.0 = Release|Any CPU
		{4E0E8966-CB3C-4316-B095-487885367140}.Debug|Any CPU.ActiveCfg = Debug|Any CPU
		{4E0E8966-CB3C-4316-B095-487885367140}.Debug|Any CPU.Build.0 = Debug|Any CPU
		{4E0E8966-CB3C-4316-B095-487885367140}.Debug|x64.ActiveCfg = Debug|Any CPU
		{4E0E8966-CB3C-4316-B095-487885367140}.Debug|x64.Build.0 = Debug|Any CPU
		{4E0E8966-CB3C-4316-B095-487885367140}.Debug|x86.ActiveCfg = Debug|Any CPU
		{4E0E8966-CB3C-4316-B095-487885367140}.Debug|x86.Build.0 = Debug|Any CPU
		{4E0E8966-CB3C-4316-B095-487885367140}.Release|Any CPU.ActiveCfg = Release|Any CPU
		{4E0E8966-CB3C-4316-B095-487885367140}.Release|Any CPU.Build.0 = Release|Any CPU
		{4E0E8966-CB3C-4316-B095-487885367140}.Release|x64.ActiveCfg = Release|Any CPU
		{4E0E8966-CB3C-4316-B095-487885367140}.Release|x64.Build.0 = Release|Any CPU
		{4E0E8966-CB3C-4316-B095-487885367140}.Release|x86.ActiveCfg = Release|Any CPU
		{4E0E8966-CB3C-4316-B095-487885367140}.Release|x86.Build.0 = Release|Any CPU
		{8F152E8C-F4D3-4D55-A751-03D997491473}.Debug|Any CPU.ActiveCfg = Debug|Any CPU
		{8F152E8C-F4D3-4D55-A751-03D997491473}.Debug|Any CPU.Build.0 = Debug|Any CPU
		{8F152E8C-F4D3-4D55-A751-03D997491473}.Debug|x64.ActiveCfg = Debug|Any CPU
		{8F152E8C-F4D3-4D55-A751-03D997491473}.Debug|x64.Build.0 = Debug|Any CPU
		{8F152E8C-F4D3-4D55-A751-03D997491473}.Debug|x86.ActiveCfg = Debug|Any CPU
		{8F152E8C-F4D3-4D55-A751-03D997491473}.Debug|x86.Build.0 = Debug|Any CPU
		{8F152E8C-F4D3-4D55-A751-03D997491473}.Release|Any CPU.ActiveCfg = Release|Any CPU
		{8F152E8C-F4D3-4D55-A751-03D997491473}.Release|Any CPU.Build.0 = Release|Any CPU
		{8F152E8C-F4D3-4D55-A751-03D997491473}.Release|x64.ActiveCfg = Release|Any CPU
		{8F152E8C-F4D3-4D55-A751-03D997491473}.Release|x64.Build.0 = Release|Any CPU
		{8F152E8C-F4D3-4D55-A751-03D997491473}.Release|x86.ActiveCfg = Release|Any CPU
		{8F152E8C-F4D3-4D55-A751-03D997491473}.Release|x86.Build.0 = Release|Any CPU
		{72C139F6-1F33-4E8F-949F-061B7772A643}.Debug|Any CPU.ActiveCfg = Debug|Any CPU
		{72C139F6-1F33-4E8F-949F-061B7772A643}.Debug|Any CPU.Build.0 = Debug|Any CPU
		{72C139F6-1F33-4E8F-949F-061B7772A643}.Debug|x64.ActiveCfg = Debug|Any CPU
		{72C139F6-1F33-4E8F-949F-061B7772A643}.Debug|x64.Build.0 = Debug|Any CPU
		{72C139F6-1F33-4E8F-949F-061B7772A643}.Debug|x86.ActiveCfg = Debug|Any CPU
		{72C139F6-1F33-4E8F-949F-061B7772A643}.Debug|x86.Build.0 = Debug|Any CPU
		{72C139F6-1F33-4E8F-949F-061B7772A643}.Release|Any CPU.ActiveCfg = Release|Any CPU
		{72C139F6-1F33-4E8F-949F-061B7772A643}.Release|Any CPU.Build.0 = Release|Any CPU
		{72C139F6-1F33-4E8F-949F-061B7772A643}.Release|x64.ActiveCfg = Release|Any CPU
		{72C139F6-1F33-4E8F-949F-061B7772A643}.Release|x64.Build.0 = Release|Any CPU
		{72C139F6-1F33-4E8F-949F-061B7772A643}.Release|x86.ActiveCfg = Release|Any CPU
		{72C139F6-1F33-4E8F-949F-061B7772A643}.Release|x86.Build.0 = Release|Any CPU
		{B6A4907C-B3C4-4C69-BDB0-DA4157E411E1}.Debug|Any CPU.ActiveCfg = Debug|Any CPU
		{B6A4907C-B3C4-4C69-BDB0-DA4157E411E1}.Debug|Any CPU.Build.0 = Debug|Any CPU
		{B6A4907C-B3C4-4C69-BDB0-DA4157E411E1}.Debug|x64.ActiveCfg = Debug|Any CPU
		{B6A4907C-B3C4-4C69-BDB0-DA4157E411E1}.Debug|x64.Build.0 = Debug|Any CPU
		{B6A4907C-B3C4-4C69-BDB0-DA4157E411E1}.Debug|x86.ActiveCfg = Debug|Any CPU
		{B6A4907C-B3C4-4C69-BDB0-DA4157E411E1}.Debug|x86.Build.0 = Debug|Any CPU
		{B6A4907C-B3C4-4C69-BDB0-DA4157E411E1}.Release|Any CPU.ActiveCfg = Release|Any CPU
		{B6A4907C-B3C4-4C69-BDB0-DA4157E411E1}.Release|Any CPU.Build.0 = Release|Any CPU
		{B6A4907C-B3C4-4C69-BDB0-DA4157E411E1}.Release|x64.ActiveCfg = Release|Any CPU
		{B6A4907C-B3C4-4C69-BDB0-DA4157E411E1}.Release|x64.Build.0 = Release|Any CPU
		{B6A4907C-B3C4-4C69-BDB0-DA4157E411E1}.Release|x86.ActiveCfg = Release|Any CPU
		{B6A4907C-B3C4-4C69-BDB0-DA4157E411E1}.Release|x86.Build.0 = Release|Any CPU
		{C6071E05-8D58-4DF6-B9A2-717581319473}.Debug|Any CPU.ActiveCfg = Debug|Any CPU
		{C6071E05-8D58-4DF6-B9A2-717581319473}.Debug|Any CPU.Build.0 = Debug|Any CPU
		{C6071E05-8D58-4DF6-B9A2-717581319473}.Debug|x64.ActiveCfg = Debug|Any CPU
		{C6071E05-8D58-4DF6-B9A2-717581319473}.Debug|x64.Build.0 = Debug|Any CPU
		{C6071E05-8D58-4DF6-B9A2-717581319473}.Debug|x86.ActiveCfg = Debug|Any CPU
		{C6071E05-8D58-4DF6-B9A2-717581319473}.Debug|x86.Build.0 = Debug|Any CPU
		{C6071E05-8D58-4DF6-B9A2-717581319473}.Release|Any CPU.ActiveCfg = Release|Any CPU
		{C6071E05-8D58-4DF6-B9A2-717581319473}.Release|Any CPU.Build.0 = Release|Any CPU
		{C6071E05-8D58-4DF6-B9A2-717581319473}.Release|x64.ActiveCfg = Release|Any CPU
		{C6071E05-8D58-4DF6-B9A2-717581319473}.Release|x64.Build.0 = Release|Any CPU
		{C6071E05-8D58-4DF6-B9A2-717581319473}.Release|x86.ActiveCfg = Release|Any CPU
		{C6071E05-8D58-4DF6-B9A2-717581319473}.Release|x86.Build.0 = Release|Any CPU
		{AC209E52-D84C-486C-B0A9-810B4CBFFD42}.Debug|Any CPU.ActiveCfg = Debug|Any CPU
		{AC209E52-D84C-486C-B0A9-810B4CBFFD42}.Debug|Any CPU.Build.0 = Debug|Any CPU
		{AC209E52-D84C-486C-B0A9-810B4CBFFD42}.Debug|x64.ActiveCfg = Debug|Any CPU
		{AC209E52-D84C-486C-B0A9-810B4CBFFD42}.Debug|x64.Build.0 = Debug|Any CPU
		{AC209E52-D84C-486C-B0A9-810B4CBFFD42}.Debug|x86.ActiveCfg = Debug|Any CPU
		{AC209E52-D84C-486C-B0A9-810B4CBFFD42}.Debug|x86.Build.0 = Debug|Any CPU
		{AC209E52-D84C-486C-B0A9-810B4CBFFD42}.Release|Any CPU.ActiveCfg = Release|Any CPU
		{AC209E52-D84C-486C-B0A9-810B4CBFFD42}.Release|Any CPU.Build.0 = Release|Any CPU
		{AC209E52-D84C-486C-B0A9-810B4CBFFD42}.Release|x64.ActiveCfg = Release|Any CPU
		{AC209E52-D84C-486C-B0A9-810B4CBFFD42}.Release|x64.Build.0 = Release|Any CPU
		{AC209E52-D84C-486C-B0A9-810B4CBFFD42}.Release|x86.ActiveCfg = Release|Any CPU
		{AC209E52-D84C-486C-B0A9-810B4CBFFD42}.Release|x86.Build.0 = Release|Any CPU
		{62ED57CF-0750-4022-8357-48A66BFA8F4E}.Debug|Any CPU.ActiveCfg = Debug|Any CPU
		{62ED57CF-0750-4022-8357-48A66BFA8F4E}.Debug|Any CPU.Build.0 = Debug|Any CPU
		{62ED57CF-0750-4022-8357-48A66BFA8F4E}.Debug|x64.ActiveCfg = Debug|Any CPU
		{62ED57CF-0750-4022-8357-48A66BFA8F4E}.Debug|x64.Build.0 = Debug|Any CPU
		{62ED57CF-0750-4022-8357-48A66BFA8F4E}.Debug|x86.ActiveCfg = Debug|Any CPU
		{62ED57CF-0750-4022-8357-48A66BFA8F4E}.Debug|x86.Build.0 = Debug|Any CPU
		{62ED57CF-0750-4022-8357-48A66BFA8F4E}.Release|Any CPU.ActiveCfg = Release|Any CPU
		{62ED57CF-0750-4022-8357-48A66BFA8F4E}.Release|Any CPU.Build.0 = Release|Any CPU
		{62ED57CF-0750-4022-8357-48A66BFA8F4E}.Release|x64.ActiveCfg = Release|Any CPU
		{62ED57CF-0750-4022-8357-48A66BFA8F4E}.Release|x64.Build.0 = Release|Any CPU
		{62ED57CF-0750-4022-8357-48A66BFA8F4E}.Release|x86.ActiveCfg = Release|Any CPU
		{62ED57CF-0750-4022-8357-48A66BFA8F4E}.Release|x86.Build.0 = Release|Any CPU
		{21BBE00A-6E75-41CA-8006-4353AF70D735}.Debug|Any CPU.ActiveCfg = Debug|Any CPU
		{21BBE00A-6E75-41CA-8006-4353AF70D735}.Debug|Any CPU.Build.0 = Debug|Any CPU
		{21BBE00A-6E75-41CA-8006-4353AF70D735}.Debug|x64.ActiveCfg = Debug|Any CPU
		{21BBE00A-6E75-41CA-8006-4353AF70D735}.Debug|x64.Build.0 = Debug|Any CPU
		{21BBE00A-6E75-41CA-8006-4353AF70D735}.Debug|x86.ActiveCfg = Debug|Any CPU
		{21BBE00A-6E75-41CA-8006-4353AF70D735}.Debug|x86.Build.0 = Debug|Any CPU
		{21BBE00A-6E75-41CA-8006-4353AF70D735}.Release|Any CPU.ActiveCfg = Release|Any CPU
		{21BBE00A-6E75-41CA-8006-4353AF70D735}.Release|Any CPU.Build.0 = Release|Any CPU
		{21BBE00A-6E75-41CA-8006-4353AF70D735}.Release|x64.ActiveCfg = Release|Any CPU
		{21BBE00A-6E75-41CA-8006-4353AF70D735}.Release|x64.Build.0 = Release|Any CPU
		{21BBE00A-6E75-41CA-8006-4353AF70D735}.Release|x86.ActiveCfg = Release|Any CPU
		{21BBE00A-6E75-41CA-8006-4353AF70D735}.Release|x86.Build.0 = Release|Any CPU
		{DAC848CE-6CC3-49AA-9F6C-F0861008FE17}.Debug|Any CPU.ActiveCfg = Debug|Any CPU
		{DAC848CE-6CC3-49AA-9F6C-F0861008FE17}.Debug|Any CPU.Build.0 = Debug|Any CPU
		{DAC848CE-6CC3-49AA-9F6C-F0861008FE17}.Debug|x64.ActiveCfg = Debug|Any CPU
		{DAC848CE-6CC3-49AA-9F6C-F0861008FE17}.Debug|x64.Build.0 = Debug|Any CPU
		{DAC848CE-6CC3-49AA-9F6C-F0861008FE17}.Debug|x86.ActiveCfg = Debug|Any CPU
		{DAC848CE-6CC3-49AA-9F6C-F0861008FE17}.Debug|x86.Build.0 = Debug|Any CPU
		{DAC848CE-6CC3-49AA-9F6C-F0861008FE17}.Release|Any CPU.ActiveCfg = Release|Any CPU
		{DAC848CE-6CC3-49AA-9F6C-F0861008FE17}.Release|Any CPU.Build.0 = Release|Any CPU
		{DAC848CE-6CC3-49AA-9F6C-F0861008FE17}.Release|x64.ActiveCfg = Release|Any CPU
		{DAC848CE-6CC3-49AA-9F6C-F0861008FE17}.Release|x64.Build.0 = Release|Any CPU
		{DAC848CE-6CC3-49AA-9F6C-F0861008FE17}.Release|x86.ActiveCfg = Release|Any CPU
		{DAC848CE-6CC3-49AA-9F6C-F0861008FE17}.Release|x86.Build.0 = Release|Any CPU
		{A6DC467B-805B-42C4-BD63-B7F889D6965F}.Debug|Any CPU.ActiveCfg = Debug|Any CPU
		{A6DC467B-805B-42C4-BD63-B7F889D6965F}.Debug|Any CPU.Build.0 = Debug|Any CPU
		{A6DC467B-805B-42C4-BD63-B7F889D6965F}.Debug|x64.ActiveCfg = Debug|Any CPU
		{A6DC467B-805B-42C4-BD63-B7F889D6965F}.Debug|x64.Build.0 = Debug|Any CPU
		{A6DC467B-805B-42C4-BD63-B7F889D6965F}.Debug|x86.ActiveCfg = Debug|Any CPU
		{A6DC467B-805B-42C4-BD63-B7F889D6965F}.Debug|x86.Build.0 = Debug|Any CPU
		{A6DC467B-805B-42C4-BD63-B7F889D6965F}.Release|Any CPU.ActiveCfg = Release|Any CPU
		{A6DC467B-805B-42C4-BD63-B7F889D6965F}.Release|Any CPU.Build.0 = Release|Any CPU
		{A6DC467B-805B-42C4-BD63-B7F889D6965F}.Release|x64.ActiveCfg = Release|Any CPU
		{A6DC467B-805B-42C4-BD63-B7F889D6965F}.Release|x64.Build.0 = Release|Any CPU
		{A6DC467B-805B-42C4-BD63-B7F889D6965F}.Release|x86.ActiveCfg = Release|Any CPU
		{A6DC467B-805B-42C4-BD63-B7F889D6965F}.Release|x86.Build.0 = Release|Any CPU
	EndGlobalSection
EndGlobal
