
Microsoft Visual Studio Solution File, Format Version 12.00
# Visual Studio Version 16
VisualStudioVersion = 16.0.30114.105
MinimumVisualStudioVersion = 10.0.40219.1
Project("{FAE04EC0-301F-11D3-BF4B-00C04F79EFBC}") = "Penguin.Cms.Modules.Forms.Local", "Penguin.Cms.Modules.Forms.Local.csproj", "{C44544B0-5381-4EF4-B2D7-08CC7F7D2FBB}"
EndProject
Project("{FAE04EC0-301F-11D3-BF4B-00C04F79EFBC}") = "Penguin.Cms.Email.Abstractions.Local", "..\Penguin.Cms.Email.Abstractions\Penguin.Cms.Email.Abstractions.Local.csproj", "{ACD1C270-DC44-4C8F-8C02-271258FDF699}"
EndProject
Project("{FAE04EC0-301F-11D3-BF4B-00C04F79EFBC}") = "Penguin.Email.Abstractions.Local", "..\Penguin.Email.Abstractions\Penguin.Email.Abstractions.Local.csproj", "{E09A9902-C557-4E2A-8D6E-A104A68A8B7A}"
EndProject
Project("{FAE04EC0-301F-11D3-BF4B-00C04F79EFBC}") = "Penguin.Files.Abstractions.Local", "..\Penguin.Files.Abstractions\Penguin.Files.Abstractions.Local.csproj", "{FDE0A467-9B83-4466-894B-2CF2915EE277}"
EndProject
Project("{FAE04EC0-301F-11D3-BF4B-00C04F79EFBC}") = "Penguin.Email.Templating.Abstractions.Local", "..\Penguin.Email.Templating.Abstractions\Penguin.Email.Templating.Abstractions.Local.csproj", "{F44ECC8F-B2E6-4C1F-844A-A698C8B2F725}"
EndProject
Project("{FAE04EC0-301F-11D3-BF4B-00C04F79EFBC}") = "Penguin.Templating.Abstractions.Local", "..\Penguin.Templating.Abstractions\Penguin.Templating.Abstractions.Local.csproj", "{739918F8-EA0F-44D8-9C9E-D81A936FF382}"
EndProject
Project("{FAE04EC0-301F-11D3-BF4B-00C04F79EFBC}") = "Penguin.Cms.Forms.Repositories.Local", "..\Penguin.Cms.Forms.Repositories\Penguin.Cms.Forms.Repositories.Local.csproj", "{490C3658-8922-4315-B428-44489E91FBA7}"
EndProject
Project("{FAE04EC0-301F-11D3-BF4B-00C04F79EFBC}") = "Penguin.Security.Abstractions.Local", "..\Penguin.Security.Abstractions\Penguin.Security.Abstractions.Local.csproj", "{C84E8FB1-0D48-48E8-93B2-DB9A359ACB02}"
EndProject
Project("{FAE04EC0-301F-11D3-BF4B-00C04F79EFBC}") = "Penguin.Cms.Forms.Local", "..\Penguin.Cms.Forms\Penguin.Cms.Forms.Local.csproj", "{FBBA9799-0833-434C-A5E5-1262C26E7306}"
EndProject
Project("{FAE04EC0-301F-11D3-BF4B-00C04F79EFBC}") = "Penguin.Forms.Abstractions.Local", "..\Penguin.Forms.Abstractions\Penguin.Forms.Abstractions.Local.csproj", "{D9F3F7F0-88E8-4D2C-85B2-6648E129A944}"
EndProject
Project("{FAE04EC0-301F-11D3-BF4B-00C04F79EFBC}") = "Penguin.Cms.Abstractions.Local", "..\Penguin.Cms.Abstractions\Penguin.Cms.Abstractions.Local.csproj", "{8C115B3B-E01B-40C7-B3C7-2A7114C6B1D0}"
EndProject
Project("{FAE04EC0-301F-11D3-BF4B-00C04F79EFBC}") = "Penguin.DependencyInjection.Abstractions.Local", "..\Penguin.DependencyInjection.Abstractions\Penguin.DependencyInjection.Abstractions.Local.csproj", "{8BF04014-EDA7-40B4-814D-7FBBCE90B5C0}"
EndProject
Project("{FAE04EC0-301F-11D3-BF4B-00C04F79EFBC}") = "Penguin.Persistence.Abstractions.Local", "..\Penguin.Persistence.Abstractions\Penguin.Persistence.Abstractions.Local.csproj", "{19D591FE-6B9C-4D45-AD1E-A3595A1C23AB}"
EndProject
Project("{FAE04EC0-301F-11D3-BF4B-00C04F79EFBC}") = "Penguin.Entities.Abstractions.Local", "..\Penguin.Entities.Abstractions\Penguin.Entities.Abstractions.Local.csproj", "{D5682872-1207-4B8A-BAC7-77CB684EFD6F}"
EndProject
Project("{FAE04EC0-301F-11D3-BF4B-00C04F79EFBC}") = "Penguin.Reflection.Extensions.Local", "..\Penguin.Reflection.Extensions\Penguin.Reflection.Extensions.Local.csproj", "{114BE375-A07F-4FCA-83CA-D08709694A80}"
EndProject
Project("{FAE04EC0-301F-11D3-BF4B-00C04F79EFBC}") = "Penguin.Reflection.Abstractions.Local", "..\Penguin.Reflection.Abstractions\Penguin.Reflection.Abstractions.Local.csproj", "{2512879D-DE72-4B96-BC46-EDA521E51109}"
EndProject
Project("{FAE04EC0-301F-11D3-BF4B-00C04F79EFBC}") = "Penguin.Extensions.String.Local", "..\Penguin.Extensions.String\Penguin.Extensions.String.Local.csproj", "{EC22DDED-3243-441E-BC5A-7A323138454A}"
EndProject
Project("{FAE04EC0-301F-11D3-BF4B-00C04F79EFBC}") = "Penguin.Cms.Entities.Local", "..\Penguin.Cms.Entities\Penguin.Cms.Entities.Local.csproj", "{148A73E6-126A-44F9-9A36-F31AF85BFC14}"
EndProject
Project("{FAE04EC0-301F-11D3-BF4B-00C04F79EFBC}") = "Penguin.Cms.Repositories.Local", "..\Penguin.Cms.Repositories\Penguin.Cms.Repositories.Local.csproj", "{593C18B9-A081-4A13-8C4B-D530FF609885}"
EndProject
Project("{FAE04EC0-301F-11D3-BF4B-00C04F79EFBC}") = "Penguin.Persistence.Repositories.Local", "..\Penguin.Persistence.Repositories\Penguin.Persistence.Repositories.Local.csproj", "{2B48FB09-A356-403F-9FB6-CBCF90A51B23}"
EndProject
Project("{FAE04EC0-301F-11D3-BF4B-00C04F79EFBC}") = "Penguin.Messaging.Persistence.Local", "..\Penguin.Messaging.Persistence\Penguin.Messaging.Persistence.Local.csproj", "{1DF238F7-D811-44A4-A09A-2AE4904D47A6}"
EndProject
Project("{FAE04EC0-301F-11D3-BF4B-00C04F79EFBC}") = "Penguin.Messaging.Abstractions.Local", "..\Penguin.Messaging.Abstractions\Penguin.Messaging.Abstractions.Local.csproj", "{2CCAA4EF-44C1-467B-9F16-85B9BA27EF50}"
EndProject
Project("{FAE04EC0-301F-11D3-BF4B-00C04F79EFBC}") = "Penguin.Messaging.Core.Local", "..\Penguin.Messaging.Core\Penguin.Messaging.Core.Local.csproj", "{51346881-66C4-48CC-A175-31D317DD4F15}"
EndProject
Project("{FAE04EC0-301F-11D3-BF4B-00C04F79EFBC}") = "Penguin.Debugging.Local", "..\Penguin.Debugging\Penguin.Debugging.Local.csproj", "{486D9587-0842-4E94-B1D3-1240D36DD580}"
EndProject
Project("{FAE04EC0-301F-11D3-BF4B-00C04F79EFBC}") = "Penguin.Extensions.Exceptions.Local", "..\Penguin.Extensions.Exceptions\Penguin.Extensions.Exceptions.Local.csproj", "{EAF6206E-A50B-4B19-9AA8-6F8A28FAE7AF}"
EndProject
Project("{FAE04EC0-301F-11D3-BF4B-00C04F79EFBC}") = "Penguin.Reflection.Local", "..\Penguin.Reflection\Penguin.Reflection.Local.csproj", "{32CCBC77-C9A4-4E44-B090-B7FDE6C5FE81}"
EndProject
Project("{FAE04EC0-301F-11D3-BF4B-00C04F79EFBC}") = "Penguin.Cms.Modules.Dynamic.Local", "..\Penguin.Cms.Modules.Dynamic\Penguin.Cms.Modules.Dynamic.Local.csproj", "{D7CC0840-BB5B-4161-9523-E71F6AA18620}"
EndProject
Project("{FAE04EC0-301F-11D3-BF4B-00C04F79EFBC}") = "Penguin.Shared.Objects.Local", "..\Penguin.Shared.Objects\Penguin.Shared.Objects.Local.csproj", "{599186B3-6E55-4897-955A-CFFBE3695F18}"
EndProject
Project("{FAE04EC0-301F-11D3-BF4B-00C04F79EFBC}") = "Penguin.Cms.Errors.Local", "..\Penguin.Cms.Errors\Penguin.Cms.Errors.Local.csproj", "{CF1651F9-F052-4C32-AD45-42DA8C9E5C77}"
EndProject
Project("{FAE04EC0-301F-11D3-BF4B-00C04F79EFBC}") = "Penguin.Auditing.Abstractions.Local", "..\Penguin.Auditing.Abstractions\Penguin.Auditing.Abstractions.Local.csproj", "{2C12B2BF-C495-43D3-BE79-06CD11BC1F11}"
EndProject
Project("{FAE04EC0-301F-11D3-BF4B-00C04F79EFBC}") = "Penguin.Web.Dynamic.Local", "..\Penguin.Web.Dynamic\Penguin.Web.Dynamic.Local.csproj", "{691ED737-A908-432F-A2B9-48D00031C04D}"
EndProject
Project("{FAE04EC0-301F-11D3-BF4B-00C04F79EFBC}") = "Penguin.Extensions.Collections.Local", "..\Penguin.Extensions.Collections\Penguin.Extensions.Collections.Local.csproj", "{F9EBDF76-2A84-4057-8033-75EA0F367076}"
EndProject
Project("{FAE04EC0-301F-11D3-BF4B-00C04F79EFBC}") = "Penguin.Reflection.Serialization.Local", "..\Penguin.Reflection.Serialization\Penguin.Reflection.Serialization.Local.csproj", "{DBD757C2-C443-422D-9BDC-720253F0B51F}"
EndProject
Project("{FAE04EC0-301F-11D3-BF4B-00C04F79EFBC}") = "Penguin.Reflection.Serialization.Abstractions.Local", "..\Penguin.Reflection.Serialization.Abstractions\Penguin.Reflection.Serialization.Abstractions.Local.csproj", "{90C5F610-B1E7-4754-BE5D-7A6EFA6AA458}"
EndProject
Project("{FAE04EC0-301F-11D3-BF4B-00C04F79EFBC}") = "Penguin.Cms.Modules.Admin.Local", "..\Penguin.Cms.Modules.Admin\Penguin.Cms.Modules.Admin.Local.csproj", "{323C2223-A9C3-4AE9-AD3F-744859276E55}"
EndProject
Project("{FAE04EC0-301F-11D3-BF4B-00C04F79EFBC}") = "Penguin.Web.Security.Local", "..\Penguin.Web.Security\Penguin.Web.Security.Local.csproj", "{5DE8E6BC-CEED-492F-8940-B8878B073CD5}"
EndProject
Project("{FAE04EC0-301F-11D3-BF4B-00C04F79EFBC}") = "Penguin.Cms.Modules.Core.Local", "..\Penguin.Cms.Modules.Core\Penguin.Cms.Modules.Core.Local.csproj", "{143FAA14-29A2-42B3-96C5-F81E3B065A50}"
EndProject
Project("{FAE04EC0-301F-11D3-BF4B-00C04F79EFBC}") = "Penguin.Navigation.Abstractions.Local", "..\Penguin.Navigation.Abstractions\Penguin.Navigation.Abstractions.Local.csproj", "{4436BC6B-80A2-4081-AE05-73848E2D3CEA}"
EndProject
Project("{FAE04EC0-301F-11D3-BF4B-00C04F79EFBC}") = "Penguin.Cms.Core.Local", "..\Penguin.Cms.Core\Penguin.Cms.Core.Local.csproj", "{DB8D090A-4D04-4CBD-9B32-6107138AD3D3}"
EndProject
Project("{FAE04EC0-301F-11D3-BF4B-00C04F79EFBC}") = "Penguin.Cms.Web.Local", "..\Penguin.Cms.Web\Penguin.Cms.Web.Local.csproj", "{3EC9C967-A122-49D8-A1B3-CCBD00C61D52}"
EndProject
Project("{FAE04EC0-301F-11D3-BF4B-00C04F79EFBC}") = "Penguin.Web.Mvc.Local", "..\Penguin.Web.Mvc\Penguin.Web.Mvc.Local.csproj", "{A7ECABFB-8FD2-460A-A97A-94113CC43827}"
EndProject
Project("{FAE04EC0-301F-11D3-BF4B-00C04F79EFBC}") = "Penguin.Web.Mvc.Abstractions.Local", "..\Penguin.Web.Mvc.Abstractions\Penguin.Web.Mvc.Abstractions.Local.csproj", "{41A9D082-B86E-4D3F-9B5A-996B40D59644}"
EndProject
Project("{FAE04EC0-301F-11D3-BF4B-00C04F79EFBC}") = "Penguin.Web.Abstractions.Local", "..\Penguin.Web.Abstractions\Penguin.Web.Abstractions.Local.csproj", "{3D20F7D1-67CE-449F-A4E7-BBAA25ACF1D9}"
EndProject
Project("{FAE04EC0-301F-11D3-BF4B-00C04F79EFBC}") = "Penguin.Configuration.Local", "..\Penguin.Configuration\Penguin.Configuration.Local.csproj", "{35D06318-445E-42E8-8984-749C35DCB02B}"
EndProject
Project("{FAE04EC0-301F-11D3-BF4B-00C04F79EFBC}") = "Penguin.Configuration.Abstractions.Local", "..\Penguin.Configuration.Abstractions\Penguin.Configuration.Abstractions.Local.csproj", "{71A97247-5DAA-45E1-87B3-FFCBD1D0B00B}"
EndProject
Project("{FAE04EC0-301F-11D3-BF4B-00C04F79EFBC}") = "Penguin.Messaging.Application.Local", "..\Penguin.Messaging.Application\Penguin.Messaging.Application.Local.csproj", "{9665FBC2-5787-46CC-8C1E-D915C4F99CFF}"
EndProject
Project("{FAE04EC0-301F-11D3-BF4B-00C04F79EFBC}") = "Penguin.Testing.Local", "..\Penguin.Testing\Penguin.Testing.Local.csproj", "{E00EEF08-1310-4FB9-AC25-C19E6B9FC3EB}"
EndProject
Project("{FAE04EC0-301F-11D3-BF4B-00C04F79EFBC}") = "Penguin.Web.Errors.Local", "..\Penguin.Web.Errors\Penguin.Web.Errors.Local.csproj", "{F49F3AC9-0F6B-47B0-81C0-A067CA7F911E}"
EndProject
Project("{FAE04EC0-301F-11D3-BF4B-00C04F79EFBC}") = "Penguin.Files.Local", "..\Penguin.Files\Penguin.Files.Local.csproj", "{F4429203-4610-47FE-B13F-635FDA127978}"
EndProject
Project("{FAE04EC0-301F-11D3-BF4B-00C04F79EFBC}") = "Penguin.Web.DependencyInjection.Local", "..\Penguin.Web.DependencyInjection\Penguin.Web.DependencyInjection.Local.csproj", "{63C5BD05-DA9F-499C-B676-91D580C536BD}"
EndProject
Project("{FAE04EC0-301F-11D3-BF4B-00C04F79EFBC}") = "Penguin.Web.Testing.Local", "..\Penguin.Web.Testing\Penguin.Web.Testing.Local.csproj", "{21AFA9A3-0A0E-46A6-A16F-5D945BF87DC1}"
EndProject
Project("{FAE04EC0-301F-11D3-BF4B-00C04F79EFBC}") = "Penguin.DependencyInjection.Local", "..\Penguin.DependencyInjection\Penguin.DependencyInjection.Local.csproj", "{86337387-1B54-4B61-BCAD-AE9C483A7AD6}"
EndProject
Project("{FAE04EC0-301F-11D3-BF4B-00C04F79EFBC}") = "Penguin.Reflection.Serialization.Extensions.Local", "..\Penguin.Reflection.Serialization.Extensions\Penguin.Reflection.Serialization.Extensions.Local.csproj", "{5878A5F7-5701-4DB6-92DF-06226DAE883E}"
EndProject
Project("{FAE04EC0-301F-11D3-BF4B-00C04F79EFBC}") = "Penguin.Persistence.Database.Local", "..\Penguin.Persistence.Database\Penguin.Persistence.Database.Local.csproj", "{7639B47F-A817-4E85-B247-3E7A22ECB65E}"
EndProject
Project("{FAE04EC0-301F-11D3-BF4B-00C04F79EFBC}") = "Penguin.Threading.BackgroundWorker.Local", "..\Penguin.Threading.BackgroundWorker\Penguin.Threading.BackgroundWorker.Local.csproj", "{0EA24517-ACDD-49FA-91D9-FA15DFC40AFF}"
EndProject
Project("{FAE04EC0-301F-11D3-BF4B-00C04F79EFBC}") = "Penguin.Json.Local", "..\Penguin.Json\Penguin.Json.Local.csproj", "{5AF6EFFB-3C4E-4E85-9F6C-9B3004CBEC18}"
EndProject
Project("{FAE04EC0-301F-11D3-BF4B-00C04F79EFBC}") = "Penguin.SystemExtensions.Abstractions.Local", "..\Penguin.SystemExtensions.Abstractions\Penguin.SystemExtensions.Abstractions.Local.csproj", "{B5A6B3CF-8545-4BE8-BE45-246DFE0B0E8A}"
EndProject
Project("{FAE04EC0-301F-11D3-BF4B-00C04F79EFBC}") = "Penguin.Json.Abstractions.Local", "..\Penguin.Json.Abstractions\Penguin.Json.Abstractions.Local.csproj", "{B57C7BCE-E428-4253-AA83-82030AC67C8F}"
EndProject
Global
	GlobalSection(SolutionConfigurationPlatforms) = preSolution
		Debug|Any CPU = Debug|Any CPU
		Debug|x64 = Debug|x64
		Debug|x86 = Debug|x86
		Release|Any CPU = Release|Any CPU
		Release|x64 = Release|x64
		Release|x86 = Release|x86
	EndGlobalSection
	GlobalSection(SolutionProperties) = preSolution
		HideSolutionNode = FALSE
	EndGlobalSection
	GlobalSection(ProjectConfigurationPlatforms) = postSolution
		{C44544B0-5381-4EF4-B2D7-08CC7F7D2FBB}.Debug|Any CPU.ActiveCfg = Debug|Any CPU
		{C44544B0-5381-4EF4-B2D7-08CC7F7D2FBB}.Debug|Any CPU.Build.0 = Debug|Any CPU
		{C44544B0-5381-4EF4-B2D7-08CC7F7D2FBB}.Debug|x64.ActiveCfg = Debug|Any CPU
		{C44544B0-5381-4EF4-B2D7-08CC7F7D2FBB}.Debug|x64.Build.0 = Debug|Any CPU
		{C44544B0-5381-4EF4-B2D7-08CC7F7D2FBB}.Debug|x86.ActiveCfg = Debug|Any CPU
		{C44544B0-5381-4EF4-B2D7-08CC7F7D2FBB}.Debug|x86.Build.0 = Debug|Any CPU
		{C44544B0-5381-4EF4-B2D7-08CC7F7D2FBB}.Release|Any CPU.ActiveCfg = Release|Any CPU
		{C44544B0-5381-4EF4-B2D7-08CC7F7D2FBB}.Release|Any CPU.Build.0 = Release|Any CPU
		{C44544B0-5381-4EF4-B2D7-08CC7F7D2FBB}.Release|x64.ActiveCfg = Release|Any CPU
		{C44544B0-5381-4EF4-B2D7-08CC7F7D2FBB}.Release|x64.Build.0 = Release|Any CPU
		{C44544B0-5381-4EF4-B2D7-08CC7F7D2FBB}.Release|x86.ActiveCfg = Release|Any CPU
		{C44544B0-5381-4EF4-B2D7-08CC7F7D2FBB}.Release|x86.Build.0 = Release|Any CPU
		{ACD1C270-DC44-4C8F-8C02-271258FDF699}.Debug|Any CPU.ActiveCfg = Debug|Any CPU
		{ACD1C270-DC44-4C8F-8C02-271258FDF699}.Debug|Any CPU.Build.0 = Debug|Any CPU
		{ACD1C270-DC44-4C8F-8C02-271258FDF699}.Debug|x64.ActiveCfg = Debug|Any CPU
		{ACD1C270-DC44-4C8F-8C02-271258FDF699}.Debug|x64.Build.0 = Debug|Any CPU
		{ACD1C270-DC44-4C8F-8C02-271258FDF699}.Debug|x86.ActiveCfg = Debug|Any CPU
		{ACD1C270-DC44-4C8F-8C02-271258FDF699}.Debug|x86.Build.0 = Debug|Any CPU
		{ACD1C270-DC44-4C8F-8C02-271258FDF699}.Release|Any CPU.ActiveCfg = Release|Any CPU
		{ACD1C270-DC44-4C8F-8C02-271258FDF699}.Release|Any CPU.Build.0 = Release|Any CPU
		{ACD1C270-DC44-4C8F-8C02-271258FDF699}.Release|x64.ActiveCfg = Release|Any CPU
		{ACD1C270-DC44-4C8F-8C02-271258FDF699}.Release|x64.Build.0 = Release|Any CPU
		{ACD1C270-DC44-4C8F-8C02-271258FDF699}.Release|x86.ActiveCfg = Release|Any CPU
		{ACD1C270-DC44-4C8F-8C02-271258FDF699}.Release|x86.Build.0 = Release|Any CPU
		{E09A9902-C557-4E2A-8D6E-A104A68A8B7A}.Debug|Any CPU.ActiveCfg = Debug|Any CPU
		{E09A9902-C557-4E2A-8D6E-A104A68A8B7A}.Debug|Any CPU.Build.0 = Debug|Any CPU
		{E09A9902-C557-4E2A-8D6E-A104A68A8B7A}.Debug|x64.ActiveCfg = Debug|Any CPU
		{E09A9902-C557-4E2A-8D6E-A104A68A8B7A}.Debug|x64.Build.0 = Debug|Any CPU
		{E09A9902-C557-4E2A-8D6E-A104A68A8B7A}.Debug|x86.ActiveCfg = Debug|Any CPU
		{E09A9902-C557-4E2A-8D6E-A104A68A8B7A}.Debug|x86.Build.0 = Debug|Any CPU
		{E09A9902-C557-4E2A-8D6E-A104A68A8B7A}.Release|Any CPU.ActiveCfg = Release|Any CPU
		{E09A9902-C557-4E2A-8D6E-A104A68A8B7A}.Release|Any CPU.Build.0 = Release|Any CPU
		{E09A9902-C557-4E2A-8D6E-A104A68A8B7A}.Release|x64.ActiveCfg = Release|Any CPU
		{E09A9902-C557-4E2A-8D6E-A104A68A8B7A}.Release|x64.Build.0 = Release|Any CPU
		{E09A9902-C557-4E2A-8D6E-A104A68A8B7A}.Release|x86.ActiveCfg = Release|Any CPU
		{E09A9902-C557-4E2A-8D6E-A104A68A8B7A}.Release|x86.Build.0 = Release|Any CPU
		{FDE0A467-9B83-4466-894B-2CF2915EE277}.Debug|Any CPU.ActiveCfg = Debug|Any CPU
		{FDE0A467-9B83-4466-894B-2CF2915EE277}.Debug|Any CPU.Build.0 = Debug|Any CPU
		{FDE0A467-9B83-4466-894B-2CF2915EE277}.Debug|x64.ActiveCfg = Debug|Any CPU
		{FDE0A467-9B83-4466-894B-2CF2915EE277}.Debug|x64.Build.0 = Debug|Any CPU
		{FDE0A467-9B83-4466-894B-2CF2915EE277}.Debug|x86.ActiveCfg = Debug|Any CPU
		{FDE0A467-9B83-4466-894B-2CF2915EE277}.Debug|x86.Build.0 = Debug|Any CPU
		{FDE0A467-9B83-4466-894B-2CF2915EE277}.Release|Any CPU.ActiveCfg = Release|Any CPU
		{FDE0A467-9B83-4466-894B-2CF2915EE277}.Release|Any CPU.Build.0 = Release|Any CPU
		{FDE0A467-9B83-4466-894B-2CF2915EE277}.Release|x64.ActiveCfg = Release|Any CPU
		{FDE0A467-9B83-4466-894B-2CF2915EE277}.Release|x64.Build.0 = Release|Any CPU
		{FDE0A467-9B83-4466-894B-2CF2915EE277}.Release|x86.ActiveCfg = Release|Any CPU
		{FDE0A467-9B83-4466-894B-2CF2915EE277}.Release|x86.Build.0 = Release|Any CPU
		{F44ECC8F-B2E6-4C1F-844A-A698C8B2F725}.Debug|Any CPU.ActiveCfg = Debug|Any CPU
		{F44ECC8F-B2E6-4C1F-844A-A698C8B2F725}.Debug|Any CPU.Build.0 = Debug|Any CPU
		{F44ECC8F-B2E6-4C1F-844A-A698C8B2F725}.Debug|x64.ActiveCfg = Debug|Any CPU
		{F44ECC8F-B2E6-4C1F-844A-A698C8B2F725}.Debug|x64.Build.0 = Debug|Any CPU
		{F44ECC8F-B2E6-4C1F-844A-A698C8B2F725}.Debug|x86.ActiveCfg = Debug|Any CPU
		{F44ECC8F-B2E6-4C1F-844A-A698C8B2F725}.Debug|x86.Build.0 = Debug|Any CPU
		{F44ECC8F-B2E6-4C1F-844A-A698C8B2F725}.Release|Any CPU.ActiveCfg = Release|Any CPU
		{F44ECC8F-B2E6-4C1F-844A-A698C8B2F725}.Release|Any CPU.Build.0 = Release|Any CPU
		{F44ECC8F-B2E6-4C1F-844A-A698C8B2F725}.Release|x64.ActiveCfg = Release|Any CPU
		{F44ECC8F-B2E6-4C1F-844A-A698C8B2F725}.Release|x64.Build.0 = Release|Any CPU
		{F44ECC8F-B2E6-4C1F-844A-A698C8B2F725}.Release|x86.ActiveCfg = Release|Any CPU
		{F44ECC8F-B2E6-4C1F-844A-A698C8B2F725}.Release|x86.Build.0 = Release|Any CPU
		{739918F8-EA0F-44D8-9C9E-D81A936FF382}.Debug|Any CPU.ActiveCfg = Debug|Any CPU
		{739918F8-EA0F-44D8-9C9E-D81A936FF382}.Debug|Any CPU.Build.0 = Debug|Any CPU
		{739918F8-EA0F-44D8-9C9E-D81A936FF382}.Debug|x64.ActiveCfg = Debug|Any CPU
		{739918F8-EA0F-44D8-9C9E-D81A936FF382}.Debug|x64.Build.0 = Debug|Any CPU
		{739918F8-EA0F-44D8-9C9E-D81A936FF382}.Debug|x86.ActiveCfg = Debug|Any CPU
		{739918F8-EA0F-44D8-9C9E-D81A936FF382}.Debug|x86.Build.0 = Debug|Any CPU
		{739918F8-EA0F-44D8-9C9E-D81A936FF382}.Release|Any CPU.ActiveCfg = Release|Any CPU
		{739918F8-EA0F-44D8-9C9E-D81A936FF382}.Release|Any CPU.Build.0 = Release|Any CPU
		{739918F8-EA0F-44D8-9C9E-D81A936FF382}.Release|x64.ActiveCfg = Release|Any CPU
		{739918F8-EA0F-44D8-9C9E-D81A936FF382}.Release|x64.Build.0 = Release|Any CPU
		{739918F8-EA0F-44D8-9C9E-D81A936FF382}.Release|x86.ActiveCfg = Release|Any CPU
		{739918F8-EA0F-44D8-9C9E-D81A936FF382}.Release|x86.Build.0 = Release|Any CPU
		{490C3658-8922-4315-B428-44489E91FBA7}.Debug|Any CPU.ActiveCfg = Debug|Any CPU
		{490C3658-8922-4315-B428-44489E91FBA7}.Debug|Any CPU.Build.0 = Debug|Any CPU
		{490C3658-8922-4315-B428-44489E91FBA7}.Debug|x64.ActiveCfg = Debug|Any CPU
		{490C3658-8922-4315-B428-44489E91FBA7}.Debug|x64.Build.0 = Debug|Any CPU
		{490C3658-8922-4315-B428-44489E91FBA7}.Debug|x86.ActiveCfg = Debug|Any CPU
		{490C3658-8922-4315-B428-44489E91FBA7}.Debug|x86.Build.0 = Debug|Any CPU
		{490C3658-8922-4315-B428-44489E91FBA7}.Release|Any CPU.ActiveCfg = Release|Any CPU
		{490C3658-8922-4315-B428-44489E91FBA7}.Release|Any CPU.Build.0 = Release|Any CPU
		{490C3658-8922-4315-B428-44489E91FBA7}.Release|x64.ActiveCfg = Release|Any CPU
		{490C3658-8922-4315-B428-44489E91FBA7}.Release|x64.Build.0 = Release|Any CPU
		{490C3658-8922-4315-B428-44489E91FBA7}.Release|x86.ActiveCfg = Release|Any CPU
		{490C3658-8922-4315-B428-44489E91FBA7}.Release|x86.Build.0 = Release|Any CPU
		{C84E8FB1-0D48-48E8-93B2-DB9A359ACB02}.Debug|Any CPU.ActiveCfg = Debug|Any CPU
		{C84E8FB1-0D48-48E8-93B2-DB9A359ACB02}.Debug|Any CPU.Build.0 = Debug|Any CPU
		{C84E8FB1-0D48-48E8-93B2-DB9A359ACB02}.Debug|x64.ActiveCfg = Debug|Any CPU
		{C84E8FB1-0D48-48E8-93B2-DB9A359ACB02}.Debug|x64.Build.0 = Debug|Any CPU
		{C84E8FB1-0D48-48E8-93B2-DB9A359ACB02}.Debug|x86.ActiveCfg = Debug|Any CPU
		{C84E8FB1-0D48-48E8-93B2-DB9A359ACB02}.Debug|x86.Build.0 = Debug|Any CPU
		{C84E8FB1-0D48-48E8-93B2-DB9A359ACB02}.Release|Any CPU.ActiveCfg = Release|Any CPU
		{C84E8FB1-0D48-48E8-93B2-DB9A359ACB02}.Release|Any CPU.Build.0 = Release|Any CPU
		{C84E8FB1-0D48-48E8-93B2-DB9A359ACB02}.Release|x64.ActiveCfg = Release|Any CPU
		{C84E8FB1-0D48-48E8-93B2-DB9A359ACB02}.Release|x64.Build.0 = Release|Any CPU
		{C84E8FB1-0D48-48E8-93B2-DB9A359ACB02}.Release|x86.ActiveCfg = Release|Any CPU
		{C84E8FB1-0D48-48E8-93B2-DB9A359ACB02}.Release|x86.Build.0 = Release|Any CPU
		{FBBA9799-0833-434C-A5E5-1262C26E7306}.Debug|Any CPU.ActiveCfg = Debug|Any CPU
		{FBBA9799-0833-434C-A5E5-1262C26E7306}.Debug|Any CPU.Build.0 = Debug|Any CPU
		{FBBA9799-0833-434C-A5E5-1262C26E7306}.Debug|x64.ActiveCfg = Debug|Any CPU
		{FBBA9799-0833-434C-A5E5-1262C26E7306}.Debug|x64.Build.0 = Debug|Any CPU
		{FBBA9799-0833-434C-A5E5-1262C26E7306}.Debug|x86.ActiveCfg = Debug|Any CPU
		{FBBA9799-0833-434C-A5E5-1262C26E7306}.Debug|x86.Build.0 = Debug|Any CPU
		{FBBA9799-0833-434C-A5E5-1262C26E7306}.Release|Any CPU.ActiveCfg = Release|Any CPU
		{FBBA9799-0833-434C-A5E5-1262C26E7306}.Release|Any CPU.Build.0 = Release|Any CPU
		{FBBA9799-0833-434C-A5E5-1262C26E7306}.Release|x64.ActiveCfg = Release|Any CPU
		{FBBA9799-0833-434C-A5E5-1262C26E7306}.Release|x64.Build.0 = Release|Any CPU
		{FBBA9799-0833-434C-A5E5-1262C26E7306}.Release|x86.ActiveCfg = Release|Any CPU
		{FBBA9799-0833-434C-A5E5-1262C26E7306}.Release|x86.Build.0 = Release|Any CPU
		{D9F3F7F0-88E8-4D2C-85B2-6648E129A944}.Debug|Any CPU.ActiveCfg = Debug|Any CPU
		{D9F3F7F0-88E8-4D2C-85B2-6648E129A944}.Debug|Any CPU.Build.0 = Debug|Any CPU
		{D9F3F7F0-88E8-4D2C-85B2-6648E129A944}.Debug|x64.ActiveCfg = Debug|Any CPU
		{D9F3F7F0-88E8-4D2C-85B2-6648E129A944}.Debug|x64.Build.0 = Debug|Any CPU
		{D9F3F7F0-88E8-4D2C-85B2-6648E129A944}.Debug|x86.ActiveCfg = Debug|Any CPU
		{D9F3F7F0-88E8-4D2C-85B2-6648E129A944}.Debug|x86.Build.0 = Debug|Any CPU
		{D9F3F7F0-88E8-4D2C-85B2-6648E129A944}.Release|Any CPU.ActiveCfg = Release|Any CPU
		{D9F3F7F0-88E8-4D2C-85B2-6648E129A944}.Release|Any CPU.Build.0 = Release|Any CPU
		{D9F3F7F0-88E8-4D2C-85B2-6648E129A944}.Release|x64.ActiveCfg = Release|Any CPU
		{D9F3F7F0-88E8-4D2C-85B2-6648E129A944}.Release|x64.Build.0 = Release|Any CPU
		{D9F3F7F0-88E8-4D2C-85B2-6648E129A944}.Release|x86.ActiveCfg = Release|Any CPU
		{D9F3F7F0-88E8-4D2C-85B2-6648E129A944}.Release|x86.Build.0 = Release|Any CPU
		{8C115B3B-E01B-40C7-B3C7-2A7114C6B1D0}.Debug|Any CPU.ActiveCfg = Debug|Any CPU
		{8C115B3B-E01B-40C7-B3C7-2A7114C6B1D0}.Debug|Any CPU.Build.0 = Debug|Any CPU
		{8C115B3B-E01B-40C7-B3C7-2A7114C6B1D0}.Debug|x64.ActiveCfg = Debug|Any CPU
		{8C115B3B-E01B-40C7-B3C7-2A7114C6B1D0}.Debug|x64.Build.0 = Debug|Any CPU
		{8C115B3B-E01B-40C7-B3C7-2A7114C6B1D0}.Debug|x86.ActiveCfg = Debug|Any CPU
		{8C115B3B-E01B-40C7-B3C7-2A7114C6B1D0}.Debug|x86.Build.0 = Debug|Any CPU
		{8C115B3B-E01B-40C7-B3C7-2A7114C6B1D0}.Release|Any CPU.ActiveCfg = Release|Any CPU
		{8C115B3B-E01B-40C7-B3C7-2A7114C6B1D0}.Release|Any CPU.Build.0 = Release|Any CPU
		{8C115B3B-E01B-40C7-B3C7-2A7114C6B1D0}.Release|x64.ActiveCfg = Release|Any CPU
		{8C115B3B-E01B-40C7-B3C7-2A7114C6B1D0}.Release|x64.Build.0 = Release|Any CPU
		{8C115B3B-E01B-40C7-B3C7-2A7114C6B1D0}.Release|x86.ActiveCfg = Release|Any CPU
		{8C115B3B-E01B-40C7-B3C7-2A7114C6B1D0}.Release|x86.Build.0 = Release|Any CPU
		{8BF04014-EDA7-40B4-814D-7FBBCE90B5C0}.Debug|Any CPU.ActiveCfg = Debug|Any CPU
		{8BF04014-EDA7-40B4-814D-7FBBCE90B5C0}.Debug|Any CPU.Build.0 = Debug|Any CPU
		{8BF04014-EDA7-40B4-814D-7FBBCE90B5C0}.Debug|x64.ActiveCfg = Debug|Any CPU
		{8BF04014-EDA7-40B4-814D-7FBBCE90B5C0}.Debug|x64.Build.0 = Debug|Any CPU
		{8BF04014-EDA7-40B4-814D-7FBBCE90B5C0}.Debug|x86.ActiveCfg = Debug|Any CPU
		{8BF04014-EDA7-40B4-814D-7FBBCE90B5C0}.Debug|x86.Build.0 = Debug|Any CPU
		{8BF04014-EDA7-40B4-814D-7FBBCE90B5C0}.Release|Any CPU.ActiveCfg = Release|Any CPU
		{8BF04014-EDA7-40B4-814D-7FBBCE90B5C0}.Release|Any CPU.Build.0 = Release|Any CPU
		{8BF04014-EDA7-40B4-814D-7FBBCE90B5C0}.Release|x64.ActiveCfg = Release|Any CPU
		{8BF04014-EDA7-40B4-814D-7FBBCE90B5C0}.Release|x64.Build.0 = Release|Any CPU
		{8BF04014-EDA7-40B4-814D-7FBBCE90B5C0}.Release|x86.ActiveCfg = Release|Any CPU
		{8BF04014-EDA7-40B4-814D-7FBBCE90B5C0}.Release|x86.Build.0 = Release|Any CPU
		{19D591FE-6B9C-4D45-AD1E-A3595A1C23AB}.Debug|Any CPU.ActiveCfg = Debug|Any CPU
		{19D591FE-6B9C-4D45-AD1E-A3595A1C23AB}.Debug|Any CPU.Build.0 = Debug|Any CPU
		{19D591FE-6B9C-4D45-AD1E-A3595A1C23AB}.Debug|x64.ActiveCfg = Debug|Any CPU
		{19D591FE-6B9C-4D45-AD1E-A3595A1C23AB}.Debug|x64.Build.0 = Debug|Any CPU
		{19D591FE-6B9C-4D45-AD1E-A3595A1C23AB}.Debug|x86.ActiveCfg = Debug|Any CPU
		{19D591FE-6B9C-4D45-AD1E-A3595A1C23AB}.Debug|x86.Build.0 = Debug|Any CPU
		{19D591FE-6B9C-4D45-AD1E-A3595A1C23AB}.Release|Any CPU.ActiveCfg = Release|Any CPU
		{19D591FE-6B9C-4D45-AD1E-A3595A1C23AB}.Release|Any CPU.Build.0 = Release|Any CPU
		{19D591FE-6B9C-4D45-AD1E-A3595A1C23AB}.Release|x64.ActiveCfg = Release|Any CPU
		{19D591FE-6B9C-4D45-AD1E-A3595A1C23AB}.Release|x64.Build.0 = Release|Any CPU
		{19D591FE-6B9C-4D45-AD1E-A3595A1C23AB}.Release|x86.ActiveCfg = Release|Any CPU
		{19D591FE-6B9C-4D45-AD1E-A3595A1C23AB}.Release|x86.Build.0 = Release|Any CPU
		{D5682872-1207-4B8A-BAC7-77CB684EFD6F}.Debug|Any CPU.ActiveCfg = Debug|Any CPU
		{D5682872-1207-4B8A-BAC7-77CB684EFD6F}.Debug|Any CPU.Build.0 = Debug|Any CPU
		{D5682872-1207-4B8A-BAC7-77CB684EFD6F}.Debug|x64.ActiveCfg = Debug|Any CPU
		{D5682872-1207-4B8A-BAC7-77CB684EFD6F}.Debug|x64.Build.0 = Debug|Any CPU
		{D5682872-1207-4B8A-BAC7-77CB684EFD6F}.Debug|x86.ActiveCfg = Debug|Any CPU
		{D5682872-1207-4B8A-BAC7-77CB684EFD6F}.Debug|x86.Build.0 = Debug|Any CPU
		{D5682872-1207-4B8A-BAC7-77CB684EFD6F}.Release|Any CPU.ActiveCfg = Release|Any CPU
		{D5682872-1207-4B8A-BAC7-77CB684EFD6F}.Release|Any CPU.Build.0 = Release|Any CPU
		{D5682872-1207-4B8A-BAC7-77CB684EFD6F}.Release|x64.ActiveCfg = Release|Any CPU
		{D5682872-1207-4B8A-BAC7-77CB684EFD6F}.Release|x64.Build.0 = Release|Any CPU
		{D5682872-1207-4B8A-BAC7-77CB684EFD6F}.Release|x86.ActiveCfg = Release|Any CPU
		{D5682872-1207-4B8A-BAC7-77CB684EFD6F}.Release|x86.Build.0 = Release|Any CPU
		{114BE375-A07F-4FCA-83CA-D08709694A80}.Debug|Any CPU.ActiveCfg = Debug|Any CPU
		{114BE375-A07F-4FCA-83CA-D08709694A80}.Debug|Any CPU.Build.0 = Debug|Any CPU
		{114BE375-A07F-4FCA-83CA-D08709694A80}.Debug|x64.ActiveCfg = Debug|Any CPU
		{114BE375-A07F-4FCA-83CA-D08709694A80}.Debug|x64.Build.0 = Debug|Any CPU
		{114BE375-A07F-4FCA-83CA-D08709694A80}.Debug|x86.ActiveCfg = Debug|Any CPU
		{114BE375-A07F-4FCA-83CA-D08709694A80}.Debug|x86.Build.0 = Debug|Any CPU
		{114BE375-A07F-4FCA-83CA-D08709694A80}.Release|Any CPU.ActiveCfg = Release|Any CPU
		{114BE375-A07F-4FCA-83CA-D08709694A80}.Release|Any CPU.Build.0 = Release|Any CPU
		{114BE375-A07F-4FCA-83CA-D08709694A80}.Release|x64.ActiveCfg = Release|Any CPU
		{114BE375-A07F-4FCA-83CA-D08709694A80}.Release|x64.Build.0 = Release|Any CPU
		{114BE375-A07F-4FCA-83CA-D08709694A80}.Release|x86.ActiveCfg = Release|Any CPU
		{114BE375-A07F-4FCA-83CA-D08709694A80}.Release|x86.Build.0 = Release|Any CPU
		{2512879D-DE72-4B96-BC46-EDA521E51109}.Debug|Any CPU.ActiveCfg = Debug|Any CPU
		{2512879D-DE72-4B96-BC46-EDA521E51109}.Debug|Any CPU.Build.0 = Debug|Any CPU
		{2512879D-DE72-4B96-BC46-EDA521E51109}.Debug|x64.ActiveCfg = Debug|Any CPU
		{2512879D-DE72-4B96-BC46-EDA521E51109}.Debug|x64.Build.0 = Debug|Any CPU
		{2512879D-DE72-4B96-BC46-EDA521E51109}.Debug|x86.ActiveCfg = Debug|Any CPU
		{2512879D-DE72-4B96-BC46-EDA521E51109}.Debug|x86.Build.0 = Debug|Any CPU
		{2512879D-DE72-4B96-BC46-EDA521E51109}.Release|Any CPU.ActiveCfg = Release|Any CPU
		{2512879D-DE72-4B96-BC46-EDA521E51109}.Release|Any CPU.Build.0 = Release|Any CPU
		{2512879D-DE72-4B96-BC46-EDA521E51109}.Release|x64.ActiveCfg = Release|Any CPU
		{2512879D-DE72-4B96-BC46-EDA521E51109}.Release|x64.Build.0 = Release|Any CPU
		{2512879D-DE72-4B96-BC46-EDA521E51109}.Release|x86.ActiveCfg = Release|Any CPU
		{2512879D-DE72-4B96-BC46-EDA521E51109}.Release|x86.Build.0 = Release|Any CPU
		{EC22DDED-3243-441E-BC5A-7A323138454A}.Debug|Any CPU.ActiveCfg = Debug|Any CPU
		{EC22DDED-3243-441E-BC5A-7A323138454A}.Debug|Any CPU.Build.0 = Debug|Any CPU
		{EC22DDED-3243-441E-BC5A-7A323138454A}.Debug|x64.ActiveCfg = Debug|Any CPU
		{EC22DDED-3243-441E-BC5A-7A323138454A}.Debug|x64.Build.0 = Debug|Any CPU
		{EC22DDED-3243-441E-BC5A-7A323138454A}.Debug|x86.ActiveCfg = Debug|Any CPU
		{EC22DDED-3243-441E-BC5A-7A323138454A}.Debug|x86.Build.0 = Debug|Any CPU
		{EC22DDED-3243-441E-BC5A-7A323138454A}.Release|Any CPU.ActiveCfg = Release|Any CPU
		{EC22DDED-3243-441E-BC5A-7A323138454A}.Release|Any CPU.Build.0 = Release|Any CPU
		{EC22DDED-3243-441E-BC5A-7A323138454A}.Release|x64.ActiveCfg = Release|Any CPU
		{EC22DDED-3243-441E-BC5A-7A323138454A}.Release|x64.Build.0 = Release|Any CPU
		{EC22DDED-3243-441E-BC5A-7A323138454A}.Release|x86.ActiveCfg = Release|Any CPU
		{EC22DDED-3243-441E-BC5A-7A323138454A}.Release|x86.Build.0 = Release|Any CPU
		{148A73E6-126A-44F9-9A36-F31AF85BFC14}.Debug|Any CPU.ActiveCfg = Debug|Any CPU
		{148A73E6-126A-44F9-9A36-F31AF85BFC14}.Debug|Any CPU.Build.0 = Debug|Any CPU
		{148A73E6-126A-44F9-9A36-F31AF85BFC14}.Debug|x64.ActiveCfg = Debug|Any CPU
		{148A73E6-126A-44F9-9A36-F31AF85BFC14}.Debug|x64.Build.0 = Debug|Any CPU
		{148A73E6-126A-44F9-9A36-F31AF85BFC14}.Debug|x86.ActiveCfg = Debug|Any CPU
		{148A73E6-126A-44F9-9A36-F31AF85BFC14}.Debug|x86.Build.0 = Debug|Any CPU
		{148A73E6-126A-44F9-9A36-F31AF85BFC14}.Release|Any CPU.ActiveCfg = Release|Any CPU
		{148A73E6-126A-44F9-9A36-F31AF85BFC14}.Release|Any CPU.Build.0 = Release|Any CPU
		{148A73E6-126A-44F9-9A36-F31AF85BFC14}.Release|x64.ActiveCfg = Release|Any CPU
		{148A73E6-126A-44F9-9A36-F31AF85BFC14}.Release|x64.Build.0 = Release|Any CPU
		{148A73E6-126A-44F9-9A36-F31AF85BFC14}.Release|x86.ActiveCfg = Release|Any CPU
		{148A73E6-126A-44F9-9A36-F31AF85BFC14}.Release|x86.Build.0 = Release|Any CPU
		{593C18B9-A081-4A13-8C4B-D530FF609885}.Debug|Any CPU.ActiveCfg = Debug|Any CPU
		{593C18B9-A081-4A13-8C4B-D530FF609885}.Debug|Any CPU.Build.0 = Debug|Any CPU
		{593C18B9-A081-4A13-8C4B-D530FF609885}.Debug|x64.ActiveCfg = Debug|Any CPU
		{593C18B9-A081-4A13-8C4B-D530FF609885}.Debug|x64.Build.0 = Debug|Any CPU
		{593C18B9-A081-4A13-8C4B-D530FF609885}.Debug|x86.ActiveCfg = Debug|Any CPU
		{593C18B9-A081-4A13-8C4B-D530FF609885}.Debug|x86.Build.0 = Debug|Any CPU
		{593C18B9-A081-4A13-8C4B-D530FF609885}.Release|Any CPU.ActiveCfg = Release|Any CPU
		{593C18B9-A081-4A13-8C4B-D530FF609885}.Release|Any CPU.Build.0 = Release|Any CPU
		{593C18B9-A081-4A13-8C4B-D530FF609885}.Release|x64.ActiveCfg = Release|Any CPU
		{593C18B9-A081-4A13-8C4B-D530FF609885}.Release|x64.Build.0 = Release|Any CPU
		{593C18B9-A081-4A13-8C4B-D530FF609885}.Release|x86.ActiveCfg = Release|Any CPU
		{593C18B9-A081-4A13-8C4B-D530FF609885}.Release|x86.Build.0 = Release|Any CPU
		{2B48FB09-A356-403F-9FB6-CBCF90A51B23}.Debug|Any CPU.ActiveCfg = Debug|Any CPU
		{2B48FB09-A356-403F-9FB6-CBCF90A51B23}.Debug|Any CPU.Build.0 = Debug|Any CPU
		{2B48FB09-A356-403F-9FB6-CBCF90A51B23}.Debug|x64.ActiveCfg = Debug|Any CPU
		{2B48FB09-A356-403F-9FB6-CBCF90A51B23}.Debug|x64.Build.0 = Debug|Any CPU
		{2B48FB09-A356-403F-9FB6-CBCF90A51B23}.Debug|x86.ActiveCfg = Debug|Any CPU
		{2B48FB09-A356-403F-9FB6-CBCF90A51B23}.Debug|x86.Build.0 = Debug|Any CPU
		{2B48FB09-A356-403F-9FB6-CBCF90A51B23}.Release|Any CPU.ActiveCfg = Release|Any CPU
		{2B48FB09-A356-403F-9FB6-CBCF90A51B23}.Release|Any CPU.Build.0 = Release|Any CPU
		{2B48FB09-A356-403F-9FB6-CBCF90A51B23}.Release|x64.ActiveCfg = Release|Any CPU
		{2B48FB09-A356-403F-9FB6-CBCF90A51B23}.Release|x64.Build.0 = Release|Any CPU
		{2B48FB09-A356-403F-9FB6-CBCF90A51B23}.Release|x86.ActiveCfg = Release|Any CPU
		{2B48FB09-A356-403F-9FB6-CBCF90A51B23}.Release|x86.Build.0 = Release|Any CPU
		{1DF238F7-D811-44A4-A09A-2AE4904D47A6}.Debug|Any CPU.ActiveCfg = Debug|Any CPU
		{1DF238F7-D811-44A4-A09A-2AE4904D47A6}.Debug|Any CPU.Build.0 = Debug|Any CPU
		{1DF238F7-D811-44A4-A09A-2AE4904D47A6}.Debug|x64.ActiveCfg = Debug|Any CPU
		{1DF238F7-D811-44A4-A09A-2AE4904D47A6}.Debug|x64.Build.0 = Debug|Any CPU
		{1DF238F7-D811-44A4-A09A-2AE4904D47A6}.Debug|x86.ActiveCfg = Debug|Any CPU
		{1DF238F7-D811-44A4-A09A-2AE4904D47A6}.Debug|x86.Build.0 = Debug|Any CPU
		{1DF238F7-D811-44A4-A09A-2AE4904D47A6}.Release|Any CPU.ActiveCfg = Release|Any CPU
		{1DF238F7-D811-44A4-A09A-2AE4904D47A6}.Release|Any CPU.Build.0 = Release|Any CPU
		{1DF238F7-D811-44A4-A09A-2AE4904D47A6}.Release|x64.ActiveCfg = Release|Any CPU
		{1DF238F7-D811-44A4-A09A-2AE4904D47A6}.Release|x64.Build.0 = Release|Any CPU
		{1DF238F7-D811-44A4-A09A-2AE4904D47A6}.Release|x86.ActiveCfg = Release|Any CPU
		{1DF238F7-D811-44A4-A09A-2AE4904D47A6}.Release|x86.Build.0 = Release|Any CPU
		{2CCAA4EF-44C1-467B-9F16-85B9BA27EF50}.Debug|Any CPU.ActiveCfg = Debug|Any CPU
		{2CCAA4EF-44C1-467B-9F16-85B9BA27EF50}.Debug|Any CPU.Build.0 = Debug|Any CPU
		{2CCAA4EF-44C1-467B-9F16-85B9BA27EF50}.Debug|x64.ActiveCfg = Debug|Any CPU
		{2CCAA4EF-44C1-467B-9F16-85B9BA27EF50}.Debug|x64.Build.0 = Debug|Any CPU
		{2CCAA4EF-44C1-467B-9F16-85B9BA27EF50}.Debug|x86.ActiveCfg = Debug|Any CPU
		{2CCAA4EF-44C1-467B-9F16-85B9BA27EF50}.Debug|x86.Build.0 = Debug|Any CPU
		{2CCAA4EF-44C1-467B-9F16-85B9BA27EF50}.Release|Any CPU.ActiveCfg = Release|Any CPU
		{2CCAA4EF-44C1-467B-9F16-85B9BA27EF50}.Release|Any CPU.Build.0 = Release|Any CPU
		{2CCAA4EF-44C1-467B-9F16-85B9BA27EF50}.Release|x64.ActiveCfg = Release|Any CPU
		{2CCAA4EF-44C1-467B-9F16-85B9BA27EF50}.Release|x64.Build.0 = Release|Any CPU
		{2CCAA4EF-44C1-467B-9F16-85B9BA27EF50}.Release|x86.ActiveCfg = Release|Any CPU
		{2CCAA4EF-44C1-467B-9F16-85B9BA27EF50}.Release|x86.Build.0 = Release|Any CPU
		{51346881-66C4-48CC-A175-31D317DD4F15}.Debug|Any CPU.ActiveCfg = Debug|Any CPU
		{51346881-66C4-48CC-A175-31D317DD4F15}.Debug|Any CPU.Build.0 = Debug|Any CPU
		{51346881-66C4-48CC-A175-31D317DD4F15}.Debug|x64.ActiveCfg = Debug|Any CPU
		{51346881-66C4-48CC-A175-31D317DD4F15}.Debug|x64.Build.0 = Debug|Any CPU
		{51346881-66C4-48CC-A175-31D317DD4F15}.Debug|x86.ActiveCfg = Debug|Any CPU
		{51346881-66C4-48CC-A175-31D317DD4F15}.Debug|x86.Build.0 = Debug|Any CPU
		{51346881-66C4-48CC-A175-31D317DD4F15}.Release|Any CPU.ActiveCfg = Release|Any CPU
		{51346881-66C4-48CC-A175-31D317DD4F15}.Release|Any CPU.Build.0 = Release|Any CPU
		{51346881-66C4-48CC-A175-31D317DD4F15}.Release|x64.ActiveCfg = Release|Any CPU
		{51346881-66C4-48CC-A175-31D317DD4F15}.Release|x64.Build.0 = Release|Any CPU
		{51346881-66C4-48CC-A175-31D317DD4F15}.Release|x86.ActiveCfg = Release|Any CPU
		{51346881-66C4-48CC-A175-31D317DD4F15}.Release|x86.Build.0 = Release|Any CPU
		{486D9587-0842-4E94-B1D3-1240D36DD580}.Debug|Any CPU.ActiveCfg = Debug|Any CPU
		{486D9587-0842-4E94-B1D3-1240D36DD580}.Debug|Any CPU.Build.0 = Debug|Any CPU
		{486D9587-0842-4E94-B1D3-1240D36DD580}.Debug|x64.ActiveCfg = Debug|Any CPU
		{486D9587-0842-4E94-B1D3-1240D36DD580}.Debug|x64.Build.0 = Debug|Any CPU
		{486D9587-0842-4E94-B1D3-1240D36DD580}.Debug|x86.ActiveCfg = Debug|Any CPU
		{486D9587-0842-4E94-B1D3-1240D36DD580}.Debug|x86.Build.0 = Debug|Any CPU
		{486D9587-0842-4E94-B1D3-1240D36DD580}.Release|Any CPU.ActiveCfg = Release|Any CPU
		{486D9587-0842-4E94-B1D3-1240D36DD580}.Release|Any CPU.Build.0 = Release|Any CPU
		{486D9587-0842-4E94-B1D3-1240D36DD580}.Release|x64.ActiveCfg = Release|Any CPU
		{486D9587-0842-4E94-B1D3-1240D36DD580}.Release|x64.Build.0 = Release|Any CPU
		{486D9587-0842-4E94-B1D3-1240D36DD580}.Release|x86.ActiveCfg = Release|Any CPU
		{486D9587-0842-4E94-B1D3-1240D36DD580}.Release|x86.Build.0 = Release|Any CPU
		{EAF6206E-A50B-4B19-9AA8-6F8A28FAE7AF}.Debug|Any CPU.ActiveCfg = Debug|Any CPU
		{EAF6206E-A50B-4B19-9AA8-6F8A28FAE7AF}.Debug|Any CPU.Build.0 = Debug|Any CPU
		{EAF6206E-A50B-4B19-9AA8-6F8A28FAE7AF}.Debug|x64.ActiveCfg = Debug|Any CPU
		{EAF6206E-A50B-4B19-9AA8-6F8A28FAE7AF}.Debug|x64.Build.0 = Debug|Any CPU
		{EAF6206E-A50B-4B19-9AA8-6F8A28FAE7AF}.Debug|x86.ActiveCfg = Debug|Any CPU
		{EAF6206E-A50B-4B19-9AA8-6F8A28FAE7AF}.Debug|x86.Build.0 = Debug|Any CPU
		{EAF6206E-A50B-4B19-9AA8-6F8A28FAE7AF}.Release|Any CPU.ActiveCfg = Release|Any CPU
		{EAF6206E-A50B-4B19-9AA8-6F8A28FAE7AF}.Release|Any CPU.Build.0 = Release|Any CPU
		{EAF6206E-A50B-4B19-9AA8-6F8A28FAE7AF}.Release|x64.ActiveCfg = Release|Any CPU
		{EAF6206E-A50B-4B19-9AA8-6F8A28FAE7AF}.Release|x64.Build.0 = Release|Any CPU
		{EAF6206E-A50B-4B19-9AA8-6F8A28FAE7AF}.Release|x86.ActiveCfg = Release|Any CPU
		{EAF6206E-A50B-4B19-9AA8-6F8A28FAE7AF}.Release|x86.Build.0 = Release|Any CPU
		{32CCBC77-C9A4-4E44-B090-B7FDE6C5FE81}.Debug|Any CPU.ActiveCfg = Debug|Any CPU
		{32CCBC77-C9A4-4E44-B090-B7FDE6C5FE81}.Debug|Any CPU.Build.0 = Debug|Any CPU
		{32CCBC77-C9A4-4E44-B090-B7FDE6C5FE81}.Debug|x64.ActiveCfg = Debug|Any CPU
		{32CCBC77-C9A4-4E44-B090-B7FDE6C5FE81}.Debug|x64.Build.0 = Debug|Any CPU
		{32CCBC77-C9A4-4E44-B090-B7FDE6C5FE81}.Debug|x86.ActiveCfg = Debug|Any CPU
		{32CCBC77-C9A4-4E44-B090-B7FDE6C5FE81}.Debug|x86.Build.0 = Debug|Any CPU
		{32CCBC77-C9A4-4E44-B090-B7FDE6C5FE81}.Release|Any CPU.ActiveCfg = Release|Any CPU
		{32CCBC77-C9A4-4E44-B090-B7FDE6C5FE81}.Release|Any CPU.Build.0 = Release|Any CPU
		{32CCBC77-C9A4-4E44-B090-B7FDE6C5FE81}.Release|x64.ActiveCfg = Release|Any CPU
		{32CCBC77-C9A4-4E44-B090-B7FDE6C5FE81}.Release|x64.Build.0 = Release|Any CPU
		{32CCBC77-C9A4-4E44-B090-B7FDE6C5FE81}.Release|x86.ActiveCfg = Release|Any CPU
		{32CCBC77-C9A4-4E44-B090-B7FDE6C5FE81}.Release|x86.Build.0 = Release|Any CPU
		{D7CC0840-BB5B-4161-9523-E71F6AA18620}.Debug|Any CPU.ActiveCfg = Debug|Any CPU
		{D7CC0840-BB5B-4161-9523-E71F6AA18620}.Debug|Any CPU.Build.0 = Debug|Any CPU
		{D7CC0840-BB5B-4161-9523-E71F6AA18620}.Debug|x64.ActiveCfg = Debug|Any CPU
		{D7CC0840-BB5B-4161-9523-E71F6AA18620}.Debug|x64.Build.0 = Debug|Any CPU
		{D7CC0840-BB5B-4161-9523-E71F6AA18620}.Debug|x86.ActiveCfg = Debug|Any CPU
		{D7CC0840-BB5B-4161-9523-E71F6AA18620}.Debug|x86.Build.0 = Debug|Any CPU
		{D7CC0840-BB5B-4161-9523-E71F6AA18620}.Release|Any CPU.ActiveCfg = Release|Any CPU
		{D7CC0840-BB5B-4161-9523-E71F6AA18620}.Release|Any CPU.Build.0 = Release|Any CPU
		{D7CC0840-BB5B-4161-9523-E71F6AA18620}.Release|x64.ActiveCfg = Release|Any CPU
		{D7CC0840-BB5B-4161-9523-E71F6AA18620}.Release|x64.Build.0 = Release|Any CPU
		{D7CC0840-BB5B-4161-9523-E71F6AA18620}.Release|x86.ActiveCfg = Release|Any CPU
		{D7CC0840-BB5B-4161-9523-E71F6AA18620}.Release|x86.Build.0 = Release|Any CPU
		{599186B3-6E55-4897-955A-CFFBE3695F18}.Debug|Any CPU.ActiveCfg = Debug|Any CPU
		{599186B3-6E55-4897-955A-CFFBE3695F18}.Debug|Any CPU.Build.0 = Debug|Any CPU
		{599186B3-6E55-4897-955A-CFFBE3695F18}.Debug|x64.ActiveCfg = Debug|Any CPU
		{599186B3-6E55-4897-955A-CFFBE3695F18}.Debug|x64.Build.0 = Debug|Any CPU
		{599186B3-6E55-4897-955A-CFFBE3695F18}.Debug|x86.ActiveCfg = Debug|Any CPU
		{599186B3-6E55-4897-955A-CFFBE3695F18}.Debug|x86.Build.0 = Debug|Any CPU
		{599186B3-6E55-4897-955A-CFFBE3695F18}.Release|Any CPU.ActiveCfg = Release|Any CPU
		{599186B3-6E55-4897-955A-CFFBE3695F18}.Release|Any CPU.Build.0 = Release|Any CPU
		{599186B3-6E55-4897-955A-CFFBE3695F18}.Release|x64.ActiveCfg = Release|Any CPU
		{599186B3-6E55-4897-955A-CFFBE3695F18}.Release|x64.Build.0 = Release|Any CPU
		{599186B3-6E55-4897-955A-CFFBE3695F18}.Release|x86.ActiveCfg = Release|Any CPU
		{599186B3-6E55-4897-955A-CFFBE3695F18}.Release|x86.Build.0 = Release|Any CPU
		{CF1651F9-F052-4C32-AD45-42DA8C9E5C77}.Debug|Any CPU.ActiveCfg = Debug|Any CPU
		{CF1651F9-F052-4C32-AD45-42DA8C9E5C77}.Debug|Any CPU.Build.0 = Debug|Any CPU
		{CF1651F9-F052-4C32-AD45-42DA8C9E5C77}.Debug|x64.ActiveCfg = Debug|Any CPU
		{CF1651F9-F052-4C32-AD45-42DA8C9E5C77}.Debug|x64.Build.0 = Debug|Any CPU
		{CF1651F9-F052-4C32-AD45-42DA8C9E5C77}.Debug|x86.ActiveCfg = Debug|Any CPU
		{CF1651F9-F052-4C32-AD45-42DA8C9E5C77}.Debug|x86.Build.0 = Debug|Any CPU
		{CF1651F9-F052-4C32-AD45-42DA8C9E5C77}.Release|Any CPU.ActiveCfg = Release|Any CPU
		{CF1651F9-F052-4C32-AD45-42DA8C9E5C77}.Release|Any CPU.Build.0 = Release|Any CPU
		{CF1651F9-F052-4C32-AD45-42DA8C9E5C77}.Release|x64.ActiveCfg = Release|Any CPU
		{CF1651F9-F052-4C32-AD45-42DA8C9E5C77}.Release|x64.Build.0 = Release|Any CPU
		{CF1651F9-F052-4C32-AD45-42DA8C9E5C77}.Release|x86.ActiveCfg = Release|Any CPU
		{CF1651F9-F052-4C32-AD45-42DA8C9E5C77}.Release|x86.Build.0 = Release|Any CPU
		{2C12B2BF-C495-43D3-BE79-06CD11BC1F11}.Debug|Any CPU.ActiveCfg = Debug|Any CPU
		{2C12B2BF-C495-43D3-BE79-06CD11BC1F11}.Debug|Any CPU.Build.0 = Debug|Any CPU
		{2C12B2BF-C495-43D3-BE79-06CD11BC1F11}.Debug|x64.ActiveCfg = Debug|Any CPU
		{2C12B2BF-C495-43D3-BE79-06CD11BC1F11}.Debug|x64.Build.0 = Debug|Any CPU
		{2C12B2BF-C495-43D3-BE79-06CD11BC1F11}.Debug|x86.ActiveCfg = Debug|Any CPU
		{2C12B2BF-C495-43D3-BE79-06CD11BC1F11}.Debug|x86.Build.0 = Debug|Any CPU
		{2C12B2BF-C495-43D3-BE79-06CD11BC1F11}.Release|Any CPU.ActiveCfg = Release|Any CPU
		{2C12B2BF-C495-43D3-BE79-06CD11BC1F11}.Release|Any CPU.Build.0 = Release|Any CPU
		{2C12B2BF-C495-43D3-BE79-06CD11BC1F11}.Release|x64.ActiveCfg = Release|Any CPU
		{2C12B2BF-C495-43D3-BE79-06CD11BC1F11}.Release|x64.Build.0 = Release|Any CPU
		{2C12B2BF-C495-43D3-BE79-06CD11BC1F11}.Release|x86.ActiveCfg = Release|Any CPU
		{2C12B2BF-C495-43D3-BE79-06CD11BC1F11}.Release|x86.Build.0 = Release|Any CPU
		{691ED737-A908-432F-A2B9-48D00031C04D}.Debug|Any CPU.ActiveCfg = Debug|Any CPU
		{691ED737-A908-432F-A2B9-48D00031C04D}.Debug|Any CPU.Build.0 = Debug|Any CPU
		{691ED737-A908-432F-A2B9-48D00031C04D}.Debug|x64.ActiveCfg = Debug|Any CPU
		{691ED737-A908-432F-A2B9-48D00031C04D}.Debug|x64.Build.0 = Debug|Any CPU
		{691ED737-A908-432F-A2B9-48D00031C04D}.Debug|x86.ActiveCfg = Debug|Any CPU
		{691ED737-A908-432F-A2B9-48D00031C04D}.Debug|x86.Build.0 = Debug|Any CPU
		{691ED737-A908-432F-A2B9-48D00031C04D}.Release|Any CPU.ActiveCfg = Release|Any CPU
		{691ED737-A908-432F-A2B9-48D00031C04D}.Release|Any CPU.Build.0 = Release|Any CPU
		{691ED737-A908-432F-A2B9-48D00031C04D}.Release|x64.ActiveCfg = Release|Any CPU
		{691ED737-A908-432F-A2B9-48D00031C04D}.Release|x64.Build.0 = Release|Any CPU
		{691ED737-A908-432F-A2B9-48D00031C04D}.Release|x86.ActiveCfg = Release|Any CPU
		{691ED737-A908-432F-A2B9-48D00031C04D}.Release|x86.Build.0 = Release|Any CPU
		{F9EBDF76-2A84-4057-8033-75EA0F367076}.Debug|Any CPU.ActiveCfg = Debug|Any CPU
		{F9EBDF76-2A84-4057-8033-75EA0F367076}.Debug|Any CPU.Build.0 = Debug|Any CPU
		{F9EBDF76-2A84-4057-8033-75EA0F367076}.Debug|x64.ActiveCfg = Debug|Any CPU
		{F9EBDF76-2A84-4057-8033-75EA0F367076}.Debug|x64.Build.0 = Debug|Any CPU
		{F9EBDF76-2A84-4057-8033-75EA0F367076}.Debug|x86.ActiveCfg = Debug|Any CPU
		{F9EBDF76-2A84-4057-8033-75EA0F367076}.Debug|x86.Build.0 = Debug|Any CPU
		{F9EBDF76-2A84-4057-8033-75EA0F367076}.Release|Any CPU.ActiveCfg = Release|Any CPU
		{F9EBDF76-2A84-4057-8033-75EA0F367076}.Release|Any CPU.Build.0 = Release|Any CPU
		{F9EBDF76-2A84-4057-8033-75EA0F367076}.Release|x64.ActiveCfg = Release|Any CPU
		{F9EBDF76-2A84-4057-8033-75EA0F367076}.Release|x64.Build.0 = Release|Any CPU
		{F9EBDF76-2A84-4057-8033-75EA0F367076}.Release|x86.ActiveCfg = Release|Any CPU
		{F9EBDF76-2A84-4057-8033-75EA0F367076}.Release|x86.Build.0 = Release|Any CPU
		{DBD757C2-C443-422D-9BDC-720253F0B51F}.Debug|Any CPU.ActiveCfg = Debug|Any CPU
		{DBD757C2-C443-422D-9BDC-720253F0B51F}.Debug|Any CPU.Build.0 = Debug|Any CPU
		{DBD757C2-C443-422D-9BDC-720253F0B51F}.Debug|x64.ActiveCfg = Debug|Any CPU
		{DBD757C2-C443-422D-9BDC-720253F0B51F}.Debug|x64.Build.0 = Debug|Any CPU
		{DBD757C2-C443-422D-9BDC-720253F0B51F}.Debug|x86.ActiveCfg = Debug|Any CPU
		{DBD757C2-C443-422D-9BDC-720253F0B51F}.Debug|x86.Build.0 = Debug|Any CPU
		{DBD757C2-C443-422D-9BDC-720253F0B51F}.Release|Any CPU.ActiveCfg = Release|Any CPU
		{DBD757C2-C443-422D-9BDC-720253F0B51F}.Release|Any CPU.Build.0 = Release|Any CPU
		{DBD757C2-C443-422D-9BDC-720253F0B51F}.Release|x64.ActiveCfg = Release|Any CPU
		{DBD757C2-C443-422D-9BDC-720253F0B51F}.Release|x64.Build.0 = Release|Any CPU
		{DBD757C2-C443-422D-9BDC-720253F0B51F}.Release|x86.ActiveCfg = Release|Any CPU
		{DBD757C2-C443-422D-9BDC-720253F0B51F}.Release|x86.Build.0 = Release|Any CPU
		{90C5F610-B1E7-4754-BE5D-7A6EFA6AA458}.Debug|Any CPU.ActiveCfg = Debug|Any CPU
		{90C5F610-B1E7-4754-BE5D-7A6EFA6AA458}.Debug|Any CPU.Build.0 = Debug|Any CPU
		{90C5F610-B1E7-4754-BE5D-7A6EFA6AA458}.Debug|x64.ActiveCfg = Debug|Any CPU
		{90C5F610-B1E7-4754-BE5D-7A6EFA6AA458}.Debug|x64.Build.0 = Debug|Any CPU
		{90C5F610-B1E7-4754-BE5D-7A6EFA6AA458}.Debug|x86.ActiveCfg = Debug|Any CPU
		{90C5F610-B1E7-4754-BE5D-7A6EFA6AA458}.Debug|x86.Build.0 = Debug|Any CPU
		{90C5F610-B1E7-4754-BE5D-7A6EFA6AA458}.Release|Any CPU.ActiveCfg = Release|Any CPU
		{90C5F610-B1E7-4754-BE5D-7A6EFA6AA458}.Release|Any CPU.Build.0 = Release|Any CPU
		{90C5F610-B1E7-4754-BE5D-7A6EFA6AA458}.Release|x64.ActiveCfg = Release|Any CPU
		{90C5F610-B1E7-4754-BE5D-7A6EFA6AA458}.Release|x64.Build.0 = Release|Any CPU
		{90C5F610-B1E7-4754-BE5D-7A6EFA6AA458}.Release|x86.ActiveCfg = Release|Any CPU
		{90C5F610-B1E7-4754-BE5D-7A6EFA6AA458}.Release|x86.Build.0 = Release|Any CPU
		{323C2223-A9C3-4AE9-AD3F-744859276E55}.Debug|Any CPU.ActiveCfg = Debug|Any CPU
		{323C2223-A9C3-4AE9-AD3F-744859276E55}.Debug|Any CPU.Build.0 = Debug|Any CPU
		{323C2223-A9C3-4AE9-AD3F-744859276E55}.Debug|x64.ActiveCfg = Debug|Any CPU
		{323C2223-A9C3-4AE9-AD3F-744859276E55}.Debug|x64.Build.0 = Debug|Any CPU
		{323C2223-A9C3-4AE9-AD3F-744859276E55}.Debug|x86.ActiveCfg = Debug|Any CPU
		{323C2223-A9C3-4AE9-AD3F-744859276E55}.Debug|x86.Build.0 = Debug|Any CPU
		{323C2223-A9C3-4AE9-AD3F-744859276E55}.Release|Any CPU.ActiveCfg = Release|Any CPU
		{323C2223-A9C3-4AE9-AD3F-744859276E55}.Release|Any CPU.Build.0 = Release|Any CPU
		{323C2223-A9C3-4AE9-AD3F-744859276E55}.Release|x64.ActiveCfg = Release|Any CPU
		{323C2223-A9C3-4AE9-AD3F-744859276E55}.Release|x64.Build.0 = Release|Any CPU
		{323C2223-A9C3-4AE9-AD3F-744859276E55}.Release|x86.ActiveCfg = Release|Any CPU
		{323C2223-A9C3-4AE9-AD3F-744859276E55}.Release|x86.Build.0 = Release|Any CPU
		{5DE8E6BC-CEED-492F-8940-B8878B073CD5}.Debug|Any CPU.ActiveCfg = Debug|Any CPU
		{5DE8E6BC-CEED-492F-8940-B8878B073CD5}.Debug|Any CPU.Build.0 = Debug|Any CPU
		{5DE8E6BC-CEED-492F-8940-B8878B073CD5}.Debug|x64.ActiveCfg = Debug|Any CPU
		{5DE8E6BC-CEED-492F-8940-B8878B073CD5}.Debug|x64.Build.0 = Debug|Any CPU
		{5DE8E6BC-CEED-492F-8940-B8878B073CD5}.Debug|x86.ActiveCfg = Debug|Any CPU
		{5DE8E6BC-CEED-492F-8940-B8878B073CD5}.Debug|x86.Build.0 = Debug|Any CPU
		{5DE8E6BC-CEED-492F-8940-B8878B073CD5}.Release|Any CPU.ActiveCfg = Release|Any CPU
		{5DE8E6BC-CEED-492F-8940-B8878B073CD5}.Release|Any CPU.Build.0 = Release|Any CPU
		{5DE8E6BC-CEED-492F-8940-B8878B073CD5}.Release|x64.ActiveCfg = Release|Any CPU
		{5DE8E6BC-CEED-492F-8940-B8878B073CD5}.Release|x64.Build.0 = Release|Any CPU
		{5DE8E6BC-CEED-492F-8940-B8878B073CD5}.Release|x86.ActiveCfg = Release|Any CPU
		{5DE8E6BC-CEED-492F-8940-B8878B073CD5}.Release|x86.Build.0 = Release|Any CPU
		{143FAA14-29A2-42B3-96C5-F81E3B065A50}.Debug|Any CPU.ActiveCfg = Debug|Any CPU
		{143FAA14-29A2-42B3-96C5-F81E3B065A50}.Debug|Any CPU.Build.0 = Debug|Any CPU
		{143FAA14-29A2-42B3-96C5-F81E3B065A50}.Debug|x64.ActiveCfg = Debug|Any CPU
		{143FAA14-29A2-42B3-96C5-F81E3B065A50}.Debug|x64.Build.0 = Debug|Any CPU
		{143FAA14-29A2-42B3-96C5-F81E3B065A50}.Debug|x86.ActiveCfg = Debug|Any CPU
		{143FAA14-29A2-42B3-96C5-F81E3B065A50}.Debug|x86.Build.0 = Debug|Any CPU
		{143FAA14-29A2-42B3-96C5-F81E3B065A50}.Release|Any CPU.ActiveCfg = Release|Any CPU
		{143FAA14-29A2-42B3-96C5-F81E3B065A50}.Release|Any CPU.Build.0 = Release|Any CPU
		{143FAA14-29A2-42B3-96C5-F81E3B065A50}.Release|x64.ActiveCfg = Release|Any CPU
		{143FAA14-29A2-42B3-96C5-F81E3B065A50}.Release|x64.Build.0 = Release|Any CPU
		{143FAA14-29A2-42B3-96C5-F81E3B065A50}.Release|x86.ActiveCfg = Release|Any CPU
		{143FAA14-29A2-42B3-96C5-F81E3B065A50}.Release|x86.Build.0 = Release|Any CPU
		{4436BC6B-80A2-4081-AE05-73848E2D3CEA}.Debug|Any CPU.ActiveCfg = Debug|Any CPU
		{4436BC6B-80A2-4081-AE05-73848E2D3CEA}.Debug|Any CPU.Build.0 = Debug|Any CPU
		{4436BC6B-80A2-4081-AE05-73848E2D3CEA}.Debug|x64.ActiveCfg = Debug|Any CPU
		{4436BC6B-80A2-4081-AE05-73848E2D3CEA}.Debug|x64.Build.0 = Debug|Any CPU
		{4436BC6B-80A2-4081-AE05-73848E2D3CEA}.Debug|x86.ActiveCfg = Debug|Any CPU
		{4436BC6B-80A2-4081-AE05-73848E2D3CEA}.Debug|x86.Build.0 = Debug|Any CPU
		{4436BC6B-80A2-4081-AE05-73848E2D3CEA}.Release|Any CPU.ActiveCfg = Release|Any CPU
		{4436BC6B-80A2-4081-AE05-73848E2D3CEA}.Release|Any CPU.Build.0 = Release|Any CPU
		{4436BC6B-80A2-4081-AE05-73848E2D3CEA}.Release|x64.ActiveCfg = Release|Any CPU
		{4436BC6B-80A2-4081-AE05-73848E2D3CEA}.Release|x64.Build.0 = Release|Any CPU
		{4436BC6B-80A2-4081-AE05-73848E2D3CEA}.Release|x86.ActiveCfg = Release|Any CPU
		{4436BC6B-80A2-4081-AE05-73848E2D3CEA}.Release|x86.Build.0 = Release|Any CPU
		{DB8D090A-4D04-4CBD-9B32-6107138AD3D3}.Debug|Any CPU.ActiveCfg = Debug|Any CPU
		{DB8D090A-4D04-4CBD-9B32-6107138AD3D3}.Debug|Any CPU.Build.0 = Debug|Any CPU
		{DB8D090A-4D04-4CBD-9B32-6107138AD3D3}.Debug|x64.ActiveCfg = Debug|Any CPU
		{DB8D090A-4D04-4CBD-9B32-6107138AD3D3}.Debug|x64.Build.0 = Debug|Any CPU
		{DB8D090A-4D04-4CBD-9B32-6107138AD3D3}.Debug|x86.ActiveCfg = Debug|Any CPU
		{DB8D090A-4D04-4CBD-9B32-6107138AD3D3}.Debug|x86.Build.0 = Debug|Any CPU
		{DB8D090A-4D04-4CBD-9B32-6107138AD3D3}.Release|Any CPU.ActiveCfg = Release|Any CPU
		{DB8D090A-4D04-4CBD-9B32-6107138AD3D3}.Release|Any CPU.Build.0 = Release|Any CPU
		{DB8D090A-4D04-4CBD-9B32-6107138AD3D3}.Release|x64.ActiveCfg = Release|Any CPU
		{DB8D090A-4D04-4CBD-9B32-6107138AD3D3}.Release|x64.Build.0 = Release|Any CPU
		{DB8D090A-4D04-4CBD-9B32-6107138AD3D3}.Release|x86.ActiveCfg = Release|Any CPU
		{DB8D090A-4D04-4CBD-9B32-6107138AD3D3}.Release|x86.Build.0 = Release|Any CPU
		{3EC9C967-A122-49D8-A1B3-CCBD00C61D52}.Debug|Any CPU.ActiveCfg = Debug|Any CPU
		{3EC9C967-A122-49D8-A1B3-CCBD00C61D52}.Debug|Any CPU.Build.0 = Debug|Any CPU
		{3EC9C967-A122-49D8-A1B3-CCBD00C61D52}.Debug|x64.ActiveCfg = Debug|Any CPU
		{3EC9C967-A122-49D8-A1B3-CCBD00C61D52}.Debug|x64.Build.0 = Debug|Any CPU
		{3EC9C967-A122-49D8-A1B3-CCBD00C61D52}.Debug|x86.ActiveCfg = Debug|Any CPU
		{3EC9C967-A122-49D8-A1B3-CCBD00C61D52}.Debug|x86.Build.0 = Debug|Any CPU
		{3EC9C967-A122-49D8-A1B3-CCBD00C61D52}.Release|Any CPU.ActiveCfg = Release|Any CPU
		{3EC9C967-A122-49D8-A1B3-CCBD00C61D52}.Release|Any CPU.Build.0 = Release|Any CPU
		{3EC9C967-A122-49D8-A1B3-CCBD00C61D52}.Release|x64.ActiveCfg = Release|Any CPU
		{3EC9C967-A122-49D8-A1B3-CCBD00C61D52}.Release|x64.Build.0 = Release|Any CPU
		{3EC9C967-A122-49D8-A1B3-CCBD00C61D52}.Release|x86.ActiveCfg = Release|Any CPU
		{3EC9C967-A122-49D8-A1B3-CCBD00C61D52}.Release|x86.Build.0 = Release|Any CPU
		{A7ECABFB-8FD2-460A-A97A-94113CC43827}.Debug|Any CPU.ActiveCfg = Debug|Any CPU
		{A7ECABFB-8FD2-460A-A97A-94113CC43827}.Debug|Any CPU.Build.0 = Debug|Any CPU
		{A7ECABFB-8FD2-460A-A97A-94113CC43827}.Debug|x64.ActiveCfg = Debug|Any CPU
		{A7ECABFB-8FD2-460A-A97A-94113CC43827}.Debug|x64.Build.0 = Debug|Any CPU
		{A7ECABFB-8FD2-460A-A97A-94113CC43827}.Debug|x86.ActiveCfg = Debug|Any CPU
		{A7ECABFB-8FD2-460A-A97A-94113CC43827}.Debug|x86.Build.0 = Debug|Any CPU
		{A7ECABFB-8FD2-460A-A97A-94113CC43827}.Release|Any CPU.ActiveCfg = Release|Any CPU
		{A7ECABFB-8FD2-460A-A97A-94113CC43827}.Release|Any CPU.Build.0 = Release|Any CPU
		{A7ECABFB-8FD2-460A-A97A-94113CC43827}.Release|x64.ActiveCfg = Release|Any CPU
		{A7ECABFB-8FD2-460A-A97A-94113CC43827}.Release|x64.Build.0 = Release|Any CPU
		{A7ECABFB-8FD2-460A-A97A-94113CC43827}.Release|x86.ActiveCfg = Release|Any CPU
		{A7ECABFB-8FD2-460A-A97A-94113CC43827}.Release|x86.Build.0 = Release|Any CPU
		{41A9D082-B86E-4D3F-9B5A-996B40D59644}.Debug|Any CPU.ActiveCfg = Debug|Any CPU
		{41A9D082-B86E-4D3F-9B5A-996B40D59644}.Debug|Any CPU.Build.0 = Debug|Any CPU
		{41A9D082-B86E-4D3F-9B5A-996B40D59644}.Debug|x64.ActiveCfg = Debug|Any CPU
		{41A9D082-B86E-4D3F-9B5A-996B40D59644}.Debug|x64.Build.0 = Debug|Any CPU
		{41A9D082-B86E-4D3F-9B5A-996B40D59644}.Debug|x86.ActiveCfg = Debug|Any CPU
		{41A9D082-B86E-4D3F-9B5A-996B40D59644}.Debug|x86.Build.0 = Debug|Any CPU
		{41A9D082-B86E-4D3F-9B5A-996B40D59644}.Release|Any CPU.ActiveCfg = Release|Any CPU
		{41A9D082-B86E-4D3F-9B5A-996B40D59644}.Release|Any CPU.Build.0 = Release|Any CPU
		{41A9D082-B86E-4D3F-9B5A-996B40D59644}.Release|x64.ActiveCfg = Release|Any CPU
		{41A9D082-B86E-4D3F-9B5A-996B40D59644}.Release|x64.Build.0 = Release|Any CPU
		{41A9D082-B86E-4D3F-9B5A-996B40D59644}.Release|x86.ActiveCfg = Release|Any CPU
		{41A9D082-B86E-4D3F-9B5A-996B40D59644}.Release|x86.Build.0 = Release|Any CPU
		{3D20F7D1-67CE-449F-A4E7-BBAA25ACF1D9}.Debug|Any CPU.ActiveCfg = Debug|Any CPU
		{3D20F7D1-67CE-449F-A4E7-BBAA25ACF1D9}.Debug|Any CPU.Build.0 = Debug|Any CPU
		{3D20F7D1-67CE-449F-A4E7-BBAA25ACF1D9}.Debug|x64.ActiveCfg = Debug|Any CPU
		{3D20F7D1-67CE-449F-A4E7-BBAA25ACF1D9}.Debug|x64.Build.0 = Debug|Any CPU
		{3D20F7D1-67CE-449F-A4E7-BBAA25ACF1D9}.Debug|x86.ActiveCfg = Debug|Any CPU
		{3D20F7D1-67CE-449F-A4E7-BBAA25ACF1D9}.Debug|x86.Build.0 = Debug|Any CPU
		{3D20F7D1-67CE-449F-A4E7-BBAA25ACF1D9}.Release|Any CPU.ActiveCfg = Release|Any CPU
		{3D20F7D1-67CE-449F-A4E7-BBAA25ACF1D9}.Release|Any CPU.Build.0 = Release|Any CPU
		{3D20F7D1-67CE-449F-A4E7-BBAA25ACF1D9}.Release|x64.ActiveCfg = Release|Any CPU
		{3D20F7D1-67CE-449F-A4E7-BBAA25ACF1D9}.Release|x64.Build.0 = Release|Any CPU
		{3D20F7D1-67CE-449F-A4E7-BBAA25ACF1D9}.Release|x86.ActiveCfg = Release|Any CPU
		{3D20F7D1-67CE-449F-A4E7-BBAA25ACF1D9}.Release|x86.Build.0 = Release|Any CPU
		{35D06318-445E-42E8-8984-749C35DCB02B}.Debug|Any CPU.ActiveCfg = Debug|Any CPU
		{35D06318-445E-42E8-8984-749C35DCB02B}.Debug|Any CPU.Build.0 = Debug|Any CPU
		{35D06318-445E-42E8-8984-749C35DCB02B}.Debug|x64.ActiveCfg = Debug|Any CPU
		{35D06318-445E-42E8-8984-749C35DCB02B}.Debug|x64.Build.0 = Debug|Any CPU
		{35D06318-445E-42E8-8984-749C35DCB02B}.Debug|x86.ActiveCfg = Debug|Any CPU
		{35D06318-445E-42E8-8984-749C35DCB02B}.Debug|x86.Build.0 = Debug|Any CPU
		{35D06318-445E-42E8-8984-749C35DCB02B}.Release|Any CPU.ActiveCfg = Release|Any CPU
		{35D06318-445E-42E8-8984-749C35DCB02B}.Release|Any CPU.Build.0 = Release|Any CPU
		{35D06318-445E-42E8-8984-749C35DCB02B}.Release|x64.ActiveCfg = Release|Any CPU
		{35D06318-445E-42E8-8984-749C35DCB02B}.Release|x64.Build.0 = Release|Any CPU
		{35D06318-445E-42E8-8984-749C35DCB02B}.Release|x86.ActiveCfg = Release|Any CPU
		{35D06318-445E-42E8-8984-749C35DCB02B}.Release|x86.Build.0 = Release|Any CPU
		{71A97247-5DAA-45E1-87B3-FFCBD1D0B00B}.Debug|Any CPU.ActiveCfg = Debug|Any CPU
		{71A97247-5DAA-45E1-87B3-FFCBD1D0B00B}.Debug|Any CPU.Build.0 = Debug|Any CPU
		{71A97247-5DAA-45E1-87B3-FFCBD1D0B00B}.Debug|x64.ActiveCfg = Debug|Any CPU
		{71A97247-5DAA-45E1-87B3-FFCBD1D0B00B}.Debug|x64.Build.0 = Debug|Any CPU
		{71A97247-5DAA-45E1-87B3-FFCBD1D0B00B}.Debug|x86.ActiveCfg = Debug|Any CPU
		{71A97247-5DAA-45E1-87B3-FFCBD1D0B00B}.Debug|x86.Build.0 = Debug|Any CPU
		{71A97247-5DAA-45E1-87B3-FFCBD1D0B00B}.Release|Any CPU.ActiveCfg = Release|Any CPU
		{71A97247-5DAA-45E1-87B3-FFCBD1D0B00B}.Release|Any CPU.Build.0 = Release|Any CPU
		{71A97247-5DAA-45E1-87B3-FFCBD1D0B00B}.Release|x64.ActiveCfg = Release|Any CPU
		{71A97247-5DAA-45E1-87B3-FFCBD1D0B00B}.Release|x64.Build.0 = Release|Any CPU
		{71A97247-5DAA-45E1-87B3-FFCBD1D0B00B}.Release|x86.ActiveCfg = Release|Any CPU
		{71A97247-5DAA-45E1-87B3-FFCBD1D0B00B}.Release|x86.Build.0 = Release|Any CPU
		{9665FBC2-5787-46CC-8C1E-D915C4F99CFF}.Debug|Any CPU.ActiveCfg = Debug|Any CPU
		{9665FBC2-5787-46CC-8C1E-D915C4F99CFF}.Debug|Any CPU.Build.0 = Debug|Any CPU
		{9665FBC2-5787-46CC-8C1E-D915C4F99CFF}.Debug|x64.ActiveCfg = Debug|Any CPU
		{9665FBC2-5787-46CC-8C1E-D915C4F99CFF}.Debug|x64.Build.0 = Debug|Any CPU
		{9665FBC2-5787-46CC-8C1E-D915C4F99CFF}.Debug|x86.ActiveCfg = Debug|Any CPU
		{9665FBC2-5787-46CC-8C1E-D915C4F99CFF}.Debug|x86.Build.0 = Debug|Any CPU
		{9665FBC2-5787-46CC-8C1E-D915C4F99CFF}.Release|Any CPU.ActiveCfg = Release|Any CPU
		{9665FBC2-5787-46CC-8C1E-D915C4F99CFF}.Release|Any CPU.Build.0 = Release|Any CPU
		{9665FBC2-5787-46CC-8C1E-D915C4F99CFF}.Release|x64.ActiveCfg = Release|Any CPU
		{9665FBC2-5787-46CC-8C1E-D915C4F99CFF}.Release|x64.Build.0 = Release|Any CPU
		{9665FBC2-5787-46CC-8C1E-D915C4F99CFF}.Release|x86.ActiveCfg = Release|Any CPU
		{9665FBC2-5787-46CC-8C1E-D915C4F99CFF}.Release|x86.Build.0 = Release|Any CPU
		{E00EEF08-1310-4FB9-AC25-C19E6B9FC3EB}.Debug|Any CPU.ActiveCfg = Debug|Any CPU
		{E00EEF08-1310-4FB9-AC25-C19E6B9FC3EB}.Debug|Any CPU.Build.0 = Debug|Any CPU
		{E00EEF08-1310-4FB9-AC25-C19E6B9FC3EB}.Debug|x64.ActiveCfg = Debug|Any CPU
		{E00EEF08-1310-4FB9-AC25-C19E6B9FC3EB}.Debug|x64.Build.0 = Debug|Any CPU
		{E00EEF08-1310-4FB9-AC25-C19E6B9FC3EB}.Debug|x86.ActiveCfg = Debug|Any CPU
		{E00EEF08-1310-4FB9-AC25-C19E6B9FC3EB}.Debug|x86.Build.0 = Debug|Any CPU
		{E00EEF08-1310-4FB9-AC25-C19E6B9FC3EB}.Release|Any CPU.ActiveCfg = Release|Any CPU
		{E00EEF08-1310-4FB9-AC25-C19E6B9FC3EB}.Release|Any CPU.Build.0 = Release|Any CPU
		{E00EEF08-1310-4FB9-AC25-C19E6B9FC3EB}.Release|x64.ActiveCfg = Release|Any CPU
		{E00EEF08-1310-4FB9-AC25-C19E6B9FC3EB}.Release|x64.Build.0 = Release|Any CPU
		{E00EEF08-1310-4FB9-AC25-C19E6B9FC3EB}.Release|x86.ActiveCfg = Release|Any CPU
		{E00EEF08-1310-4FB9-AC25-C19E6B9FC3EB}.Release|x86.Build.0 = Release|Any CPU
		{F49F3AC9-0F6B-47B0-81C0-A067CA7F911E}.Debug|Any CPU.ActiveCfg = Debug|Any CPU
		{F49F3AC9-0F6B-47B0-81C0-A067CA7F911E}.Debug|Any CPU.Build.0 = Debug|Any CPU
		{F49F3AC9-0F6B-47B0-81C0-A067CA7F911E}.Debug|x64.ActiveCfg = Debug|Any CPU
		{F49F3AC9-0F6B-47B0-81C0-A067CA7F911E}.Debug|x64.Build.0 = Debug|Any CPU
		{F49F3AC9-0F6B-47B0-81C0-A067CA7F911E}.Debug|x86.ActiveCfg = Debug|Any CPU
		{F49F3AC9-0F6B-47B0-81C0-A067CA7F911E}.Debug|x86.Build.0 = Debug|Any CPU
		{F49F3AC9-0F6B-47B0-81C0-A067CA7F911E}.Release|Any CPU.ActiveCfg = Release|Any CPU
		{F49F3AC9-0F6B-47B0-81C0-A067CA7F911E}.Release|Any CPU.Build.0 = Release|Any CPU
		{F49F3AC9-0F6B-47B0-81C0-A067CA7F911E}.Release|x64.ActiveCfg = Release|Any CPU
		{F49F3AC9-0F6B-47B0-81C0-A067CA7F911E}.Release|x64.Build.0 = Release|Any CPU
		{F49F3AC9-0F6B-47B0-81C0-A067CA7F911E}.Release|x86.ActiveCfg = Release|Any CPU
		{F49F3AC9-0F6B-47B0-81C0-A067CA7F911E}.Release|x86.Build.0 = Release|Any CPU
		{F4429203-4610-47FE-B13F-635FDA127978}.Debug|Any CPU.ActiveCfg = Debug|Any CPU
		{F4429203-4610-47FE-B13F-635FDA127978}.Debug|Any CPU.Build.0 = Debug|Any CPU
		{F4429203-4610-47FE-B13F-635FDA127978}.Debug|x64.ActiveCfg = Debug|Any CPU
		{F4429203-4610-47FE-B13F-635FDA127978}.Debug|x64.Build.0 = Debug|Any CPU
		{F4429203-4610-47FE-B13F-635FDA127978}.Debug|x86.ActiveCfg = Debug|Any CPU
		{F4429203-4610-47FE-B13F-635FDA127978}.Debug|x86.Build.0 = Debug|Any CPU
		{F4429203-4610-47FE-B13F-635FDA127978}.Release|Any CPU.ActiveCfg = Release|Any CPU
		{F4429203-4610-47FE-B13F-635FDA127978}.Release|Any CPU.Build.0 = Release|Any CPU
		{F4429203-4610-47FE-B13F-635FDA127978}.Release|x64.ActiveCfg = Release|Any CPU
		{F4429203-4610-47FE-B13F-635FDA127978}.Release|x64.Build.0 = Release|Any CPU
		{F4429203-4610-47FE-B13F-635FDA127978}.Release|x86.ActiveCfg = Release|Any CPU
		{F4429203-4610-47FE-B13F-635FDA127978}.Release|x86.Build.0 = Release|Any CPU
		{63C5BD05-DA9F-499C-B676-91D580C536BD}.Debug|Any CPU.ActiveCfg = Debug|Any CPU
		{63C5BD05-DA9F-499C-B676-91D580C536BD}.Debug|Any CPU.Build.0 = Debug|Any CPU
		{63C5BD05-DA9F-499C-B676-91D580C536BD}.Debug|x64.ActiveCfg = Debug|Any CPU
		{63C5BD05-DA9F-499C-B676-91D580C536BD}.Debug|x64.Build.0 = Debug|Any CPU
		{63C5BD05-DA9F-499C-B676-91D580C536BD}.Debug|x86.ActiveCfg = Debug|Any CPU
		{63C5BD05-DA9F-499C-B676-91D580C536BD}.Debug|x86.Build.0 = Debug|Any CPU
		{63C5BD05-DA9F-499C-B676-91D580C536BD}.Release|Any CPU.ActiveCfg = Release|Any CPU
		{63C5BD05-DA9F-499C-B676-91D580C536BD}.Release|Any CPU.Build.0 = Release|Any CPU
		{63C5BD05-DA9F-499C-B676-91D580C536BD}.Release|x64.ActiveCfg = Release|Any CPU
		{63C5BD05-DA9F-499C-B676-91D580C536BD}.Release|x64.Build.0 = Release|Any CPU
		{63C5BD05-DA9F-499C-B676-91D580C536BD}.Release|x86.ActiveCfg = Release|Any CPU
		{63C5BD05-DA9F-499C-B676-91D580C536BD}.Release|x86.Build.0 = Release|Any CPU
		{21AFA9A3-0A0E-46A6-A16F-5D945BF87DC1}.Debug|Any CPU.ActiveCfg = Debug|Any CPU
		{21AFA9A3-0A0E-46A6-A16F-5D945BF87DC1}.Debug|Any CPU.Build.0 = Debug|Any CPU
		{21AFA9A3-0A0E-46A6-A16F-5D945BF87DC1}.Debug|x64.ActiveCfg = Debug|Any CPU
		{21AFA9A3-0A0E-46A6-A16F-5D945BF87DC1}.Debug|x64.Build.0 = Debug|Any CPU
		{21AFA9A3-0A0E-46A6-A16F-5D945BF87DC1}.Debug|x86.ActiveCfg = Debug|Any CPU
		{21AFA9A3-0A0E-46A6-A16F-5D945BF87DC1}.Debug|x86.Build.0 = Debug|Any CPU
		{21AFA9A3-0A0E-46A6-A16F-5D945BF87DC1}.Release|Any CPU.ActiveCfg = Release|Any CPU
		{21AFA9A3-0A0E-46A6-A16F-5D945BF87DC1}.Release|Any CPU.Build.0 = Release|Any CPU
		{21AFA9A3-0A0E-46A6-A16F-5D945BF87DC1}.Release|x64.ActiveCfg = Release|Any CPU
		{21AFA9A3-0A0E-46A6-A16F-5D945BF87DC1}.Release|x64.Build.0 = Release|Any CPU
		{21AFA9A3-0A0E-46A6-A16F-5D945BF87DC1}.Release|x86.ActiveCfg = Release|Any CPU
		{21AFA9A3-0A0E-46A6-A16F-5D945BF87DC1}.Release|x86.Build.0 = Release|Any CPU
		{86337387-1B54-4B61-BCAD-AE9C483A7AD6}.Debug|Any CPU.ActiveCfg = Debug|Any CPU
		{86337387-1B54-4B61-BCAD-AE9C483A7AD6}.Debug|Any CPU.Build.0 = Debug|Any CPU
		{86337387-1B54-4B61-BCAD-AE9C483A7AD6}.Debug|x64.ActiveCfg = Debug|Any CPU
		{86337387-1B54-4B61-BCAD-AE9C483A7AD6}.Debug|x64.Build.0 = Debug|Any CPU
		{86337387-1B54-4B61-BCAD-AE9C483A7AD6}.Debug|x86.ActiveCfg = Debug|Any CPU
		{86337387-1B54-4B61-BCAD-AE9C483A7AD6}.Debug|x86.Build.0 = Debug|Any CPU
		{86337387-1B54-4B61-BCAD-AE9C483A7AD6}.Release|Any CPU.ActiveCfg = Release|Any CPU
		{86337387-1B54-4B61-BCAD-AE9C483A7AD6}.Release|Any CPU.Build.0 = Release|Any CPU
		{86337387-1B54-4B61-BCAD-AE9C483A7AD6}.Release|x64.ActiveCfg = Release|Any CPU
		{86337387-1B54-4B61-BCAD-AE9C483A7AD6}.Release|x64.Build.0 = Release|Any CPU
		{86337387-1B54-4B61-BCAD-AE9C483A7AD6}.Release|x86.ActiveCfg = Release|Any CPU
		{86337387-1B54-4B61-BCAD-AE9C483A7AD6}.Release|x86.Build.0 = Release|Any CPU
		{5878A5F7-5701-4DB6-92DF-06226DAE883E}.Debug|Any CPU.ActiveCfg = Debug|Any CPU
		{5878A5F7-5701-4DB6-92DF-06226DAE883E}.Debug|Any CPU.Build.0 = Debug|Any CPU
		{5878A5F7-5701-4DB6-92DF-06226DAE883E}.Debug|x64.ActiveCfg = Debug|Any CPU
		{5878A5F7-5701-4DB6-92DF-06226DAE883E}.Debug|x64.Build.0 = Debug|Any CPU
		{5878A5F7-5701-4DB6-92DF-06226DAE883E}.Debug|x86.ActiveCfg = Debug|Any CPU
		{5878A5F7-5701-4DB6-92DF-06226DAE883E}.Debug|x86.Build.0 = Debug|Any CPU
		{5878A5F7-5701-4DB6-92DF-06226DAE883E}.Release|Any CPU.ActiveCfg = Release|Any CPU
		{5878A5F7-5701-4DB6-92DF-06226DAE883E}.Release|Any CPU.Build.0 = Release|Any CPU
		{5878A5F7-5701-4DB6-92DF-06226DAE883E}.Release|x64.ActiveCfg = Release|Any CPU
		{5878A5F7-5701-4DB6-92DF-06226DAE883E}.Release|x64.Build.0 = Release|Any CPU
		{5878A5F7-5701-4DB6-92DF-06226DAE883E}.Release|x86.ActiveCfg = Release|Any CPU
		{5878A5F7-5701-4DB6-92DF-06226DAE883E}.Release|x86.Build.0 = Release|Any CPU
		{7639B47F-A817-4E85-B247-3E7A22ECB65E}.Debug|Any CPU.ActiveCfg = Debug|Any CPU
		{7639B47F-A817-4E85-B247-3E7A22ECB65E}.Debug|Any CPU.Build.0 = Debug|Any CPU
		{7639B47F-A817-4E85-B247-3E7A22ECB65E}.Debug|x64.ActiveCfg = Debug|Any CPU
		{7639B47F-A817-4E85-B247-3E7A22ECB65E}.Debug|x64.Build.0 = Debug|Any CPU
		{7639B47F-A817-4E85-B247-3E7A22ECB65E}.Debug|x86.ActiveCfg = Debug|Any CPU
		{7639B47F-A817-4E85-B247-3E7A22ECB65E}.Debug|x86.Build.0 = Debug|Any CPU
		{7639B47F-A817-4E85-B247-3E7A22ECB65E}.Release|Any CPU.ActiveCfg = Release|Any CPU
		{7639B47F-A817-4E85-B247-3E7A22ECB65E}.Release|Any CPU.Build.0 = Release|Any CPU
		{7639B47F-A817-4E85-B247-3E7A22ECB65E}.Release|x64.ActiveCfg = Release|Any CPU
		{7639B47F-A817-4E85-B247-3E7A22ECB65E}.Release|x64.Build.0 = Release|Any CPU
		{7639B47F-A817-4E85-B247-3E7A22ECB65E}.Release|x86.ActiveCfg = Release|Any CPU
		{7639B47F-A817-4E85-B247-3E7A22ECB65E}.Release|x86.Build.0 = Release|Any CPU
		{0EA24517-ACDD-49FA-91D9-FA15DFC40AFF}.Debug|Any CPU.ActiveCfg = Debug|Any CPU
		{0EA24517-ACDD-49FA-91D9-FA15DFC40AFF}.Debug|Any CPU.Build.0 = Debug|Any CPU
		{0EA24517-ACDD-49FA-91D9-FA15DFC40AFF}.Debug|x64.ActiveCfg = Debug|Any CPU
		{0EA24517-ACDD-49FA-91D9-FA15DFC40AFF}.Debug|x64.Build.0 = Debug|Any CPU
		{0EA24517-ACDD-49FA-91D9-FA15DFC40AFF}.Debug|x86.ActiveCfg = Debug|Any CPU
		{0EA24517-ACDD-49FA-91D9-FA15DFC40AFF}.Debug|x86.Build.0 = Debug|Any CPU
		{0EA24517-ACDD-49FA-91D9-FA15DFC40AFF}.Release|Any CPU.ActiveCfg = Release|Any CPU
		{0EA24517-ACDD-49FA-91D9-FA15DFC40AFF}.Release|Any CPU.Build.0 = Release|Any CPU
		{0EA24517-ACDD-49FA-91D9-FA15DFC40AFF}.Release|x64.ActiveCfg = Release|Any CPU
		{0EA24517-ACDD-49FA-91D9-FA15DFC40AFF}.Release|x64.Build.0 = Release|Any CPU
		{0EA24517-ACDD-49FA-91D9-FA15DFC40AFF}.Release|x86.ActiveCfg = Release|Any CPU
		{0EA24517-ACDD-49FA-91D9-FA15DFC40AFF}.Release|x86.Build.0 = Release|Any CPU
		{5AF6EFFB-3C4E-4E85-9F6C-9B3004CBEC18}.Debug|Any CPU.ActiveCfg = Debug|Any CPU
		{5AF6EFFB-3C4E-4E85-9F6C-9B3004CBEC18}.Debug|Any CPU.Build.0 = Debug|Any CPU
		{5AF6EFFB-3C4E-4E85-9F6C-9B3004CBEC18}.Debug|x64.ActiveCfg = Debug|Any CPU
		{5AF6EFFB-3C4E-4E85-9F6C-9B3004CBEC18}.Debug|x64.Build.0 = Debug|Any CPU
		{5AF6EFFB-3C4E-4E85-9F6C-9B3004CBEC18}.Debug|x86.ActiveCfg = Debug|Any CPU
		{5AF6EFFB-3C4E-4E85-9F6C-9B3004CBEC18}.Debug|x86.Build.0 = Debug|Any CPU
		{5AF6EFFB-3C4E-4E85-9F6C-9B3004CBEC18}.Release|Any CPU.ActiveCfg = Release|Any CPU
		{5AF6EFFB-3C4E-4E85-9F6C-9B3004CBEC18}.Release|Any CPU.Build.0 = Release|Any CPU
		{5AF6EFFB-3C4E-4E85-9F6C-9B3004CBEC18}.Release|x64.ActiveCfg = Release|Any CPU
		{5AF6EFFB-3C4E-4E85-9F6C-9B3004CBEC18}.Release|x64.Build.0 = Release|Any CPU
		{5AF6EFFB-3C4E-4E85-9F6C-9B3004CBEC18}.Release|x86.ActiveCfg = Release|Any CPU
		{5AF6EFFB-3C4E-4E85-9F6C-9B3004CBEC18}.Release|x86.Build.0 = Release|Any CPU
		{B5A6B3CF-8545-4BE8-BE45-246DFE0B0E8A}.Debug|Any CPU.ActiveCfg = Debug|Any CPU
		{B5A6B3CF-8545-4BE8-BE45-246DFE0B0E8A}.Debug|Any CPU.Build.0 = Debug|Any CPU
		{B5A6B3CF-8545-4BE8-BE45-246DFE0B0E8A}.Debug|x64.ActiveCfg = Debug|Any CPU
		{B5A6B3CF-8545-4BE8-BE45-246DFE0B0E8A}.Debug|x64.Build.0 = Debug|Any CPU
		{B5A6B3CF-8545-4BE8-BE45-246DFE0B0E8A}.Debug|x86.ActiveCfg = Debug|Any CPU
		{B5A6B3CF-8545-4BE8-BE45-246DFE0B0E8A}.Debug|x86.Build.0 = Debug|Any CPU
		{B5A6B3CF-8545-4BE8-BE45-246DFE0B0E8A}.Release|Any CPU.ActiveCfg = Release|Any CPU
		{B5A6B3CF-8545-4BE8-BE45-246DFE0B0E8A}.Release|Any CPU.Build.0 = Release|Any CPU
		{B5A6B3CF-8545-4BE8-BE45-246DFE0B0E8A}.Release|x64.ActiveCfg = Release|Any CPU
		{B5A6B3CF-8545-4BE8-BE45-246DFE0B0E8A}.Release|x64.Build.0 = Release|Any CPU
		{B5A6B3CF-8545-4BE8-BE45-246DFE0B0E8A}.Release|x86.ActiveCfg = Release|Any CPU
		{B5A6B3CF-8545-4BE8-BE45-246DFE0B0E8A}.Release|x86.Build.0 = Release|Any CPU
		{B57C7BCE-E428-4253-AA83-82030AC67C8F}.Debug|Any CPU.ActiveCfg = Debug|Any CPU
		{B57C7BCE-E428-4253-AA83-82030AC67C8F}.Debug|Any CPU.Build.0 = Debug|Any CPU
		{B57C7BCE-E428-4253-AA83-82030AC67C8F}.Debug|x64.ActiveCfg = Debug|Any CPU
		{B57C7BCE-E428-4253-AA83-82030AC67C8F}.Debug|x64.Build.0 = Debug|Any CPU
		{B57C7BCE-E428-4253-AA83-82030AC67C8F}.Debug|x86.ActiveCfg = Debug|Any CPU
		{B57C7BCE-E428-4253-AA83-82030AC67C8F}.Debug|x86.Build.0 = Debug|Any CPU
		{B57C7BCE-E428-4253-AA83-82030AC67C8F}.Release|Any CPU.ActiveCfg = Release|Any CPU
		{B57C7BCE-E428-4253-AA83-82030AC67C8F}.Release|Any CPU.Build.0 = Release|Any CPU
		{B57C7BCE-E428-4253-AA83-82030AC67C8F}.Release|x64.ActiveCfg = Release|Any CPU
		{B57C7BCE-E428-4253-AA83-82030AC67C8F}.Release|x64.Build.0 = Release|Any CPU
		{B57C7BCE-E428-4253-AA83-82030AC67C8F}.Release|x86.ActiveCfg = Release|Any CPU
		{B57C7BCE-E428-4253-AA83-82030AC67C8F}.Release|x86.Build.0 = Release|Any CPU
	EndGlobalSection
EndGlobal
