
Microsoft Visual Studio Solution File, Format Version 12.00
# Visual Studio 15
VisualStudioVersion = 15.0.26124.0
MinimumVisualStudioVersion = 15.0.26124.0
Project("{FAE04EC0-301F-11D3-BF4B-00C04F79EFBC}") = "Penguin.Cms.Modules.Forms.Local", "Penguin.Cms.Modules.Forms.Local.csproj", "{47A80F5B-E952-48C8-A788-F464141C45F0}"
EndProject
Project("{FAE04EC0-301F-11D3-BF4B-00C04F79EFBC}") = "Penguin.Cms.Email.Abstractions.Local", "..\Penguin.Cms.Email.Abstractions\Penguin.Cms.Email.Abstractions.Local.csproj", "{F762BA08-91F0-43D6-8D82-372FC7B7D1DF}"
EndProject
Project("{FAE04EC0-301F-11D3-BF4B-00C04F79EFBC}") = "Penguin.Email.Abstractions.Local", "..\Penguin.Email.Abstractions\Penguin.Email.Abstractions.Local.csproj", "{30CD3D85-2493-46F2-99D0-9E3707B1442F}"
EndProject
Project("{FAE04EC0-301F-11D3-BF4B-00C04F79EFBC}") = "Penguin.Files.Abstractions.Local", "..\Penguin.Files.Abstractions\Penguin.Files.Abstractions.Local.csproj", "{5776AFAD-7F4B-43D1-B563-FF4DB02291B1}"
EndProject
Project("{FAE04EC0-301F-11D3-BF4B-00C04F79EFBC}") = "Penguin.Email.Templating.Abstractions.Local", "..\Penguin.Email.Templating.Abstractions\Penguin.Email.Templating.Abstractions.Local.csproj", "{FE377C70-AE32-4816-AA15-BF46F58E5843}"
EndProject
Project("{FAE04EC0-301F-11D3-BF4B-00C04F79EFBC}") = "Penguin.Templating.Abstractions.Local", "..\Penguin.Templating.Abstractions\Penguin.Templating.Abstractions.Local.csproj", "{EE6D3B09-BB04-47E2-9C7C-9192EF3C8A74}"
EndProject
Project("{FAE04EC0-301F-11D3-BF4B-00C04F79EFBC}") = "Penguin.Cms.Forms.Repositories.Local", "..\Penguin.Cms.Forms.Repositories\Penguin.Cms.Forms.Repositories.Local.csproj", "{611EF0CD-4F93-4935-9871-043D7E72D51B}"
EndProject
Project("{FAE04EC0-301F-11D3-BF4B-00C04F79EFBC}") = "Penguin.Security.Abstractions.Local", "..\Penguin.Security.Abstractions\Penguin.Security.Abstractions.Local.csproj", "{F8796C98-75F6-43E2-8476-A22603AED089}"
EndProject
Project("{FAE04EC0-301F-11D3-BF4B-00C04F79EFBC}") = "Penguin.Cms.Forms.Local", "..\Penguin.Cms.Forms\Penguin.Cms.Forms.Local.csproj", "{0133850C-EED1-4703-9CC1-A5A355FC9F2E}"
EndProject
Project("{FAE04EC0-301F-11D3-BF4B-00C04F79EFBC}") = "Penguin.Forms.Abstractions.Local", "..\Penguin.Forms.Abstractions\Penguin.Forms.Abstractions.Local.csproj", "{20D428E6-F1A8-4221-92E5-66AC632830CF}"
EndProject
Project("{FAE04EC0-301F-11D3-BF4B-00C04F79EFBC}") = "Penguin.Cms.Abstractions.Local", "..\Penguin.Cms.Abstractions\Penguin.Cms.Abstractions.Local.csproj", "{FC7C0886-DFFF-4E19-88DF-49A5BB21BCF3}"
EndProject
Project("{FAE04EC0-301F-11D3-BF4B-00C04F79EFBC}") = "Penguin.DependencyInjection.Abstractions.Local", "..\Penguin.DependencyInjection.Abstractions\Penguin.DependencyInjection.Abstractions.Local.csproj", "{E842D2E5-C24E-4E46-B3CD-FCD56FA17DBF}"
EndProject
Project("{FAE04EC0-301F-11D3-BF4B-00C04F79EFBC}") = "Penguin.Persistence.Abstractions.Local", "..\Penguin.Persistence.Abstractions\Penguin.Persistence.Abstractions.Local.csproj", "{79129363-1E37-4A81-8360-A2C95ADFFA0A}"
EndProject
Project("{FAE04EC0-301F-11D3-BF4B-00C04F79EFBC}") = "Penguin.Entities.Abstractions.Local", "..\Penguin.Entities.Abstractions\Penguin.Entities.Abstractions.Local.csproj", "{401E1134-DE3B-4D76-B334-1F64152818BC}"
EndProject
Project("{FAE04EC0-301F-11D3-BF4B-00C04F79EFBC}") = "Penguin.Reflection.Extensions.Local", "..\Penguin.Reflection.Extensions\Penguin.Reflection.Extensions.Local.csproj", "{3B2B0A8C-DBEB-42BC-B817-4E112F6C5261}"
EndProject
Project("{FAE04EC0-301F-11D3-BF4B-00C04F79EFBC}") = "Penguin.Reflection.Abstractions.Local", "..\Penguin.Reflection.Abstractions\Penguin.Reflection.Abstractions.Local.csproj", "{0819DBEF-80EA-4C02-9EF2-08EDACCB0915}"
EndProject
Project("{FAE04EC0-301F-11D3-BF4B-00C04F79EFBC}") = "Penguin.Extensions.String.Local", "..\Penguin.Extensions.String\Penguin.Extensions.String.Local.csproj", "{2ED222CF-A8AE-4E6C-AECD-64BDF8221B04}"
EndProject
Project("{FAE04EC0-301F-11D3-BF4B-00C04F79EFBC}") = "Penguin.Cms.Entities.Local", "..\Penguin.Cms.Entities\Penguin.Cms.Entities.Local.csproj", "{27975520-15D8-42CA-B0C7-BAA84DBD07FA}"
EndProject
Project("{FAE04EC0-301F-11D3-BF4B-00C04F79EFBC}") = "Penguin.Cms.Repositories.Local", "..\Penguin.Cms.Repositories\Penguin.Cms.Repositories.Local.csproj", "{8A7A13E3-F80A-43C8-93B8-E470DA6F1196}"
EndProject
Project("{FAE04EC0-301F-11D3-BF4B-00C04F79EFBC}") = "Penguin.Persistence.Repositories.Local", "..\Penguin.Persistence.Repositories\Penguin.Persistence.Repositories.Local.csproj", "{14004E35-BD29-4DDB-A25D-C7347ED03D2D}"
EndProject
Project("{FAE04EC0-301F-11D3-BF4B-00C04F79EFBC}") = "Penguin.Messaging.Core.Local", "..\Penguin.Messaging.Core\Penguin.Messaging.Core.Local.csproj", "{85B550D9-3D37-4683-B523-12326B5720A1}"
EndProject
Project("{FAE04EC0-301F-11D3-BF4B-00C04F79EFBC}") = "Penguin.Debugging.Local", "..\Penguin.Debugging\Penguin.Debugging.Local.csproj", "{BCBAEB1B-10F2-4163-85A0-276E935782AB}"
EndProject
Project("{FAE04EC0-301F-11D3-BF4B-00C04F79EFBC}") = "Penguin.Extensions.Exceptions.Local", "..\Penguin.Extensions.Exceptions\Penguin.Extensions.Exceptions.Local.csproj", "{5EAA114F-6AC3-45EC-B981-4809D5AC1A29}"
EndProject
Project("{FAE04EC0-301F-11D3-BF4B-00C04F79EFBC}") = "Penguin.Messaging.Abstractions.Local", "..\Penguin.Messaging.Abstractions\Penguin.Messaging.Abstractions.Local.csproj", "{BF872D3E-8DAD-4E37-A94A-63B1371BE478}"
EndProject
Project("{FAE04EC0-301F-11D3-BF4B-00C04F79EFBC}") = "Penguin.Reflection.Local", "..\Penguin.Reflection\Penguin.Reflection.Local.csproj", "{412094F8-C369-4BA2-825F-4943917FBBFC}"
EndProject
Project("{FAE04EC0-301F-11D3-BF4B-00C04F79EFBC}") = "Penguin.Messaging.Persistence.Local", "..\Penguin.Messaging.Persistence\Penguin.Messaging.Persistence.Local.csproj", "{0EC8CC40-1EDE-4BB5-8199-7891FA161296}"
EndProject
Project("{FAE04EC0-301F-11D3-BF4B-00C04F79EFBC}") = "Penguin.Cms.Modules.Dynamic.Local", "..\Penguin.Cms.Modules.Dynamic\Penguin.Cms.Modules.Dynamic.Local.csproj", "{DD034AFC-89DC-402B-BAB0-D148A32EC092}"
EndProject
Project("{FAE04EC0-301F-11D3-BF4B-00C04F79EFBC}") = "Penguin.Json.Local", "..\Penguin.Json\Penguin.Json.Local.csproj", "{EC11BCC2-5B02-4F31-AAD9-21CEA43934D8}"
EndProject
Project("{FAE04EC0-301F-11D3-BF4B-00C04F79EFBC}") = "Penguin.Json.Abstractions.Local", "..\Penguin.Json.Abstractions\Penguin.Json.Abstractions.Local.csproj", "{CF8BA4D6-77DC-428C-9B60-4197A955E132}"
EndProject
Project("{FAE04EC0-301F-11D3-BF4B-00C04F79EFBC}") = "Penguin.SystemExtensions.Abstractions.Local", "..\Penguin.SystemExtensions.Abstractions\Penguin.SystemExtensions.Abstractions.Local.csproj", "{D4504697-FF0E-4233-97D8-599122E667EF}"
EndProject
Project("{FAE04EC0-301F-11D3-BF4B-00C04F79EFBC}") = "Penguin.Shared.Objects.Local", "..\Penguin.Shared.Objects\Penguin.Shared.Objects.Local.csproj", "{5E87F7E4-9B75-4FA7-8D5C-D3B2B0DF11EA}"
EndProject
Project("{FAE04EC0-301F-11D3-BF4B-00C04F79EFBC}") = "Penguin.Cms.Errors.Local", "..\Penguin.Cms.Errors\Penguin.Cms.Errors.Local.csproj", "{2151E6E8-7C45-4143-8956-406BA4477B16}"
EndProject
Project("{FAE04EC0-301F-11D3-BF4B-00C04F79EFBC}") = "Penguin.Auditing.Abstractions.Local", "..\Penguin.Auditing.Abstractions\Penguin.Auditing.Abstractions.Local.csproj", "{CB612C13-9A0F-4076-8F19-2DA902D21046}"
EndProject
Project("{FAE04EC0-301F-11D3-BF4B-00C04F79EFBC}") = "Penguin.Web.Dynamic.Local", "..\Penguin.Web.Dynamic\Penguin.Web.Dynamic.Local.csproj", "{F96A5304-4225-4072-8306-9157F3ADE955}"
EndProject
Project("{FAE04EC0-301F-11D3-BF4B-00C04F79EFBC}") = "Penguin.Extensions.Collections.Local", "..\Penguin.Extensions.Collections\Penguin.Extensions.Collections.Local.csproj", "{9232FD87-91A1-45D3-B74B-B9ECBC5D2191}"
EndProject
Project("{FAE04EC0-301F-11D3-BF4B-00C04F79EFBC}") = "Penguin.Reflection.Serialization.Local", "..\Penguin.Reflection.Serialization\Penguin.Reflection.Serialization.Local.csproj", "{21C2D6D4-A955-4F8E-9BBA-58A865ED5A94}"
EndProject
Project("{FAE04EC0-301F-11D3-BF4B-00C04F79EFBC}") = "Penguin.Reflection.Serialization.Abstractions.Local", "..\Penguin.Reflection.Serialization.Abstractions\Penguin.Reflection.Serialization.Abstractions.Local.csproj", "{9E48BA9D-CEF9-4A27-85E0-D7CAC949DAED}"
EndProject
Project("{FAE04EC0-301F-11D3-BF4B-00C04F79EFBC}") = "Penguin.Cms.Modules.Admin.Local", "..\Penguin.Cms.Modules.Admin\Penguin.Cms.Modules.Admin.Local.csproj", "{1A67124A-0280-4924-B55B-4CB70CF416B6}"
EndProject
Project("{FAE04EC0-301F-11D3-BF4B-00C04F79EFBC}") = "Penguin.Web.Security.Local", "..\Penguin.Web.Security\Penguin.Web.Security.Local.csproj", "{81E052FC-4E59-4F5D-8F50-236087A57429}"
EndProject
Project("{FAE04EC0-301F-11D3-BF4B-00C04F79EFBC}") = "Penguin.Cms.Modules.Core.Local", "..\Penguin.Cms.Modules.Core\Penguin.Cms.Modules.Core.Local.csproj", "{B94F2584-3CED-455E-9303-76D9FFA98F7A}"
EndProject
Project("{FAE04EC0-301F-11D3-BF4B-00C04F79EFBC}") = "Penguin.Navigation.Abstractions.Local", "..\Penguin.Navigation.Abstractions\Penguin.Navigation.Abstractions.Local.csproj", "{2AA3E720-F324-4FD9-8C4D-8C28A54D5B57}"
EndProject
Project("{FAE04EC0-301F-11D3-BF4B-00C04F79EFBC}") = "Penguin.Cms.Core.Local", "..\Penguin.Cms.Core\Penguin.Cms.Core.Local.csproj", "{29497E36-7233-4E24-BCCE-A63F05EDD695}"
EndProject
Project("{FAE04EC0-301F-11D3-BF4B-00C04F79EFBC}") = "Penguin.Cms.Web.Local", "..\Penguin.Cms.Web\Penguin.Cms.Web.Local.csproj", "{F2761078-744A-4C35-887E-B163E8BFC025}"
EndProject
Project("{FAE04EC0-301F-11D3-BF4B-00C04F79EFBC}") = "Penguin.Messaging.Application.Local", "..\Penguin.Messaging.Application\Penguin.Messaging.Application.Local.csproj", "{81162E3C-0954-462B-BE85-8903F0A7008A}"
EndProject
Project("{FAE04EC0-301F-11D3-BF4B-00C04F79EFBC}") = "Penguin.Web.Mvc.Local", "..\Penguin.Web.Mvc\Penguin.Web.Mvc.Local.csproj", "{1A79D2A6-6236-4C35-8F54-94FB65953226}"
EndProject
Project("{FAE04EC0-301F-11D3-BF4B-00C04F79EFBC}") = "Penguin.Web.Mvc.Abstractions.Local", "..\Penguin.Web.Mvc.Abstractions\Penguin.Web.Mvc.Abstractions.Local.csproj", "{89A20CFA-AAEA-4CBA-BFA5-E196B0FA3C25}"
EndProject
Project("{FAE04EC0-301F-11D3-BF4B-00C04F79EFBC}") = "Penguin.Testing.Local", "..\Penguin.Testing\Penguin.Testing.Local.csproj", "{CDBE9149-11B6-443F-9313-C91B108F5949}"
EndProject
Project("{FAE04EC0-301F-11D3-BF4B-00C04F79EFBC}") = "Penguin.Web.Errors.Local", "..\Penguin.Web.Errors\Penguin.Web.Errors.Local.csproj", "{8A4C3B85-3494-4DFC-A28B-93BEF8D6C56F}"
EndProject
Project("{FAE04EC0-301F-11D3-BF4B-00C04F79EFBC}") = "Penguin.Web.Abstractions.Local", "..\Penguin.Web.Abstractions\Penguin.Web.Abstractions.Local.csproj", "{890AFC51-B541-4D1B-ABCE-B123222C10BF}"
EndProject
Project("{FAE04EC0-301F-11D3-BF4B-00C04F79EFBC}") = "Penguin.Web.DependencyInjection.Local", "..\Penguin.Web.DependencyInjection\Penguin.Web.DependencyInjection.Local.csproj", "{CDB1AB55-2DD4-45A2-8055-BFCABF507E7B}"
EndProject
Project("{FAE04EC0-301F-11D3-BF4B-00C04F79EFBC}") = "Penguin.Web.Testing.Local", "..\Penguin.Web.Testing\Penguin.Web.Testing.Local.csproj", "{F8BA2955-6887-48FA-91C8-A3260EC4E90C}"
EndProject
Project("{FAE04EC0-301F-11D3-BF4B-00C04F79EFBC}") = "Penguin.DependencyInjection.Local", "..\Penguin.DependencyInjection\Penguin.DependencyInjection.Local.csproj", "{1BAD6339-2E6F-4A60-BEE3-D32CAEBDFA02}"
EndProject
Project("{FAE04EC0-301F-11D3-BF4B-00C04F79EFBC}") = "Penguin.Configuration.Local", "..\Penguin.Configuration\Penguin.Configuration.Local.csproj", "{C6E666FF-0E69-4105-88D0-C3F54B40078F}"
EndProject
Project("{FAE04EC0-301F-11D3-BF4B-00C04F79EFBC}") = "Penguin.Configuration.Abstractions.Local", "..\Penguin.Configuration.Abstractions\Penguin.Configuration.Abstractions.Local.csproj", "{4B5FE434-C659-42E2-BA5A-FB0E32B8243A}"
EndProject
Project("{FAE04EC0-301F-11D3-BF4B-00C04F79EFBC}") = "Penguin.Persistence.Database.Local", "..\Penguin.Persistence.Database\Penguin.Persistence.Database.Local.csproj", "{A54DB0D7-3293-456B-8E47-0CF778B6FA17}"
EndProject
Project("{FAE04EC0-301F-11D3-BF4B-00C04F79EFBC}") = "Penguin.Threading.BackgroundWorker.Local", "..\Penguin.Threading.BackgroundWorker\Penguin.Threading.BackgroundWorker.Local.csproj", "{A29637B3-277F-4080-90B2-813A1A3C923C}"
EndProject
Project("{FAE04EC0-301F-11D3-BF4B-00C04F79EFBC}") = "Penguin.Files.Local", "..\Penguin.Files\Penguin.Files.Local.csproj", "{32A67864-CEC5-45D5-B3CB-D2486571DDBF}"
EndProject
Project("{FAE04EC0-301F-11D3-BF4B-00C04F79EFBC}") = "Penguin.Reflection.Serialization.Extensions.Local", "..\Penguin.Reflection.Serialization.Extensions\Penguin.Reflection.Serialization.Extensions.Local.csproj", "{CE08B881-11D0-4050-92AC-AFF482E6ADD5}"
EndProject
Global
	GlobalSection(SolutionConfigurationPlatforms) = preSolution
		Debug|Any CPU = Debug|Any CPU
		Debug|x64 = Debug|x64
		Debug|x86 = Debug|x86
		Release|Any CPU = Release|Any CPU
		Release|x64 = Release|x64
		Release|x86 = Release|x86
	EndGlobalSection
	GlobalSection(SolutionProperties) = preSolution
		HideSolutionNode = FALSE
	EndGlobalSection
	GlobalSection(ProjectConfigurationPlatforms) = postSolution
		{47A80F5B-E952-48C8-A788-F464141C45F0}.Debug|Any CPU.ActiveCfg = Debug|Any CPU
		{47A80F5B-E952-48C8-A788-F464141C45F0}.Debug|Any CPU.Build.0 = Debug|Any CPU
		{47A80F5B-E952-48C8-A788-F464141C45F0}.Debug|x64.ActiveCfg = Debug|Any CPU
		{47A80F5B-E952-48C8-A788-F464141C45F0}.Debug|x64.Build.0 = Debug|Any CPU
		{47A80F5B-E952-48C8-A788-F464141C45F0}.Debug|x86.ActiveCfg = Debug|Any CPU
		{47A80F5B-E952-48C8-A788-F464141C45F0}.Debug|x86.Build.0 = Debug|Any CPU
		{47A80F5B-E952-48C8-A788-F464141C45F0}.Release|Any CPU.ActiveCfg = Release|Any CPU
		{47A80F5B-E952-48C8-A788-F464141C45F0}.Release|Any CPU.Build.0 = Release|Any CPU
		{47A80F5B-E952-48C8-A788-F464141C45F0}.Release|x64.ActiveCfg = Release|Any CPU
		{47A80F5B-E952-48C8-A788-F464141C45F0}.Release|x64.Build.0 = Release|Any CPU
		{47A80F5B-E952-48C8-A788-F464141C45F0}.Release|x86.ActiveCfg = Release|Any CPU
		{47A80F5B-E952-48C8-A788-F464141C45F0}.Release|x86.Build.0 = Release|Any CPU
		{F762BA08-91F0-43D6-8D82-372FC7B7D1DF}.Debug|Any CPU.ActiveCfg = Debug|Any CPU
		{F762BA08-91F0-43D6-8D82-372FC7B7D1DF}.Debug|Any CPU.Build.0 = Debug|Any CPU
		{F762BA08-91F0-43D6-8D82-372FC7B7D1DF}.Debug|x64.ActiveCfg = Debug|Any CPU
		{F762BA08-91F0-43D6-8D82-372FC7B7D1DF}.Debug|x64.Build.0 = Debug|Any CPU
		{F762BA08-91F0-43D6-8D82-372FC7B7D1DF}.Debug|x86.ActiveCfg = Debug|Any CPU
		{F762BA08-91F0-43D6-8D82-372FC7B7D1DF}.Debug|x86.Build.0 = Debug|Any CPU
		{F762BA08-91F0-43D6-8D82-372FC7B7D1DF}.Release|Any CPU.ActiveCfg = Release|Any CPU
		{F762BA08-91F0-43D6-8D82-372FC7B7D1DF}.Release|Any CPU.Build.0 = Release|Any CPU
		{F762BA08-91F0-43D6-8D82-372FC7B7D1DF}.Release|x64.ActiveCfg = Release|Any CPU
		{F762BA08-91F0-43D6-8D82-372FC7B7D1DF}.Release|x64.Build.0 = Release|Any CPU
		{F762BA08-91F0-43D6-8D82-372FC7B7D1DF}.Release|x86.ActiveCfg = Release|Any CPU
		{F762BA08-91F0-43D6-8D82-372FC7B7D1DF}.Release|x86.Build.0 = Release|Any CPU
		{30CD3D85-2493-46F2-99D0-9E3707B1442F}.Debug|Any CPU.ActiveCfg = Debug|Any CPU
		{30CD3D85-2493-46F2-99D0-9E3707B1442F}.Debug|Any CPU.Build.0 = Debug|Any CPU
		{30CD3D85-2493-46F2-99D0-9E3707B1442F}.Debug|x64.ActiveCfg = Debug|Any CPU
		{30CD3D85-2493-46F2-99D0-9E3707B1442F}.Debug|x64.Build.0 = Debug|Any CPU
		{30CD3D85-2493-46F2-99D0-9E3707B1442F}.Debug|x86.ActiveCfg = Debug|Any CPU
		{30CD3D85-2493-46F2-99D0-9E3707B1442F}.Debug|x86.Build.0 = Debug|Any CPU
		{30CD3D85-2493-46F2-99D0-9E3707B1442F}.Release|Any CPU.ActiveCfg = Release|Any CPU
		{30CD3D85-2493-46F2-99D0-9E3707B1442F}.Release|Any CPU.Build.0 = Release|Any CPU
		{30CD3D85-2493-46F2-99D0-9E3707B1442F}.Release|x64.ActiveCfg = Release|Any CPU
		{30CD3D85-2493-46F2-99D0-9E3707B1442F}.Release|x64.Build.0 = Release|Any CPU
		{30CD3D85-2493-46F2-99D0-9E3707B1442F}.Release|x86.ActiveCfg = Release|Any CPU
		{30CD3D85-2493-46F2-99D0-9E3707B1442F}.Release|x86.Build.0 = Release|Any CPU
		{5776AFAD-7F4B-43D1-B563-FF4DB02291B1}.Debug|Any CPU.ActiveCfg = Debug|Any CPU
		{5776AFAD-7F4B-43D1-B563-FF4DB02291B1}.Debug|Any CPU.Build.0 = Debug|Any CPU
		{5776AFAD-7F4B-43D1-B563-FF4DB02291B1}.Debug|x64.ActiveCfg = Debug|Any CPU
		{5776AFAD-7F4B-43D1-B563-FF4DB02291B1}.Debug|x64.Build.0 = Debug|Any CPU
		{5776AFAD-7F4B-43D1-B563-FF4DB02291B1}.Debug|x86.ActiveCfg = Debug|Any CPU
		{5776AFAD-7F4B-43D1-B563-FF4DB02291B1}.Debug|x86.Build.0 = Debug|Any CPU
		{5776AFAD-7F4B-43D1-B563-FF4DB02291B1}.Release|Any CPU.ActiveCfg = Release|Any CPU
		{5776AFAD-7F4B-43D1-B563-FF4DB02291B1}.Release|Any CPU.Build.0 = Release|Any CPU
		{5776AFAD-7F4B-43D1-B563-FF4DB02291B1}.Release|x64.ActiveCfg = Release|Any CPU
		{5776AFAD-7F4B-43D1-B563-FF4DB02291B1}.Release|x64.Build.0 = Release|Any CPU
		{5776AFAD-7F4B-43D1-B563-FF4DB02291B1}.Release|x86.ActiveCfg = Release|Any CPU
		{5776AFAD-7F4B-43D1-B563-FF4DB02291B1}.Release|x86.Build.0 = Release|Any CPU
		{FE377C70-AE32-4816-AA15-BF46F58E5843}.Debug|Any CPU.ActiveCfg = Debug|Any CPU
		{FE377C70-AE32-4816-AA15-BF46F58E5843}.Debug|Any CPU.Build.0 = Debug|Any CPU
		{FE377C70-AE32-4816-AA15-BF46F58E5843}.Debug|x64.ActiveCfg = Debug|Any CPU
		{FE377C70-AE32-4816-AA15-BF46F58E5843}.Debug|x64.Build.0 = Debug|Any CPU
		{FE377C70-AE32-4816-AA15-BF46F58E5843}.Debug|x86.ActiveCfg = Debug|Any CPU
		{FE377C70-AE32-4816-AA15-BF46F58E5843}.Debug|x86.Build.0 = Debug|Any CPU
		{FE377C70-AE32-4816-AA15-BF46F58E5843}.Release|Any CPU.ActiveCfg = Release|Any CPU
		{FE377C70-AE32-4816-AA15-BF46F58E5843}.Release|Any CPU.Build.0 = Release|Any CPU
		{FE377C70-AE32-4816-AA15-BF46F58E5843}.Release|x64.ActiveCfg = Release|Any CPU
		{FE377C70-AE32-4816-AA15-BF46F58E5843}.Release|x64.Build.0 = Release|Any CPU
		{FE377C70-AE32-4816-AA15-BF46F58E5843}.Release|x86.ActiveCfg = Release|Any CPU
		{FE377C70-AE32-4816-AA15-BF46F58E5843}.Release|x86.Build.0 = Release|Any CPU
		{EE6D3B09-BB04-47E2-9C7C-9192EF3C8A74}.Debug|Any CPU.ActiveCfg = Debug|Any CPU
		{EE6D3B09-BB04-47E2-9C7C-9192EF3C8A74}.Debug|Any CPU.Build.0 = Debug|Any CPU
		{EE6D3B09-BB04-47E2-9C7C-9192EF3C8A74}.Debug|x64.ActiveCfg = Debug|Any CPU
		{EE6D3B09-BB04-47E2-9C7C-9192EF3C8A74}.Debug|x64.Build.0 = Debug|Any CPU
		{EE6D3B09-BB04-47E2-9C7C-9192EF3C8A74}.Debug|x86.ActiveCfg = Debug|Any CPU
		{EE6D3B09-BB04-47E2-9C7C-9192EF3C8A74}.Debug|x86.Build.0 = Debug|Any CPU
		{EE6D3B09-BB04-47E2-9C7C-9192EF3C8A74}.Release|Any CPU.ActiveCfg = Release|Any CPU
		{EE6D3B09-BB04-47E2-9C7C-9192EF3C8A74}.Release|Any CPU.Build.0 = Release|Any CPU
		{EE6D3B09-BB04-47E2-9C7C-9192EF3C8A74}.Release|x64.ActiveCfg = Release|Any CPU
		{EE6D3B09-BB04-47E2-9C7C-9192EF3C8A74}.Release|x64.Build.0 = Release|Any CPU
		{EE6D3B09-BB04-47E2-9C7C-9192EF3C8A74}.Release|x86.ActiveCfg = Release|Any CPU
		{EE6D3B09-BB04-47E2-9C7C-9192EF3C8A74}.Release|x86.Build.0 = Release|Any CPU
		{611EF0CD-4F93-4935-9871-043D7E72D51B}.Debug|Any CPU.ActiveCfg = Debug|Any CPU
		{611EF0CD-4F93-4935-9871-043D7E72D51B}.Debug|Any CPU.Build.0 = Debug|Any CPU
		{611EF0CD-4F93-4935-9871-043D7E72D51B}.Debug|x64.ActiveCfg = Debug|Any CPU
		{611EF0CD-4F93-4935-9871-043D7E72D51B}.Debug|x64.Build.0 = Debug|Any CPU
		{611EF0CD-4F93-4935-9871-043D7E72D51B}.Debug|x86.ActiveCfg = Debug|Any CPU
		{611EF0CD-4F93-4935-9871-043D7E72D51B}.Debug|x86.Build.0 = Debug|Any CPU
		{611EF0CD-4F93-4935-9871-043D7E72D51B}.Release|Any CPU.ActiveCfg = Release|Any CPU
		{611EF0CD-4F93-4935-9871-043D7E72D51B}.Release|Any CPU.Build.0 = Release|Any CPU
		{611EF0CD-4F93-4935-9871-043D7E72D51B}.Release|x64.ActiveCfg = Release|Any CPU
		{611EF0CD-4F93-4935-9871-043D7E72D51B}.Release|x64.Build.0 = Release|Any CPU
		{611EF0CD-4F93-4935-9871-043D7E72D51B}.Release|x86.ActiveCfg = Release|Any CPU
		{611EF0CD-4F93-4935-9871-043D7E72D51B}.Release|x86.Build.0 = Release|Any CPU
		{F8796C98-75F6-43E2-8476-A22603AED089}.Debug|Any CPU.ActiveCfg = Debug|Any CPU
		{F8796C98-75F6-43E2-8476-A22603AED089}.Debug|Any CPU.Build.0 = Debug|Any CPU
		{F8796C98-75F6-43E2-8476-A22603AED089}.Debug|x64.ActiveCfg = Debug|Any CPU
		{F8796C98-75F6-43E2-8476-A22603AED089}.Debug|x64.Build.0 = Debug|Any CPU
		{F8796C98-75F6-43E2-8476-A22603AED089}.Debug|x86.ActiveCfg = Debug|Any CPU
		{F8796C98-75F6-43E2-8476-A22603AED089}.Debug|x86.Build.0 = Debug|Any CPU
		{F8796C98-75F6-43E2-8476-A22603AED089}.Release|Any CPU.ActiveCfg = Release|Any CPU
		{F8796C98-75F6-43E2-8476-A22603AED089}.Release|Any CPU.Build.0 = Release|Any CPU
		{F8796C98-75F6-43E2-8476-A22603AED089}.Release|x64.ActiveCfg = Release|Any CPU
		{F8796C98-75F6-43E2-8476-A22603AED089}.Release|x64.Build.0 = Release|Any CPU
		{F8796C98-75F6-43E2-8476-A22603AED089}.Release|x86.ActiveCfg = Release|Any CPU
		{F8796C98-75F6-43E2-8476-A22603AED089}.Release|x86.Build.0 = Release|Any CPU
		{0133850C-EED1-4703-9CC1-A5A355FC9F2E}.Debug|Any CPU.ActiveCfg = Debug|Any CPU
		{0133850C-EED1-4703-9CC1-A5A355FC9F2E}.Debug|Any CPU.Build.0 = Debug|Any CPU
		{0133850C-EED1-4703-9CC1-A5A355FC9F2E}.Debug|x64.ActiveCfg = Debug|Any CPU
		{0133850C-EED1-4703-9CC1-A5A355FC9F2E}.Debug|x64.Build.0 = Debug|Any CPU
		{0133850C-EED1-4703-9CC1-A5A355FC9F2E}.Debug|x86.ActiveCfg = Debug|Any CPU
		{0133850C-EED1-4703-9CC1-A5A355FC9F2E}.Debug|x86.Build.0 = Debug|Any CPU
		{0133850C-EED1-4703-9CC1-A5A355FC9F2E}.Release|Any CPU.ActiveCfg = Release|Any CPU
		{0133850C-EED1-4703-9CC1-A5A355FC9F2E}.Release|Any CPU.Build.0 = Release|Any CPU
		{0133850C-EED1-4703-9CC1-A5A355FC9F2E}.Release|x64.ActiveCfg = Release|Any CPU
		{0133850C-EED1-4703-9CC1-A5A355FC9F2E}.Release|x64.Build.0 = Release|Any CPU
		{0133850C-EED1-4703-9CC1-A5A355FC9F2E}.Release|x86.ActiveCfg = Release|Any CPU
		{0133850C-EED1-4703-9CC1-A5A355FC9F2E}.Release|x86.Build.0 = Release|Any CPU
		{20D428E6-F1A8-4221-92E5-66AC632830CF}.Debug|Any CPU.ActiveCfg = Debug|Any CPU
		{20D428E6-F1A8-4221-92E5-66AC632830CF}.Debug|Any CPU.Build.0 = Debug|Any CPU
		{20D428E6-F1A8-4221-92E5-66AC632830CF}.Debug|x64.ActiveCfg = Debug|Any CPU
		{20D428E6-F1A8-4221-92E5-66AC632830CF}.Debug|x64.Build.0 = Debug|Any CPU
		{20D428E6-F1A8-4221-92E5-66AC632830CF}.Debug|x86.ActiveCfg = Debug|Any CPU
		{20D428E6-F1A8-4221-92E5-66AC632830CF}.Debug|x86.Build.0 = Debug|Any CPU
		{20D428E6-F1A8-4221-92E5-66AC632830CF}.Release|Any CPU.ActiveCfg = Release|Any CPU
		{20D428E6-F1A8-4221-92E5-66AC632830CF}.Release|Any CPU.Build.0 = Release|Any CPU
		{20D428E6-F1A8-4221-92E5-66AC632830CF}.Release|x64.ActiveCfg = Release|Any CPU
		{20D428E6-F1A8-4221-92E5-66AC632830CF}.Release|x64.Build.0 = Release|Any CPU
		{20D428E6-F1A8-4221-92E5-66AC632830CF}.Release|x86.ActiveCfg = Release|Any CPU
		{20D428E6-F1A8-4221-92E5-66AC632830CF}.Release|x86.Build.0 = Release|Any CPU
		{FC7C0886-DFFF-4E19-88DF-49A5BB21BCF3}.Debug|Any CPU.ActiveCfg = Debug|Any CPU
		{FC7C0886-DFFF-4E19-88DF-49A5BB21BCF3}.Debug|Any CPU.Build.0 = Debug|Any CPU
		{FC7C0886-DFFF-4E19-88DF-49A5BB21BCF3}.Debug|x64.ActiveCfg = Debug|Any CPU
		{FC7C0886-DFFF-4E19-88DF-49A5BB21BCF3}.Debug|x64.Build.0 = Debug|Any CPU
		{FC7C0886-DFFF-4E19-88DF-49A5BB21BCF3}.Debug|x86.ActiveCfg = Debug|Any CPU
		{FC7C0886-DFFF-4E19-88DF-49A5BB21BCF3}.Debug|x86.Build.0 = Debug|Any CPU
		{FC7C0886-DFFF-4E19-88DF-49A5BB21BCF3}.Release|Any CPU.ActiveCfg = Release|Any CPU
		{FC7C0886-DFFF-4E19-88DF-49A5BB21BCF3}.Release|Any CPU.Build.0 = Release|Any CPU
		{FC7C0886-DFFF-4E19-88DF-49A5BB21BCF3}.Release|x64.ActiveCfg = Release|Any CPU
		{FC7C0886-DFFF-4E19-88DF-49A5BB21BCF3}.Release|x64.Build.0 = Release|Any CPU
		{FC7C0886-DFFF-4E19-88DF-49A5BB21BCF3}.Release|x86.ActiveCfg = Release|Any CPU
		{FC7C0886-DFFF-4E19-88DF-49A5BB21BCF3}.Release|x86.Build.0 = Release|Any CPU
		{E842D2E5-C24E-4E46-B3CD-FCD56FA17DBF}.Debug|Any CPU.ActiveCfg = Debug|Any CPU
		{E842D2E5-C24E-4E46-B3CD-FCD56FA17DBF}.Debug|Any CPU.Build.0 = Debug|Any CPU
		{E842D2E5-C24E-4E46-B3CD-FCD56FA17DBF}.Debug|x64.ActiveCfg = Debug|Any CPU
		{E842D2E5-C24E-4E46-B3CD-FCD56FA17DBF}.Debug|x64.Build.0 = Debug|Any CPU
		{E842D2E5-C24E-4E46-B3CD-FCD56FA17DBF}.Debug|x86.ActiveCfg = Debug|Any CPU
		{E842D2E5-C24E-4E46-B3CD-FCD56FA17DBF}.Debug|x86.Build.0 = Debug|Any CPU
		{E842D2E5-C24E-4E46-B3CD-FCD56FA17DBF}.Release|Any CPU.ActiveCfg = Release|Any CPU
		{E842D2E5-C24E-4E46-B3CD-FCD56FA17DBF}.Release|Any CPU.Build.0 = Release|Any CPU
		{E842D2E5-C24E-4E46-B3CD-FCD56FA17DBF}.Release|x64.ActiveCfg = Release|Any CPU
		{E842D2E5-C24E-4E46-B3CD-FCD56FA17DBF}.Release|x64.Build.0 = Release|Any CPU
		{E842D2E5-C24E-4E46-B3CD-FCD56FA17DBF}.Release|x86.ActiveCfg = Release|Any CPU
		{E842D2E5-C24E-4E46-B3CD-FCD56FA17DBF}.Release|x86.Build.0 = Release|Any CPU
		{79129363-1E37-4A81-8360-A2C95ADFFA0A}.Debug|Any CPU.ActiveCfg = Debug|Any CPU
		{79129363-1E37-4A81-8360-A2C95ADFFA0A}.Debug|Any CPU.Build.0 = Debug|Any CPU
		{79129363-1E37-4A81-8360-A2C95ADFFA0A}.Debug|x64.ActiveCfg = Debug|Any CPU
		{79129363-1E37-4A81-8360-A2C95ADFFA0A}.Debug|x64.Build.0 = Debug|Any CPU
		{79129363-1E37-4A81-8360-A2C95ADFFA0A}.Debug|x86.ActiveCfg = Debug|Any CPU
		{79129363-1E37-4A81-8360-A2C95ADFFA0A}.Debug|x86.Build.0 = Debug|Any CPU
		{79129363-1E37-4A81-8360-A2C95ADFFA0A}.Release|Any CPU.ActiveCfg = Release|Any CPU
		{79129363-1E37-4A81-8360-A2C95ADFFA0A}.Release|Any CPU.Build.0 = Release|Any CPU
		{79129363-1E37-4A81-8360-A2C95ADFFA0A}.Release|x64.ActiveCfg = Release|Any CPU
		{79129363-1E37-4A81-8360-A2C95ADFFA0A}.Release|x64.Build.0 = Release|Any CPU
		{79129363-1E37-4A81-8360-A2C95ADFFA0A}.Release|x86.ActiveCfg = Release|Any CPU
		{79129363-1E37-4A81-8360-A2C95ADFFA0A}.Release|x86.Build.0 = Release|Any CPU
		{401E1134-DE3B-4D76-B334-1F64152818BC}.Debug|Any CPU.ActiveCfg = Debug|Any CPU
		{401E1134-DE3B-4D76-B334-1F64152818BC}.Debug|Any CPU.Build.0 = Debug|Any CPU
		{401E1134-DE3B-4D76-B334-1F64152818BC}.Debug|x64.ActiveCfg = Debug|Any CPU
		{401E1134-DE3B-4D76-B334-1F64152818BC}.Debug|x64.Build.0 = Debug|Any CPU
		{401E1134-DE3B-4D76-B334-1F64152818BC}.Debug|x86.ActiveCfg = Debug|Any CPU
		{401E1134-DE3B-4D76-B334-1F64152818BC}.Debug|x86.Build.0 = Debug|Any CPU
		{401E1134-DE3B-4D76-B334-1F64152818BC}.Release|Any CPU.ActiveCfg = Release|Any CPU
		{401E1134-DE3B-4D76-B334-1F64152818BC}.Release|Any CPU.Build.0 = Release|Any CPU
		{401E1134-DE3B-4D76-B334-1F64152818BC}.Release|x64.ActiveCfg = Release|Any CPU
		{401E1134-DE3B-4D76-B334-1F64152818BC}.Release|x64.Build.0 = Release|Any CPU
		{401E1134-DE3B-4D76-B334-1F64152818BC}.Release|x86.ActiveCfg = Release|Any CPU
		{401E1134-DE3B-4D76-B334-1F64152818BC}.Release|x86.Build.0 = Release|Any CPU
		{3B2B0A8C-DBEB-42BC-B817-4E112F6C5261}.Debug|Any CPU.ActiveCfg = Debug|Any CPU
		{3B2B0A8C-DBEB-42BC-B817-4E112F6C5261}.Debug|Any CPU.Build.0 = Debug|Any CPU
		{3B2B0A8C-DBEB-42BC-B817-4E112F6C5261}.Debug|x64.ActiveCfg = Debug|Any CPU
		{3B2B0A8C-DBEB-42BC-B817-4E112F6C5261}.Debug|x64.Build.0 = Debug|Any CPU
		{3B2B0A8C-DBEB-42BC-B817-4E112F6C5261}.Debug|x86.ActiveCfg = Debug|Any CPU
		{3B2B0A8C-DBEB-42BC-B817-4E112F6C5261}.Debug|x86.Build.0 = Debug|Any CPU
		{3B2B0A8C-DBEB-42BC-B817-4E112F6C5261}.Release|Any CPU.ActiveCfg = Release|Any CPU
		{3B2B0A8C-DBEB-42BC-B817-4E112F6C5261}.Release|Any CPU.Build.0 = Release|Any CPU
		{3B2B0A8C-DBEB-42BC-B817-4E112F6C5261}.Release|x64.ActiveCfg = Release|Any CPU
		{3B2B0A8C-DBEB-42BC-B817-4E112F6C5261}.Release|x64.Build.0 = Release|Any CPU
		{3B2B0A8C-DBEB-42BC-B817-4E112F6C5261}.Release|x86.ActiveCfg = Release|Any CPU
		{3B2B0A8C-DBEB-42BC-B817-4E112F6C5261}.Release|x86.Build.0 = Release|Any CPU
		{0819DBEF-80EA-4C02-9EF2-08EDACCB0915}.Debug|Any CPU.ActiveCfg = Debug|Any CPU
		{0819DBEF-80EA-4C02-9EF2-08EDACCB0915}.Debug|Any CPU.Build.0 = Debug|Any CPU
		{0819DBEF-80EA-4C02-9EF2-08EDACCB0915}.Debug|x64.ActiveCfg = Debug|Any CPU
		{0819DBEF-80EA-4C02-9EF2-08EDACCB0915}.Debug|x64.Build.0 = Debug|Any CPU
		{0819DBEF-80EA-4C02-9EF2-08EDACCB0915}.Debug|x86.ActiveCfg = Debug|Any CPU
		{0819DBEF-80EA-4C02-9EF2-08EDACCB0915}.Debug|x86.Build.0 = Debug|Any CPU
		{0819DBEF-80EA-4C02-9EF2-08EDACCB0915}.Release|Any CPU.ActiveCfg = Release|Any CPU
		{0819DBEF-80EA-4C02-9EF2-08EDACCB0915}.Release|Any CPU.Build.0 = Release|Any CPU
		{0819DBEF-80EA-4C02-9EF2-08EDACCB0915}.Release|x64.ActiveCfg = Release|Any CPU
		{0819DBEF-80EA-4C02-9EF2-08EDACCB0915}.Release|x64.Build.0 = Release|Any CPU
		{0819DBEF-80EA-4C02-9EF2-08EDACCB0915}.Release|x86.ActiveCfg = Release|Any CPU
		{0819DBEF-80EA-4C02-9EF2-08EDACCB0915}.Release|x86.Build.0 = Release|Any CPU
		{2ED222CF-A8AE-4E6C-AECD-64BDF8221B04}.Debug|Any CPU.ActiveCfg = Debug|Any CPU
		{2ED222CF-A8AE-4E6C-AECD-64BDF8221B04}.Debug|Any CPU.Build.0 = Debug|Any CPU
		{2ED222CF-A8AE-4E6C-AECD-64BDF8221B04}.Debug|x64.ActiveCfg = Debug|Any CPU
		{2ED222CF-A8AE-4E6C-AECD-64BDF8221B04}.Debug|x64.Build.0 = Debug|Any CPU
		{2ED222CF-A8AE-4E6C-AECD-64BDF8221B04}.Debug|x86.ActiveCfg = Debug|Any CPU
		{2ED222CF-A8AE-4E6C-AECD-64BDF8221B04}.Debug|x86.Build.0 = Debug|Any CPU
		{2ED222CF-A8AE-4E6C-AECD-64BDF8221B04}.Release|Any CPU.ActiveCfg = Release|Any CPU
		{2ED222CF-A8AE-4E6C-AECD-64BDF8221B04}.Release|Any CPU.Build.0 = Release|Any CPU
		{2ED222CF-A8AE-4E6C-AECD-64BDF8221B04}.Release|x64.ActiveCfg = Release|Any CPU
		{2ED222CF-A8AE-4E6C-AECD-64BDF8221B04}.Release|x64.Build.0 = Release|Any CPU
		{2ED222CF-A8AE-4E6C-AECD-64BDF8221B04}.Release|x86.ActiveCfg = Release|Any CPU
		{2ED222CF-A8AE-4E6C-AECD-64BDF8221B04}.Release|x86.Build.0 = Release|Any CPU
		{27975520-15D8-42CA-B0C7-BAA84DBD07FA}.Debug|Any CPU.ActiveCfg = Debug|Any CPU
		{27975520-15D8-42CA-B0C7-BAA84DBD07FA}.Debug|Any CPU.Build.0 = Debug|Any CPU
		{27975520-15D8-42CA-B0C7-BAA84DBD07FA}.Debug|x64.ActiveCfg = Debug|Any CPU
		{27975520-15D8-42CA-B0C7-BAA84DBD07FA}.Debug|x64.Build.0 = Debug|Any CPU
		{27975520-15D8-42CA-B0C7-BAA84DBD07FA}.Debug|x86.ActiveCfg = Debug|Any CPU
		{27975520-15D8-42CA-B0C7-BAA84DBD07FA}.Debug|x86.Build.0 = Debug|Any CPU
		{27975520-15D8-42CA-B0C7-BAA84DBD07FA}.Release|Any CPU.ActiveCfg = Release|Any CPU
		{27975520-15D8-42CA-B0C7-BAA84DBD07FA}.Release|Any CPU.Build.0 = Release|Any CPU
		{27975520-15D8-42CA-B0C7-BAA84DBD07FA}.Release|x64.ActiveCfg = Release|Any CPU
		{27975520-15D8-42CA-B0C7-BAA84DBD07FA}.Release|x64.Build.0 = Release|Any CPU
		{27975520-15D8-42CA-B0C7-BAA84DBD07FA}.Release|x86.ActiveCfg = Release|Any CPU
		{27975520-15D8-42CA-B0C7-BAA84DBD07FA}.Release|x86.Build.0 = Release|Any CPU
		{8A7A13E3-F80A-43C8-93B8-E470DA6F1196}.Debug|Any CPU.ActiveCfg = Debug|Any CPU
		{8A7A13E3-F80A-43C8-93B8-E470DA6F1196}.Debug|Any CPU.Build.0 = Debug|Any CPU
		{8A7A13E3-F80A-43C8-93B8-E470DA6F1196}.Debug|x64.ActiveCfg = Debug|Any CPU
		{8A7A13E3-F80A-43C8-93B8-E470DA6F1196}.Debug|x64.Build.0 = Debug|Any CPU
		{8A7A13E3-F80A-43C8-93B8-E470DA6F1196}.Debug|x86.ActiveCfg = Debug|Any CPU
		{8A7A13E3-F80A-43C8-93B8-E470DA6F1196}.Debug|x86.Build.0 = Debug|Any CPU
		{8A7A13E3-F80A-43C8-93B8-E470DA6F1196}.Release|Any CPU.ActiveCfg = Release|Any CPU
		{8A7A13E3-F80A-43C8-93B8-E470DA6F1196}.Release|Any CPU.Build.0 = Release|Any CPU
		{8A7A13E3-F80A-43C8-93B8-E470DA6F1196}.Release|x64.ActiveCfg = Release|Any CPU
		{8A7A13E3-F80A-43C8-93B8-E470DA6F1196}.Release|x64.Build.0 = Release|Any CPU
		{8A7A13E3-F80A-43C8-93B8-E470DA6F1196}.Release|x86.ActiveCfg = Release|Any CPU
		{8A7A13E3-F80A-43C8-93B8-E470DA6F1196}.Release|x86.Build.0 = Release|Any CPU
		{14004E35-BD29-4DDB-A25D-C7347ED03D2D}.Debug|Any CPU.ActiveCfg = Debug|Any CPU
		{14004E35-BD29-4DDB-A25D-C7347ED03D2D}.Debug|Any CPU.Build.0 = Debug|Any CPU
		{14004E35-BD29-4DDB-A25D-C7347ED03D2D}.Debug|x64.ActiveCfg = Debug|Any CPU
		{14004E35-BD29-4DDB-A25D-C7347ED03D2D}.Debug|x64.Build.0 = Debug|Any CPU
		{14004E35-BD29-4DDB-A25D-C7347ED03D2D}.Debug|x86.ActiveCfg = Debug|Any CPU
		{14004E35-BD29-4DDB-A25D-C7347ED03D2D}.Debug|x86.Build.0 = Debug|Any CPU
		{14004E35-BD29-4DDB-A25D-C7347ED03D2D}.Release|Any CPU.ActiveCfg = Release|Any CPU
		{14004E35-BD29-4DDB-A25D-C7347ED03D2D}.Release|Any CPU.Build.0 = Release|Any CPU
		{14004E35-BD29-4DDB-A25D-C7347ED03D2D}.Release|x64.ActiveCfg = Release|Any CPU
		{14004E35-BD29-4DDB-A25D-C7347ED03D2D}.Release|x64.Build.0 = Release|Any CPU
		{14004E35-BD29-4DDB-A25D-C7347ED03D2D}.Release|x86.ActiveCfg = Release|Any CPU
		{14004E35-BD29-4DDB-A25D-C7347ED03D2D}.Release|x86.Build.0 = Release|Any CPU
		{85B550D9-3D37-4683-B523-12326B5720A1}.Debug|Any CPU.ActiveCfg = Debug|Any CPU
		{85B550D9-3D37-4683-B523-12326B5720A1}.Debug|Any CPU.Build.0 = Debug|Any CPU
		{85B550D9-3D37-4683-B523-12326B5720A1}.Debug|x64.ActiveCfg = Debug|Any CPU
		{85B550D9-3D37-4683-B523-12326B5720A1}.Debug|x64.Build.0 = Debug|Any CPU
		{85B550D9-3D37-4683-B523-12326B5720A1}.Debug|x86.ActiveCfg = Debug|Any CPU
		{85B550D9-3D37-4683-B523-12326B5720A1}.Debug|x86.Build.0 = Debug|Any CPU
		{85B550D9-3D37-4683-B523-12326B5720A1}.Release|Any CPU.ActiveCfg = Release|Any CPU
		{85B550D9-3D37-4683-B523-12326B5720A1}.Release|Any CPU.Build.0 = Release|Any CPU
		{85B550D9-3D37-4683-B523-12326B5720A1}.Release|x64.ActiveCfg = Release|Any CPU
		{85B550D9-3D37-4683-B523-12326B5720A1}.Release|x64.Build.0 = Release|Any CPU
		{85B550D9-3D37-4683-B523-12326B5720A1}.Release|x86.ActiveCfg = Release|Any CPU
		{85B550D9-3D37-4683-B523-12326B5720A1}.Release|x86.Build.0 = Release|Any CPU
		{BCBAEB1B-10F2-4163-85A0-276E935782AB}.Debug|Any CPU.ActiveCfg = Debug|Any CPU
		{BCBAEB1B-10F2-4163-85A0-276E935782AB}.Debug|Any CPU.Build.0 = Debug|Any CPU
		{BCBAEB1B-10F2-4163-85A0-276E935782AB}.Debug|x64.ActiveCfg = Debug|Any CPU
		{BCBAEB1B-10F2-4163-85A0-276E935782AB}.Debug|x64.Build.0 = Debug|Any CPU
		{BCBAEB1B-10F2-4163-85A0-276E935782AB}.Debug|x86.ActiveCfg = Debug|Any CPU
		{BCBAEB1B-10F2-4163-85A0-276E935782AB}.Debug|x86.Build.0 = Debug|Any CPU
		{BCBAEB1B-10F2-4163-85A0-276E935782AB}.Release|Any CPU.ActiveCfg = Release|Any CPU
		{BCBAEB1B-10F2-4163-85A0-276E935782AB}.Release|Any CPU.Build.0 = Release|Any CPU
		{BCBAEB1B-10F2-4163-85A0-276E935782AB}.Release|x64.ActiveCfg = Release|Any CPU
		{BCBAEB1B-10F2-4163-85A0-276E935782AB}.Release|x64.Build.0 = Release|Any CPU
		{BCBAEB1B-10F2-4163-85A0-276E935782AB}.Release|x86.ActiveCfg = Release|Any CPU
		{BCBAEB1B-10F2-4163-85A0-276E935782AB}.Release|x86.Build.0 = Release|Any CPU
		{5EAA114F-6AC3-45EC-B981-4809D5AC1A29}.Debug|Any CPU.ActiveCfg = Debug|Any CPU
		{5EAA114F-6AC3-45EC-B981-4809D5AC1A29}.Debug|Any CPU.Build.0 = Debug|Any CPU
		{5EAA114F-6AC3-45EC-B981-4809D5AC1A29}.Debug|x64.ActiveCfg = Debug|Any CPU
		{5EAA114F-6AC3-45EC-B981-4809D5AC1A29}.Debug|x64.Build.0 = Debug|Any CPU
		{5EAA114F-6AC3-45EC-B981-4809D5AC1A29}.Debug|x86.ActiveCfg = Debug|Any CPU
		{5EAA114F-6AC3-45EC-B981-4809D5AC1A29}.Debug|x86.Build.0 = Debug|Any CPU
		{5EAA114F-6AC3-45EC-B981-4809D5AC1A29}.Release|Any CPU.ActiveCfg = Release|Any CPU
		{5EAA114F-6AC3-45EC-B981-4809D5AC1A29}.Release|Any CPU.Build.0 = Release|Any CPU
		{5EAA114F-6AC3-45EC-B981-4809D5AC1A29}.Release|x64.ActiveCfg = Release|Any CPU
		{5EAA114F-6AC3-45EC-B981-4809D5AC1A29}.Release|x64.Build.0 = Release|Any CPU
		{5EAA114F-6AC3-45EC-B981-4809D5AC1A29}.Release|x86.ActiveCfg = Release|Any CPU
		{5EAA114F-6AC3-45EC-B981-4809D5AC1A29}.Release|x86.Build.0 = Release|Any CPU
		{BF872D3E-8DAD-4E37-A94A-63B1371BE478}.Debug|Any CPU.ActiveCfg = Debug|Any CPU
		{BF872D3E-8DAD-4E37-A94A-63B1371BE478}.Debug|Any CPU.Build.0 = Debug|Any CPU
		{BF872D3E-8DAD-4E37-A94A-63B1371BE478}.Debug|x64.ActiveCfg = Debug|Any CPU
		{BF872D3E-8DAD-4E37-A94A-63B1371BE478}.Debug|x64.Build.0 = Debug|Any CPU
		{BF872D3E-8DAD-4E37-A94A-63B1371BE478}.Debug|x86.ActiveCfg = Debug|Any CPU
		{BF872D3E-8DAD-4E37-A94A-63B1371BE478}.Debug|x86.Build.0 = Debug|Any CPU
		{BF872D3E-8DAD-4E37-A94A-63B1371BE478}.Release|Any CPU.ActiveCfg = Release|Any CPU
		{BF872D3E-8DAD-4E37-A94A-63B1371BE478}.Release|Any CPU.Build.0 = Release|Any CPU
		{BF872D3E-8DAD-4E37-A94A-63B1371BE478}.Release|x64.ActiveCfg = Release|Any CPU
		{BF872D3E-8DAD-4E37-A94A-63B1371BE478}.Release|x64.Build.0 = Release|Any CPU
		{BF872D3E-8DAD-4E37-A94A-63B1371BE478}.Release|x86.ActiveCfg = Release|Any CPU
		{BF872D3E-8DAD-4E37-A94A-63B1371BE478}.Release|x86.Build.0 = Release|Any CPU
		{412094F8-C369-4BA2-825F-4943917FBBFC}.Debug|Any CPU.ActiveCfg = Debug|Any CPU
		{412094F8-C369-4BA2-825F-4943917FBBFC}.Debug|Any CPU.Build.0 = Debug|Any CPU
		{412094F8-C369-4BA2-825F-4943917FBBFC}.Debug|x64.ActiveCfg = Debug|Any CPU
		{412094F8-C369-4BA2-825F-4943917FBBFC}.Debug|x64.Build.0 = Debug|Any CPU
		{412094F8-C369-4BA2-825F-4943917FBBFC}.Debug|x86.ActiveCfg = Debug|Any CPU
		{412094F8-C369-4BA2-825F-4943917FBBFC}.Debug|x86.Build.0 = Debug|Any CPU
		{412094F8-C369-4BA2-825F-4943917FBBFC}.Release|Any CPU.ActiveCfg = Release|Any CPU
		{412094F8-C369-4BA2-825F-4943917FBBFC}.Release|Any CPU.Build.0 = Release|Any CPU
		{412094F8-C369-4BA2-825F-4943917FBBFC}.Release|x64.ActiveCfg = Release|Any CPU
		{412094F8-C369-4BA2-825F-4943917FBBFC}.Release|x64.Build.0 = Release|Any CPU
		{412094F8-C369-4BA2-825F-4943917FBBFC}.Release|x86.ActiveCfg = Release|Any CPU
		{412094F8-C369-4BA2-825F-4943917FBBFC}.Release|x86.Build.0 = Release|Any CPU
		{0EC8CC40-1EDE-4BB5-8199-7891FA161296}.Debug|Any CPU.ActiveCfg = Debug|Any CPU
		{0EC8CC40-1EDE-4BB5-8199-7891FA161296}.Debug|Any CPU.Build.0 = Debug|Any CPU
		{0EC8CC40-1EDE-4BB5-8199-7891FA161296}.Debug|x64.ActiveCfg = Debug|Any CPU
		{0EC8CC40-1EDE-4BB5-8199-7891FA161296}.Debug|x64.Build.0 = Debug|Any CPU
		{0EC8CC40-1EDE-4BB5-8199-7891FA161296}.Debug|x86.ActiveCfg = Debug|Any CPU
		{0EC8CC40-1EDE-4BB5-8199-7891FA161296}.Debug|x86.Build.0 = Debug|Any CPU
		{0EC8CC40-1EDE-4BB5-8199-7891FA161296}.Release|Any CPU.ActiveCfg = Release|Any CPU
		{0EC8CC40-1EDE-4BB5-8199-7891FA161296}.Release|Any CPU.Build.0 = Release|Any CPU
		{0EC8CC40-1EDE-4BB5-8199-7891FA161296}.Release|x64.ActiveCfg = Release|Any CPU
		{0EC8CC40-1EDE-4BB5-8199-7891FA161296}.Release|x64.Build.0 = Release|Any CPU
		{0EC8CC40-1EDE-4BB5-8199-7891FA161296}.Release|x86.ActiveCfg = Release|Any CPU
		{0EC8CC40-1EDE-4BB5-8199-7891FA161296}.Release|x86.Build.0 = Release|Any CPU
		{DD034AFC-89DC-402B-BAB0-D148A32EC092}.Debug|Any CPU.ActiveCfg = Debug|Any CPU
		{DD034AFC-89DC-402B-BAB0-D148A32EC092}.Debug|Any CPU.Build.0 = Debug|Any CPU
		{DD034AFC-89DC-402B-BAB0-D148A32EC092}.Debug|x64.ActiveCfg = Debug|Any CPU
		{DD034AFC-89DC-402B-BAB0-D148A32EC092}.Debug|x64.Build.0 = Debug|Any CPU
		{DD034AFC-89DC-402B-BAB0-D148A32EC092}.Debug|x86.ActiveCfg = Debug|Any CPU
		{DD034AFC-89DC-402B-BAB0-D148A32EC092}.Debug|x86.Build.0 = Debug|Any CPU
		{DD034AFC-89DC-402B-BAB0-D148A32EC092}.Release|Any CPU.ActiveCfg = Release|Any CPU
		{DD034AFC-89DC-402B-BAB0-D148A32EC092}.Release|Any CPU.Build.0 = Release|Any CPU
		{DD034AFC-89DC-402B-BAB0-D148A32EC092}.Release|x64.ActiveCfg = Release|Any CPU
		{DD034AFC-89DC-402B-BAB0-D148A32EC092}.Release|x64.Build.0 = Release|Any CPU
		{DD034AFC-89DC-402B-BAB0-D148A32EC092}.Release|x86.ActiveCfg = Release|Any CPU
		{DD034AFC-89DC-402B-BAB0-D148A32EC092}.Release|x86.Build.0 = Release|Any CPU
		{EC11BCC2-5B02-4F31-AAD9-21CEA43934D8}.Debug|Any CPU.ActiveCfg = Debug|Any CPU
		{EC11BCC2-5B02-4F31-AAD9-21CEA43934D8}.Debug|Any CPU.Build.0 = Debug|Any CPU
		{EC11BCC2-5B02-4F31-AAD9-21CEA43934D8}.Debug|x64.ActiveCfg = Debug|Any CPU
		{EC11BCC2-5B02-4F31-AAD9-21CEA43934D8}.Debug|x64.Build.0 = Debug|Any CPU
		{EC11BCC2-5B02-4F31-AAD9-21CEA43934D8}.Debug|x86.ActiveCfg = Debug|Any CPU
		{EC11BCC2-5B02-4F31-AAD9-21CEA43934D8}.Debug|x86.Build.0 = Debug|Any CPU
		{EC11BCC2-5B02-4F31-AAD9-21CEA43934D8}.Release|Any CPU.ActiveCfg = Release|Any CPU
		{EC11BCC2-5B02-4F31-AAD9-21CEA43934D8}.Release|Any CPU.Build.0 = Release|Any CPU
		{EC11BCC2-5B02-4F31-AAD9-21CEA43934D8}.Release|x64.ActiveCfg = Release|Any CPU
		{EC11BCC2-5B02-4F31-AAD9-21CEA43934D8}.Release|x64.Build.0 = Release|Any CPU
		{EC11BCC2-5B02-4F31-AAD9-21CEA43934D8}.Release|x86.ActiveCfg = Release|Any CPU
		{EC11BCC2-5B02-4F31-AAD9-21CEA43934D8}.Release|x86.Build.0 = Release|Any CPU
		{CF8BA4D6-77DC-428C-9B60-4197A955E132}.Debug|Any CPU.ActiveCfg = Debug|Any CPU
		{CF8BA4D6-77DC-428C-9B60-4197A955E132}.Debug|Any CPU.Build.0 = Debug|Any CPU
		{CF8BA4D6-77DC-428C-9B60-4197A955E132}.Debug|x64.ActiveCfg = Debug|Any CPU
		{CF8BA4D6-77DC-428C-9B60-4197A955E132}.Debug|x64.Build.0 = Debug|Any CPU
		{CF8BA4D6-77DC-428C-9B60-4197A955E132}.Debug|x86.ActiveCfg = Debug|Any CPU
		{CF8BA4D6-77DC-428C-9B60-4197A955E132}.Debug|x86.Build.0 = Debug|Any CPU
		{CF8BA4D6-77DC-428C-9B60-4197A955E132}.Release|Any CPU.ActiveCfg = Release|Any CPU
		{CF8BA4D6-77DC-428C-9B60-4197A955E132}.Release|Any CPU.Build.0 = Release|Any CPU
		{CF8BA4D6-77DC-428C-9B60-4197A955E132}.Release|x64.ActiveCfg = Release|Any CPU
		{CF8BA4D6-77DC-428C-9B60-4197A955E132}.Release|x64.Build.0 = Release|Any CPU
		{CF8BA4D6-77DC-428C-9B60-4197A955E132}.Release|x86.ActiveCfg = Release|Any CPU
		{CF8BA4D6-77DC-428C-9B60-4197A955E132}.Release|x86.Build.0 = Release|Any CPU
		{D4504697-FF0E-4233-97D8-599122E667EF}.Debug|Any CPU.ActiveCfg = Debug|Any CPU
		{D4504697-FF0E-4233-97D8-599122E667EF}.Debug|Any CPU.Build.0 = Debug|Any CPU
		{D4504697-FF0E-4233-97D8-599122E667EF}.Debug|x64.ActiveCfg = Debug|Any CPU
		{D4504697-FF0E-4233-97D8-599122E667EF}.Debug|x64.Build.0 = Debug|Any CPU
		{D4504697-FF0E-4233-97D8-599122E667EF}.Debug|x86.ActiveCfg = Debug|Any CPU
		{D4504697-FF0E-4233-97D8-599122E667EF}.Debug|x86.Build.0 = Debug|Any CPU
		{D4504697-FF0E-4233-97D8-599122E667EF}.Release|Any CPU.ActiveCfg = Release|Any CPU
		{D4504697-FF0E-4233-97D8-599122E667EF}.Release|Any CPU.Build.0 = Release|Any CPU
		{D4504697-FF0E-4233-97D8-599122E667EF}.Release|x64.ActiveCfg = Release|Any CPU
		{D4504697-FF0E-4233-97D8-599122E667EF}.Release|x64.Build.0 = Release|Any CPU
		{D4504697-FF0E-4233-97D8-599122E667EF}.Release|x86.ActiveCfg = Release|Any CPU
		{D4504697-FF0E-4233-97D8-599122E667EF}.Release|x86.Build.0 = Release|Any CPU
		{5E87F7E4-9B75-4FA7-8D5C-D3B2B0DF11EA}.Debug|Any CPU.ActiveCfg = Debug|Any CPU
		{5E87F7E4-9B75-4FA7-8D5C-D3B2B0DF11EA}.Debug|Any CPU.Build.0 = Debug|Any CPU
		{5E87F7E4-9B75-4FA7-8D5C-D3B2B0DF11EA}.Debug|x64.ActiveCfg = Debug|Any CPU
		{5E87F7E4-9B75-4FA7-8D5C-D3B2B0DF11EA}.Debug|x64.Build.0 = Debug|Any CPU
		{5E87F7E4-9B75-4FA7-8D5C-D3B2B0DF11EA}.Debug|x86.ActiveCfg = Debug|Any CPU
		{5E87F7E4-9B75-4FA7-8D5C-D3B2B0DF11EA}.Debug|x86.Build.0 = Debug|Any CPU
		{5E87F7E4-9B75-4FA7-8D5C-D3B2B0DF11EA}.Release|Any CPU.ActiveCfg = Release|Any CPU
		{5E87F7E4-9B75-4FA7-8D5C-D3B2B0DF11EA}.Release|Any CPU.Build.0 = Release|Any CPU
		{5E87F7E4-9B75-4FA7-8D5C-D3B2B0DF11EA}.Release|x64.ActiveCfg = Release|Any CPU
		{5E87F7E4-9B75-4FA7-8D5C-D3B2B0DF11EA}.Release|x64.Build.0 = Release|Any CPU
		{5E87F7E4-9B75-4FA7-8D5C-D3B2B0DF11EA}.Release|x86.ActiveCfg = Release|Any CPU
		{5E87F7E4-9B75-4FA7-8D5C-D3B2B0DF11EA}.Release|x86.Build.0 = Release|Any CPU
		{2151E6E8-7C45-4143-8956-406BA4477B16}.Debug|Any CPU.ActiveCfg = Debug|Any CPU
		{2151E6E8-7C45-4143-8956-406BA4477B16}.Debug|Any CPU.Build.0 = Debug|Any CPU
		{2151E6E8-7C45-4143-8956-406BA4477B16}.Debug|x64.ActiveCfg = Debug|Any CPU
		{2151E6E8-7C45-4143-8956-406BA4477B16}.Debug|x64.Build.0 = Debug|Any CPU
		{2151E6E8-7C45-4143-8956-406BA4477B16}.Debug|x86.ActiveCfg = Debug|Any CPU
		{2151E6E8-7C45-4143-8956-406BA4477B16}.Debug|x86.Build.0 = Debug|Any CPU
		{2151E6E8-7C45-4143-8956-406BA4477B16}.Release|Any CPU.ActiveCfg = Release|Any CPU
		{2151E6E8-7C45-4143-8956-406BA4477B16}.Release|Any CPU.Build.0 = Release|Any CPU
		{2151E6E8-7C45-4143-8956-406BA4477B16}.Release|x64.ActiveCfg = Release|Any CPU
		{2151E6E8-7C45-4143-8956-406BA4477B16}.Release|x64.Build.0 = Release|Any CPU
		{2151E6E8-7C45-4143-8956-406BA4477B16}.Release|x86.ActiveCfg = Release|Any CPU
		{2151E6E8-7C45-4143-8956-406BA4477B16}.Release|x86.Build.0 = Release|Any CPU
		{CB612C13-9A0F-4076-8F19-2DA902D21046}.Debug|Any CPU.ActiveCfg = Debug|Any CPU
		{CB612C13-9A0F-4076-8F19-2DA902D21046}.Debug|Any CPU.Build.0 = Debug|Any CPU
		{CB612C13-9A0F-4076-8F19-2DA902D21046}.Debug|x64.ActiveCfg = Debug|Any CPU
		{CB612C13-9A0F-4076-8F19-2DA902D21046}.Debug|x64.Build.0 = Debug|Any CPU
		{CB612C13-9A0F-4076-8F19-2DA902D21046}.Debug|x86.ActiveCfg = Debug|Any CPU
		{CB612C13-9A0F-4076-8F19-2DA902D21046}.Debug|x86.Build.0 = Debug|Any CPU
		{CB612C13-9A0F-4076-8F19-2DA902D21046}.Release|Any CPU.ActiveCfg = Release|Any CPU
		{CB612C13-9A0F-4076-8F19-2DA902D21046}.Release|Any CPU.Build.0 = Release|Any CPU
		{CB612C13-9A0F-4076-8F19-2DA902D21046}.Release|x64.ActiveCfg = Release|Any CPU
		{CB612C13-9A0F-4076-8F19-2DA902D21046}.Release|x64.Build.0 = Release|Any CPU
		{CB612C13-9A0F-4076-8F19-2DA902D21046}.Release|x86.ActiveCfg = Release|Any CPU
		{CB612C13-9A0F-4076-8F19-2DA902D21046}.Release|x86.Build.0 = Release|Any CPU
		{F96A5304-4225-4072-8306-9157F3ADE955}.Debug|Any CPU.ActiveCfg = Debug|Any CPU
		{F96A5304-4225-4072-8306-9157F3ADE955}.Debug|Any CPU.Build.0 = Debug|Any CPU
		{F96A5304-4225-4072-8306-9157F3ADE955}.Debug|x64.ActiveCfg = Debug|Any CPU
		{F96A5304-4225-4072-8306-9157F3ADE955}.Debug|x64.Build.0 = Debug|Any CPU
		{F96A5304-4225-4072-8306-9157F3ADE955}.Debug|x86.ActiveCfg = Debug|Any CPU
		{F96A5304-4225-4072-8306-9157F3ADE955}.Debug|x86.Build.0 = Debug|Any CPU
		{F96A5304-4225-4072-8306-9157F3ADE955}.Release|Any CPU.ActiveCfg = Release|Any CPU
		{F96A5304-4225-4072-8306-9157F3ADE955}.Release|Any CPU.Build.0 = Release|Any CPU
		{F96A5304-4225-4072-8306-9157F3ADE955}.Release|x64.ActiveCfg = Release|Any CPU
		{F96A5304-4225-4072-8306-9157F3ADE955}.Release|x64.Build.0 = Release|Any CPU
		{F96A5304-4225-4072-8306-9157F3ADE955}.Release|x86.ActiveCfg = Release|Any CPU
		{F96A5304-4225-4072-8306-9157F3ADE955}.Release|x86.Build.0 = Release|Any CPU
		{9232FD87-91A1-45D3-B74B-B9ECBC5D2191}.Debug|Any CPU.ActiveCfg = Debug|Any CPU
		{9232FD87-91A1-45D3-B74B-B9ECBC5D2191}.Debug|Any CPU.Build.0 = Debug|Any CPU
		{9232FD87-91A1-45D3-B74B-B9ECBC5D2191}.Debug|x64.ActiveCfg = Debug|Any CPU
		{9232FD87-91A1-45D3-B74B-B9ECBC5D2191}.Debug|x64.Build.0 = Debug|Any CPU
		{9232FD87-91A1-45D3-B74B-B9ECBC5D2191}.Debug|x86.ActiveCfg = Debug|Any CPU
		{9232FD87-91A1-45D3-B74B-B9ECBC5D2191}.Debug|x86.Build.0 = Debug|Any CPU
		{9232FD87-91A1-45D3-B74B-B9ECBC5D2191}.Release|Any CPU.ActiveCfg = Release|Any CPU
		{9232FD87-91A1-45D3-B74B-B9ECBC5D2191}.Release|Any CPU.Build.0 = Release|Any CPU
		{9232FD87-91A1-45D3-B74B-B9ECBC5D2191}.Release|x64.ActiveCfg = Release|Any CPU
		{9232FD87-91A1-45D3-B74B-B9ECBC5D2191}.Release|x64.Build.0 = Release|Any CPU
		{9232FD87-91A1-45D3-B74B-B9ECBC5D2191}.Release|x86.ActiveCfg = Release|Any CPU
		{9232FD87-91A1-45D3-B74B-B9ECBC5D2191}.Release|x86.Build.0 = Release|Any CPU
		{21C2D6D4-A955-4F8E-9BBA-58A865ED5A94}.Debug|Any CPU.ActiveCfg = Debug|Any CPU
		{21C2D6D4-A955-4F8E-9BBA-58A865ED5A94}.Debug|Any CPU.Build.0 = Debug|Any CPU
		{21C2D6D4-A955-4F8E-9BBA-58A865ED5A94}.Debug|x64.ActiveCfg = Debug|Any CPU
		{21C2D6D4-A955-4F8E-9BBA-58A865ED5A94}.Debug|x64.Build.0 = Debug|Any CPU
		{21C2D6D4-A955-4F8E-9BBA-58A865ED5A94}.Debug|x86.ActiveCfg = Debug|Any CPU
		{21C2D6D4-A955-4F8E-9BBA-58A865ED5A94}.Debug|x86.Build.0 = Debug|Any CPU
		{21C2D6D4-A955-4F8E-9BBA-58A865ED5A94}.Release|Any CPU.ActiveCfg = Release|Any CPU
		{21C2D6D4-A955-4F8E-9BBA-58A865ED5A94}.Release|Any CPU.Build.0 = Release|Any CPU
		{21C2D6D4-A955-4F8E-9BBA-58A865ED5A94}.Release|x64.ActiveCfg = Release|Any CPU
		{21C2D6D4-A955-4F8E-9BBA-58A865ED5A94}.Release|x64.Build.0 = Release|Any CPU
		{21C2D6D4-A955-4F8E-9BBA-58A865ED5A94}.Release|x86.ActiveCfg = Release|Any CPU
		{21C2D6D4-A955-4F8E-9BBA-58A865ED5A94}.Release|x86.Build.0 = Release|Any CPU
		{9E48BA9D-CEF9-4A27-85E0-D7CAC949DAED}.Debug|Any CPU.ActiveCfg = Debug|Any CPU
		{9E48BA9D-CEF9-4A27-85E0-D7CAC949DAED}.Debug|Any CPU.Build.0 = Debug|Any CPU
		{9E48BA9D-CEF9-4A27-85E0-D7CAC949DAED}.Debug|x64.ActiveCfg = Debug|Any CPU
		{9E48BA9D-CEF9-4A27-85E0-D7CAC949DAED}.Debug|x64.Build.0 = Debug|Any CPU
		{9E48BA9D-CEF9-4A27-85E0-D7CAC949DAED}.Debug|x86.ActiveCfg = Debug|Any CPU
		{9E48BA9D-CEF9-4A27-85E0-D7CAC949DAED}.Debug|x86.Build.0 = Debug|Any CPU
		{9E48BA9D-CEF9-4A27-85E0-D7CAC949DAED}.Release|Any CPU.ActiveCfg = Release|Any CPU
		{9E48BA9D-CEF9-4A27-85E0-D7CAC949DAED}.Release|Any CPU.Build.0 = Release|Any CPU
		{9E48BA9D-CEF9-4A27-85E0-D7CAC949DAED}.Release|x64.ActiveCfg = Release|Any CPU
		{9E48BA9D-CEF9-4A27-85E0-D7CAC949DAED}.Release|x64.Build.0 = Release|Any CPU
		{9E48BA9D-CEF9-4A27-85E0-D7CAC949DAED}.Release|x86.ActiveCfg = Release|Any CPU
		{9E48BA9D-CEF9-4A27-85E0-D7CAC949DAED}.Release|x86.Build.0 = Release|Any CPU
		{1A67124A-0280-4924-B55B-4CB70CF416B6}.Debug|Any CPU.ActiveCfg = Debug|Any CPU
		{1A67124A-0280-4924-B55B-4CB70CF416B6}.Debug|Any CPU.Build.0 = Debug|Any CPU
		{1A67124A-0280-4924-B55B-4CB70CF416B6}.Debug|x64.ActiveCfg = Debug|Any CPU
		{1A67124A-0280-4924-B55B-4CB70CF416B6}.Debug|x64.Build.0 = Debug|Any CPU
		{1A67124A-0280-4924-B55B-4CB70CF416B6}.Debug|x86.ActiveCfg = Debug|Any CPU
		{1A67124A-0280-4924-B55B-4CB70CF416B6}.Debug|x86.Build.0 = Debug|Any CPU
		{1A67124A-0280-4924-B55B-4CB70CF416B6}.Release|Any CPU.ActiveCfg = Release|Any CPU
		{1A67124A-0280-4924-B55B-4CB70CF416B6}.Release|Any CPU.Build.0 = Release|Any CPU
		{1A67124A-0280-4924-B55B-4CB70CF416B6}.Release|x64.ActiveCfg = Release|Any CPU
		{1A67124A-0280-4924-B55B-4CB70CF416B6}.Release|x64.Build.0 = Release|Any CPU
		{1A67124A-0280-4924-B55B-4CB70CF416B6}.Release|x86.ActiveCfg = Release|Any CPU
		{1A67124A-0280-4924-B55B-4CB70CF416B6}.Release|x86.Build.0 = Release|Any CPU
		{81E052FC-4E59-4F5D-8F50-236087A57429}.Debug|Any CPU.ActiveCfg = Debug|Any CPU
		{81E052FC-4E59-4F5D-8F50-236087A57429}.Debug|Any CPU.Build.0 = Debug|Any CPU
		{81E052FC-4E59-4F5D-8F50-236087A57429}.Debug|x64.ActiveCfg = Debug|Any CPU
		{81E052FC-4E59-4F5D-8F50-236087A57429}.Debug|x64.Build.0 = Debug|Any CPU
		{81E052FC-4E59-4F5D-8F50-236087A57429}.Debug|x86.ActiveCfg = Debug|Any CPU
		{81E052FC-4E59-4F5D-8F50-236087A57429}.Debug|x86.Build.0 = Debug|Any CPU
		{81E052FC-4E59-4F5D-8F50-236087A57429}.Release|Any CPU.ActiveCfg = Release|Any CPU
		{81E052FC-4E59-4F5D-8F50-236087A57429}.Release|Any CPU.Build.0 = Release|Any CPU
		{81E052FC-4E59-4F5D-8F50-236087A57429}.Release|x64.ActiveCfg = Release|Any CPU
		{81E052FC-4E59-4F5D-8F50-236087A57429}.Release|x64.Build.0 = Release|Any CPU
		{81E052FC-4E59-4F5D-8F50-236087A57429}.Release|x86.ActiveCfg = Release|Any CPU
		{81E052FC-4E59-4F5D-8F50-236087A57429}.Release|x86.Build.0 = Release|Any CPU
		{B94F2584-3CED-455E-9303-76D9FFA98F7A}.Debug|Any CPU.ActiveCfg = Debug|Any CPU
		{B94F2584-3CED-455E-9303-76D9FFA98F7A}.Debug|Any CPU.Build.0 = Debug|Any CPU
		{B94F2584-3CED-455E-9303-76D9FFA98F7A}.Debug|x64.ActiveCfg = Debug|Any CPU
		{B94F2584-3CED-455E-9303-76D9FFA98F7A}.Debug|x64.Build.0 = Debug|Any CPU
		{B94F2584-3CED-455E-9303-76D9FFA98F7A}.Debug|x86.ActiveCfg = Debug|Any CPU
		{B94F2584-3CED-455E-9303-76D9FFA98F7A}.Debug|x86.Build.0 = Debug|Any CPU
		{B94F2584-3CED-455E-9303-76D9FFA98F7A}.Release|Any CPU.ActiveCfg = Release|Any CPU
		{B94F2584-3CED-455E-9303-76D9FFA98F7A}.Release|Any CPU.Build.0 = Release|Any CPU
		{B94F2584-3CED-455E-9303-76D9FFA98F7A}.Release|x64.ActiveCfg = Release|Any CPU
		{B94F2584-3CED-455E-9303-76D9FFA98F7A}.Release|x64.Build.0 = Release|Any CPU
		{B94F2584-3CED-455E-9303-76D9FFA98F7A}.Release|x86.ActiveCfg = Release|Any CPU
		{B94F2584-3CED-455E-9303-76D9FFA98F7A}.Release|x86.Build.0 = Release|Any CPU
		{2AA3E720-F324-4FD9-8C4D-8C28A54D5B57}.Debug|Any CPU.ActiveCfg = Debug|Any CPU
		{2AA3E720-F324-4FD9-8C4D-8C28A54D5B57}.Debug|Any CPU.Build.0 = Debug|Any CPU
		{2AA3E720-F324-4FD9-8C4D-8C28A54D5B57}.Debug|x64.ActiveCfg = Debug|Any CPU
		{2AA3E720-F324-4FD9-8C4D-8C28A54D5B57}.Debug|x64.Build.0 = Debug|Any CPU
		{2AA3E720-F324-4FD9-8C4D-8C28A54D5B57}.Debug|x86.ActiveCfg = Debug|Any CPU
		{2AA3E720-F324-4FD9-8C4D-8C28A54D5B57}.Debug|x86.Build.0 = Debug|Any CPU
		{2AA3E720-F324-4FD9-8C4D-8C28A54D5B57}.Release|Any CPU.ActiveCfg = Release|Any CPU
		{2AA3E720-F324-4FD9-8C4D-8C28A54D5B57}.Release|Any CPU.Build.0 = Release|Any CPU
		{2AA3E720-F324-4FD9-8C4D-8C28A54D5B57}.Release|x64.ActiveCfg = Release|Any CPU
		{2AA3E720-F324-4FD9-8C4D-8C28A54D5B57}.Release|x64.Build.0 = Release|Any CPU
		{2AA3E720-F324-4FD9-8C4D-8C28A54D5B57}.Release|x86.ActiveCfg = Release|Any CPU
		{2AA3E720-F324-4FD9-8C4D-8C28A54D5B57}.Release|x86.Build.0 = Release|Any CPU
		{29497E36-7233-4E24-BCCE-A63F05EDD695}.Debug|Any CPU.ActiveCfg = Debug|Any CPU
		{29497E36-7233-4E24-BCCE-A63F05EDD695}.Debug|Any CPU.Build.0 = Debug|Any CPU
		{29497E36-7233-4E24-BCCE-A63F05EDD695}.Debug|x64.ActiveCfg = Debug|Any CPU
		{29497E36-7233-4E24-BCCE-A63F05EDD695}.Debug|x64.Build.0 = Debug|Any CPU
		{29497E36-7233-4E24-BCCE-A63F05EDD695}.Debug|x86.ActiveCfg = Debug|Any CPU
		{29497E36-7233-4E24-BCCE-A63F05EDD695}.Debug|x86.Build.0 = Debug|Any CPU
		{29497E36-7233-4E24-BCCE-A63F05EDD695}.Release|Any CPU.ActiveCfg = Release|Any CPU
		{29497E36-7233-4E24-BCCE-A63F05EDD695}.Release|Any CPU.Build.0 = Release|Any CPU
		{29497E36-7233-4E24-BCCE-A63F05EDD695}.Release|x64.ActiveCfg = Release|Any CPU
		{29497E36-7233-4E24-BCCE-A63F05EDD695}.Release|x64.Build.0 = Release|Any CPU
		{29497E36-7233-4E24-BCCE-A63F05EDD695}.Release|x86.ActiveCfg = Release|Any CPU
		{29497E36-7233-4E24-BCCE-A63F05EDD695}.Release|x86.Build.0 = Release|Any CPU
		{F2761078-744A-4C35-887E-B163E8BFC025}.Debug|Any CPU.ActiveCfg = Debug|Any CPU
		{F2761078-744A-4C35-887E-B163E8BFC025}.Debug|Any CPU.Build.0 = Debug|Any CPU
		{F2761078-744A-4C35-887E-B163E8BFC025}.Debug|x64.ActiveCfg = Debug|Any CPU
		{F2761078-744A-4C35-887E-B163E8BFC025}.Debug|x64.Build.0 = Debug|Any CPU
		{F2761078-744A-4C35-887E-B163E8BFC025}.Debug|x86.ActiveCfg = Debug|Any CPU
		{F2761078-744A-4C35-887E-B163E8BFC025}.Debug|x86.Build.0 = Debug|Any CPU
		{F2761078-744A-4C35-887E-B163E8BFC025}.Release|Any CPU.ActiveCfg = Release|Any CPU
		{F2761078-744A-4C35-887E-B163E8BFC025}.Release|Any CPU.Build.0 = Release|Any CPU
		{F2761078-744A-4C35-887E-B163E8BFC025}.Release|x64.ActiveCfg = Release|Any CPU
		{F2761078-744A-4C35-887E-B163E8BFC025}.Release|x64.Build.0 = Release|Any CPU
		{F2761078-744A-4C35-887E-B163E8BFC025}.Release|x86.ActiveCfg = Release|Any CPU
		{F2761078-744A-4C35-887E-B163E8BFC025}.Release|x86.Build.0 = Release|Any CPU
		{81162E3C-0954-462B-BE85-8903F0A7008A}.Debug|Any CPU.ActiveCfg = Debug|Any CPU
		{81162E3C-0954-462B-BE85-8903F0A7008A}.Debug|Any CPU.Build.0 = Debug|Any CPU
		{81162E3C-0954-462B-BE85-8903F0A7008A}.Debug|x64.ActiveCfg = Debug|Any CPU
		{81162E3C-0954-462B-BE85-8903F0A7008A}.Debug|x64.Build.0 = Debug|Any CPU
		{81162E3C-0954-462B-BE85-8903F0A7008A}.Debug|x86.ActiveCfg = Debug|Any CPU
		{81162E3C-0954-462B-BE85-8903F0A7008A}.Debug|x86.Build.0 = Debug|Any CPU
		{81162E3C-0954-462B-BE85-8903F0A7008A}.Release|Any CPU.ActiveCfg = Release|Any CPU
		{81162E3C-0954-462B-BE85-8903F0A7008A}.Release|Any CPU.Build.0 = Release|Any CPU
		{81162E3C-0954-462B-BE85-8903F0A7008A}.Release|x64.ActiveCfg = Release|Any CPU
		{81162E3C-0954-462B-BE85-8903F0A7008A}.Release|x64.Build.0 = Release|Any CPU
		{81162E3C-0954-462B-BE85-8903F0A7008A}.Release|x86.ActiveCfg = Release|Any CPU
		{81162E3C-0954-462B-BE85-8903F0A7008A}.Release|x86.Build.0 = Release|Any CPU
		{1A79D2A6-6236-4C35-8F54-94FB65953226}.Debug|Any CPU.ActiveCfg = Debug|Any CPU
		{1A79D2A6-6236-4C35-8F54-94FB65953226}.Debug|Any CPU.Build.0 = Debug|Any CPU
		{1A79D2A6-6236-4C35-8F54-94FB65953226}.Debug|x64.ActiveCfg = Debug|Any CPU
		{1A79D2A6-6236-4C35-8F54-94FB65953226}.Debug|x64.Build.0 = Debug|Any CPU
		{1A79D2A6-6236-4C35-8F54-94FB65953226}.Debug|x86.ActiveCfg = Debug|Any CPU
		{1A79D2A6-6236-4C35-8F54-94FB65953226}.Debug|x86.Build.0 = Debug|Any CPU
		{1A79D2A6-6236-4C35-8F54-94FB65953226}.Release|Any CPU.ActiveCfg = Release|Any CPU
		{1A79D2A6-6236-4C35-8F54-94FB65953226}.Release|Any CPU.Build.0 = Release|Any CPU
		{1A79D2A6-6236-4C35-8F54-94FB65953226}.Release|x64.ActiveCfg = Release|Any CPU
		{1A79D2A6-6236-4C35-8F54-94FB65953226}.Release|x64.Build.0 = Release|Any CPU
		{1A79D2A6-6236-4C35-8F54-94FB65953226}.Release|x86.ActiveCfg = Release|Any CPU
		{1A79D2A6-6236-4C35-8F54-94FB65953226}.Release|x86.Build.0 = Release|Any CPU
		{89A20CFA-AAEA-4CBA-BFA5-E196B0FA3C25}.Debug|Any CPU.ActiveCfg = Debug|Any CPU
		{89A20CFA-AAEA-4CBA-BFA5-E196B0FA3C25}.Debug|Any CPU.Build.0 = Debug|Any CPU
		{89A20CFA-AAEA-4CBA-BFA5-E196B0FA3C25}.Debug|x64.ActiveCfg = Debug|Any CPU
		{89A20CFA-AAEA-4CBA-BFA5-E196B0FA3C25}.Debug|x64.Build.0 = Debug|Any CPU
		{89A20CFA-AAEA-4CBA-BFA5-E196B0FA3C25}.Debug|x86.ActiveCfg = Debug|Any CPU
		{89A20CFA-AAEA-4CBA-BFA5-E196B0FA3C25}.Debug|x86.Build.0 = Debug|Any CPU
		{89A20CFA-AAEA-4CBA-BFA5-E196B0FA3C25}.Release|Any CPU.ActiveCfg = Release|Any CPU
		{89A20CFA-AAEA-4CBA-BFA5-E196B0FA3C25}.Release|Any CPU.Build.0 = Release|Any CPU
		{89A20CFA-AAEA-4CBA-BFA5-E196B0FA3C25}.Release|x64.ActiveCfg = Release|Any CPU
		{89A20CFA-AAEA-4CBA-BFA5-E196B0FA3C25}.Release|x64.Build.0 = Release|Any CPU
		{89A20CFA-AAEA-4CBA-BFA5-E196B0FA3C25}.Release|x86.ActiveCfg = Release|Any CPU
		{89A20CFA-AAEA-4CBA-BFA5-E196B0FA3C25}.Release|x86.Build.0 = Release|Any CPU
		{CDBE9149-11B6-443F-9313-C91B108F5949}.Debug|Any CPU.ActiveCfg = Debug|Any CPU
		{CDBE9149-11B6-443F-9313-C91B108F5949}.Debug|Any CPU.Build.0 = Debug|Any CPU
		{CDBE9149-11B6-443F-9313-C91B108F5949}.Debug|x64.ActiveCfg = Debug|Any CPU
		{CDBE9149-11B6-443F-9313-C91B108F5949}.Debug|x64.Build.0 = Debug|Any CPU
		{CDBE9149-11B6-443F-9313-C91B108F5949}.Debug|x86.ActiveCfg = Debug|Any CPU
		{CDBE9149-11B6-443F-9313-C91B108F5949}.Debug|x86.Build.0 = Debug|Any CPU
		{CDBE9149-11B6-443F-9313-C91B108F5949}.Release|Any CPU.ActiveCfg = Release|Any CPU
		{CDBE9149-11B6-443F-9313-C91B108F5949}.Release|Any CPU.Build.0 = Release|Any CPU
		{CDBE9149-11B6-443F-9313-C91B108F5949}.Release|x64.ActiveCfg = Release|Any CPU
		{CDBE9149-11B6-443F-9313-C91B108F5949}.Release|x64.Build.0 = Release|Any CPU
		{CDBE9149-11B6-443F-9313-C91B108F5949}.Release|x86.ActiveCfg = Release|Any CPU
		{CDBE9149-11B6-443F-9313-C91B108F5949}.Release|x86.Build.0 = Release|Any CPU
		{8A4C3B85-3494-4DFC-A28B-93BEF8D6C56F}.Debug|Any CPU.ActiveCfg = Debug|Any CPU
		{8A4C3B85-3494-4DFC-A28B-93BEF8D6C56F}.Debug|Any CPU.Build.0 = Debug|Any CPU
		{8A4C3B85-3494-4DFC-A28B-93BEF8D6C56F}.Debug|x64.ActiveCfg = Debug|Any CPU
		{8A4C3B85-3494-4DFC-A28B-93BEF8D6C56F}.Debug|x64.Build.0 = Debug|Any CPU
		{8A4C3B85-3494-4DFC-A28B-93BEF8D6C56F}.Debug|x86.ActiveCfg = Debug|Any CPU
		{8A4C3B85-3494-4DFC-A28B-93BEF8D6C56F}.Debug|x86.Build.0 = Debug|Any CPU
		{8A4C3B85-3494-4DFC-A28B-93BEF8D6C56F}.Release|Any CPU.ActiveCfg = Release|Any CPU
		{8A4C3B85-3494-4DFC-A28B-93BEF8D6C56F}.Release|Any CPU.Build.0 = Release|Any CPU
		{8A4C3B85-3494-4DFC-A28B-93BEF8D6C56F}.Release|x64.ActiveCfg = Release|Any CPU
		{8A4C3B85-3494-4DFC-A28B-93BEF8D6C56F}.Release|x64.Build.0 = Release|Any CPU
		{8A4C3B85-3494-4DFC-A28B-93BEF8D6C56F}.Release|x86.ActiveCfg = Release|Any CPU
		{8A4C3B85-3494-4DFC-A28B-93BEF8D6C56F}.Release|x86.Build.0 = Release|Any CPU
		{890AFC51-B541-4D1B-ABCE-B123222C10BF}.Debug|Any CPU.ActiveCfg = Debug|Any CPU
		{890AFC51-B541-4D1B-ABCE-B123222C10BF}.Debug|Any CPU.Build.0 = Debug|Any CPU
		{890AFC51-B541-4D1B-ABCE-B123222C10BF}.Debug|x64.ActiveCfg = Debug|Any CPU
		{890AFC51-B541-4D1B-ABCE-B123222C10BF}.Debug|x64.Build.0 = Debug|Any CPU
		{890AFC51-B541-4D1B-ABCE-B123222C10BF}.Debug|x86.ActiveCfg = Debug|Any CPU
		{890AFC51-B541-4D1B-ABCE-B123222C10BF}.Debug|x86.Build.0 = Debug|Any CPU
		{890AFC51-B541-4D1B-ABCE-B123222C10BF}.Release|Any CPU.ActiveCfg = Release|Any CPU
		{890AFC51-B541-4D1B-ABCE-B123222C10BF}.Release|Any CPU.Build.0 = Release|Any CPU
		{890AFC51-B541-4D1B-ABCE-B123222C10BF}.Release|x64.ActiveCfg = Release|Any CPU
		{890AFC51-B541-4D1B-ABCE-B123222C10BF}.Release|x64.Build.0 = Release|Any CPU
		{890AFC51-B541-4D1B-ABCE-B123222C10BF}.Release|x86.ActiveCfg = Release|Any CPU
		{890AFC51-B541-4D1B-ABCE-B123222C10BF}.Release|x86.Build.0 = Release|Any CPU
		{CDB1AB55-2DD4-45A2-8055-BFCABF507E7B}.Debug|Any CPU.ActiveCfg = Debug|Any CPU
		{CDB1AB55-2DD4-45A2-8055-BFCABF507E7B}.Debug|Any CPU.Build.0 = Debug|Any CPU
		{CDB1AB55-2DD4-45A2-8055-BFCABF507E7B}.Debug|x64.ActiveCfg = Debug|Any CPU
		{CDB1AB55-2DD4-45A2-8055-BFCABF507E7B}.Debug|x64.Build.0 = Debug|Any CPU
		{CDB1AB55-2DD4-45A2-8055-BFCABF507E7B}.Debug|x86.ActiveCfg = Debug|Any CPU
		{CDB1AB55-2DD4-45A2-8055-BFCABF507E7B}.Debug|x86.Build.0 = Debug|Any CPU
		{CDB1AB55-2DD4-45A2-8055-BFCABF507E7B}.Release|Any CPU.ActiveCfg = Release|Any CPU
		{CDB1AB55-2DD4-45A2-8055-BFCABF507E7B}.Release|Any CPU.Build.0 = Release|Any CPU
		{CDB1AB55-2DD4-45A2-8055-BFCABF507E7B}.Release|x64.ActiveCfg = Release|Any CPU
		{CDB1AB55-2DD4-45A2-8055-BFCABF507E7B}.Release|x64.Build.0 = Release|Any CPU
		{CDB1AB55-2DD4-45A2-8055-BFCABF507E7B}.Release|x86.ActiveCfg = Release|Any CPU
		{CDB1AB55-2DD4-45A2-8055-BFCABF507E7B}.Release|x86.Build.0 = Release|Any CPU
		{F8BA2955-6887-48FA-91C8-A3260EC4E90C}.Debug|Any CPU.ActiveCfg = Debug|Any CPU
		{F8BA2955-6887-48FA-91C8-A3260EC4E90C}.Debug|Any CPU.Build.0 = Debug|Any CPU
		{F8BA2955-6887-48FA-91C8-A3260EC4E90C}.Debug|x64.ActiveCfg = Debug|Any CPU
		{F8BA2955-6887-48FA-91C8-A3260EC4E90C}.Debug|x64.Build.0 = Debug|Any CPU
		{F8BA2955-6887-48FA-91C8-A3260EC4E90C}.Debug|x86.ActiveCfg = Debug|Any CPU
		{F8BA2955-6887-48FA-91C8-A3260EC4E90C}.Debug|x86.Build.0 = Debug|Any CPU
		{F8BA2955-6887-48FA-91C8-A3260EC4E90C}.Release|Any CPU.ActiveCfg = Release|Any CPU
		{F8BA2955-6887-48FA-91C8-A3260EC4E90C}.Release|Any CPU.Build.0 = Release|Any CPU
		{F8BA2955-6887-48FA-91C8-A3260EC4E90C}.Release|x64.ActiveCfg = Release|Any CPU
		{F8BA2955-6887-48FA-91C8-A3260EC4E90C}.Release|x64.Build.0 = Release|Any CPU
		{F8BA2955-6887-48FA-91C8-A3260EC4E90C}.Release|x86.ActiveCfg = Release|Any CPU
		{F8BA2955-6887-48FA-91C8-A3260EC4E90C}.Release|x86.Build.0 = Release|Any CPU
		{1BAD6339-2E6F-4A60-BEE3-D32CAEBDFA02}.Debug|Any CPU.ActiveCfg = Debug|Any CPU
		{1BAD6339-2E6F-4A60-BEE3-D32CAEBDFA02}.Debug|Any CPU.Build.0 = Debug|Any CPU
		{1BAD6339-2E6F-4A60-BEE3-D32CAEBDFA02}.Debug|x64.ActiveCfg = Debug|Any CPU
		{1BAD6339-2E6F-4A60-BEE3-D32CAEBDFA02}.Debug|x64.Build.0 = Debug|Any CPU
		{1BAD6339-2E6F-4A60-BEE3-D32CAEBDFA02}.Debug|x86.ActiveCfg = Debug|Any CPU
		{1BAD6339-2E6F-4A60-BEE3-D32CAEBDFA02}.Debug|x86.Build.0 = Debug|Any CPU
		{1BAD6339-2E6F-4A60-BEE3-D32CAEBDFA02}.Release|Any CPU.ActiveCfg = Release|Any CPU
		{1BAD6339-2E6F-4A60-BEE3-D32CAEBDFA02}.Release|Any CPU.Build.0 = Release|Any CPU
		{1BAD6339-2E6F-4A60-BEE3-D32CAEBDFA02}.Release|x64.ActiveCfg = Release|Any CPU
		{1BAD6339-2E6F-4A60-BEE3-D32CAEBDFA02}.Release|x64.Build.0 = Release|Any CPU
		{1BAD6339-2E6F-4A60-BEE3-D32CAEBDFA02}.Release|x86.ActiveCfg = Release|Any CPU
		{1BAD6339-2E6F-4A60-BEE3-D32CAEBDFA02}.Release|x86.Build.0 = Release|Any CPU
		{C6E666FF-0E69-4105-88D0-C3F54B40078F}.Debug|Any CPU.ActiveCfg = Debug|Any CPU
		{C6E666FF-0E69-4105-88D0-C3F54B40078F}.Debug|Any CPU.Build.0 = Debug|Any CPU
		{C6E666FF-0E69-4105-88D0-C3F54B40078F}.Debug|x64.ActiveCfg = Debug|Any CPU
		{C6E666FF-0E69-4105-88D0-C3F54B40078F}.Debug|x64.Build.0 = Debug|Any CPU
		{C6E666FF-0E69-4105-88D0-C3F54B40078F}.Debug|x86.ActiveCfg = Debug|Any CPU
		{C6E666FF-0E69-4105-88D0-C3F54B40078F}.Debug|x86.Build.0 = Debug|Any CPU
		{C6E666FF-0E69-4105-88D0-C3F54B40078F}.Release|Any CPU.ActiveCfg = Release|Any CPU
		{C6E666FF-0E69-4105-88D0-C3F54B40078F}.Release|Any CPU.Build.0 = Release|Any CPU
		{C6E666FF-0E69-4105-88D0-C3F54B40078F}.Release|x64.ActiveCfg = Release|Any CPU
		{C6E666FF-0E69-4105-88D0-C3F54B40078F}.Release|x64.Build.0 = Release|Any CPU
		{C6E666FF-0E69-4105-88D0-C3F54B40078F}.Release|x86.ActiveCfg = Release|Any CPU
		{C6E666FF-0E69-4105-88D0-C3F54B40078F}.Release|x86.Build.0 = Release|Any CPU
		{4B5FE434-C659-42E2-BA5A-FB0E32B8243A}.Debug|Any CPU.ActiveCfg = Debug|Any CPU
		{4B5FE434-C659-42E2-BA5A-FB0E32B8243A}.Debug|Any CPU.Build.0 = Debug|Any CPU
		{4B5FE434-C659-42E2-BA5A-FB0E32B8243A}.Debug|x64.ActiveCfg = Debug|Any CPU
		{4B5FE434-C659-42E2-BA5A-FB0E32B8243A}.Debug|x64.Build.0 = Debug|Any CPU
		{4B5FE434-C659-42E2-BA5A-FB0E32B8243A}.Debug|x86.ActiveCfg = Debug|Any CPU
		{4B5FE434-C659-42E2-BA5A-FB0E32B8243A}.Debug|x86.Build.0 = Debug|Any CPU
		{4B5FE434-C659-42E2-BA5A-FB0E32B8243A}.Release|Any CPU.ActiveCfg = Release|Any CPU
		{4B5FE434-C659-42E2-BA5A-FB0E32B8243A}.Release|Any CPU.Build.0 = Release|Any CPU
		{4B5FE434-C659-42E2-BA5A-FB0E32B8243A}.Release|x64.ActiveCfg = Release|Any CPU
		{4B5FE434-C659-42E2-BA5A-FB0E32B8243A}.Release|x64.Build.0 = Release|Any CPU
		{4B5FE434-C659-42E2-BA5A-FB0E32B8243A}.Release|x86.ActiveCfg = Release|Any CPU
		{4B5FE434-C659-42E2-BA5A-FB0E32B8243A}.Release|x86.Build.0 = Release|Any CPU
		{A54DB0D7-3293-456B-8E47-0CF778B6FA17}.Debug|Any CPU.ActiveCfg = Debug|Any CPU
		{A54DB0D7-3293-456B-8E47-0CF778B6FA17}.Debug|Any CPU.Build.0 = Debug|Any CPU
		{A54DB0D7-3293-456B-8E47-0CF778B6FA17}.Debug|x64.ActiveCfg = Debug|Any CPU
		{A54DB0D7-3293-456B-8E47-0CF778B6FA17}.Debug|x64.Build.0 = Debug|Any CPU
		{A54DB0D7-3293-456B-8E47-0CF778B6FA17}.Debug|x86.ActiveCfg = Debug|Any CPU
		{A54DB0D7-3293-456B-8E47-0CF778B6FA17}.Debug|x86.Build.0 = Debug|Any CPU
		{A54DB0D7-3293-456B-8E47-0CF778B6FA17}.Release|Any CPU.ActiveCfg = Release|Any CPU
		{A54DB0D7-3293-456B-8E47-0CF778B6FA17}.Release|Any CPU.Build.0 = Release|Any CPU
		{A54DB0D7-3293-456B-8E47-0CF778B6FA17}.Release|x64.ActiveCfg = Release|Any CPU
		{A54DB0D7-3293-456B-8E47-0CF778B6FA17}.Release|x64.Build.0 = Release|Any CPU
		{A54DB0D7-3293-456B-8E47-0CF778B6FA17}.Release|x86.ActiveCfg = Release|Any CPU
		{A54DB0D7-3293-456B-8E47-0CF778B6FA17}.Release|x86.Build.0 = Release|Any CPU
		{A29637B3-277F-4080-90B2-813A1A3C923C}.Debug|Any CPU.ActiveCfg = Debug|Any CPU
		{A29637B3-277F-4080-90B2-813A1A3C923C}.Debug|Any CPU.Build.0 = Debug|Any CPU
		{A29637B3-277F-4080-90B2-813A1A3C923C}.Debug|x64.ActiveCfg = Debug|Any CPU
		{A29637B3-277F-4080-90B2-813A1A3C923C}.Debug|x64.Build.0 = Debug|Any CPU
		{A29637B3-277F-4080-90B2-813A1A3C923C}.Debug|x86.ActiveCfg = Debug|Any CPU
		{A29637B3-277F-4080-90B2-813A1A3C923C}.Debug|x86.Build.0 = Debug|Any CPU
		{A29637B3-277F-4080-90B2-813A1A3C923C}.Release|Any CPU.ActiveCfg = Release|Any CPU
		{A29637B3-277F-4080-90B2-813A1A3C923C}.Release|Any CPU.Build.0 = Release|Any CPU
		{A29637B3-277F-4080-90B2-813A1A3C923C}.Release|x64.ActiveCfg = Release|Any CPU
		{A29637B3-277F-4080-90B2-813A1A3C923C}.Release|x64.Build.0 = Release|Any CPU
		{A29637B3-277F-4080-90B2-813A1A3C923C}.Release|x86.ActiveCfg = Release|Any CPU
		{A29637B3-277F-4080-90B2-813A1A3C923C}.Release|x86.Build.0 = Release|Any CPU
		{32A67864-CEC5-45D5-B3CB-D2486571DDBF}.Debug|Any CPU.ActiveCfg = Debug|Any CPU
		{32A67864-CEC5-45D5-B3CB-D2486571DDBF}.Debug|Any CPU.Build.0 = Debug|Any CPU
		{32A67864-CEC5-45D5-B3CB-D2486571DDBF}.Debug|x64.ActiveCfg = Debug|Any CPU
		{32A67864-CEC5-45D5-B3CB-D2486571DDBF}.Debug|x64.Build.0 = Debug|Any CPU
		{32A67864-CEC5-45D5-B3CB-D2486571DDBF}.Debug|x86.ActiveCfg = Debug|Any CPU
		{32A67864-CEC5-45D5-B3CB-D2486571DDBF}.Debug|x86.Build.0 = Debug|Any CPU
		{32A67864-CEC5-45D5-B3CB-D2486571DDBF}.Release|Any CPU.ActiveCfg = Release|Any CPU
		{32A67864-CEC5-45D5-B3CB-D2486571DDBF}.Release|Any CPU.Build.0 = Release|Any CPU
		{32A67864-CEC5-45D5-B3CB-D2486571DDBF}.Release|x64.ActiveCfg = Release|Any CPU
		{32A67864-CEC5-45D5-B3CB-D2486571DDBF}.Release|x64.Build.0 = Release|Any CPU
		{32A67864-CEC5-45D5-B3CB-D2486571DDBF}.Release|x86.ActiveCfg = Release|Any CPU
		{32A67864-CEC5-45D5-B3CB-D2486571DDBF}.Release|x86.Build.0 = Release|Any CPU
		{CE08B881-11D0-4050-92AC-AFF482E6ADD5}.Debug|Any CPU.ActiveCfg = Debug|Any CPU
		{CE08B881-11D0-4050-92AC-AFF482E6ADD5}.Debug|Any CPU.Build.0 = Debug|Any CPU
		{CE08B881-11D0-4050-92AC-AFF482E6ADD5}.Debug|x64.ActiveCfg = Debug|Any CPU
		{CE08B881-11D0-4050-92AC-AFF482E6ADD5}.Debug|x64.Build.0 = Debug|Any CPU
		{CE08B881-11D0-4050-92AC-AFF482E6ADD5}.Debug|x86.ActiveCfg = Debug|Any CPU
		{CE08B881-11D0-4050-92AC-AFF482E6ADD5}.Debug|x86.Build.0 = Debug|Any CPU
		{CE08B881-11D0-4050-92AC-AFF482E6ADD5}.Release|Any CPU.ActiveCfg = Release|Any CPU
		{CE08B881-11D0-4050-92AC-AFF482E6ADD5}.Release|Any CPU.Build.0 = Release|Any CPU
		{CE08B881-11D0-4050-92AC-AFF482E6ADD5}.Release|x64.ActiveCfg = Release|Any CPU
		{CE08B881-11D0-4050-92AC-AFF482E6ADD5}.Release|x64.Build.0 = Release|Any CPU
		{CE08B881-11D0-4050-92AC-AFF482E6ADD5}.Release|x86.ActiveCfg = Release|Any CPU
		{CE08B881-11D0-4050-92AC-AFF482E6ADD5}.Release|x86.Build.0 = Release|Any CPU
	EndGlobalSection
EndGlobal
